<?xml version="1.0" encoding="utf-8"?>
<Project ToolsVersion="4.0" xmlns="http://schemas.microsoft.com/developer/msbuild/2003">
  <ItemGroup>
    <Filter Include="Header Files">
      <UniqueIdentifier>{93995380-89BD-4b04-88EB-625FBE52EBFB}</UniqueIdentifier>
      <Extensions>h;hpp;hxx;hm;inl;inc;xsd</Extensions>
    </Filter>
    <Filter Include="Source Files">
      <UniqueIdentifier>{4FC737F1-C7A5-4376-A066-2A32D752A2FF}</UniqueIdentifier>
      <Extensions>cpp;c;cc;cxx;def;odl;idl;hpj;bat;asm;asmx</Extensions>
    </Filter>
    <Filter Include="Header Files\core">
      <UniqueIdentifier>{e746ece6-180e-40a2-bf0d-748e6668f034}</UniqueIdentifier>
    </Filter>
    <Filter Include="Resource Files">
      <UniqueIdentifier>{f907c242-1474-4cbb-bb17-01853aa98163}</UniqueIdentifier>
    </Filter>
  </ItemGroup>
  <ItemGroup>
    <ClInclude Include="DefaultObjectFactory.h">
      <Filter>Header Files</Filter>
    </ClInclude>
    <ClInclude Include="ObjectFactoryManager.h">
      <Filter>Header Files</Filter>
    </ClInclude>
    <ClInclude Include="OutputSubPort.h">
      <Filter>Header Files</Filter>
    </ClInclude>
    <ClInclude Include="Property.h">
      <Filter>Header Files</Filter>
    </ClInclude>
    <ClInclude Include="SplitterPS.h">
      <Filter>Header Files</Filter>
    </ClInclude>
    <ClInclude Include="SubSchemePS.h">
      <Filter>Header Files</Filter>
    </ClInclude>
    <ClInclude Include="SystemInPS.h">
      <Filter>Header Files</Filter>
    </ClInclude>
    <ClInclude Include="SystemOutPS.h">
      <Filter>Header Files</Filter>
    </ClInclude>
    <ClInclude Include="StopPS.h">
      <Filter>Header Files</Filter>
    </ClInclude>
    <ClInclude Include="WritePropertyPS.h">
      <Filter>Header Files</Filter>
    </ClInclude>
    <ClInclude Include="ReadPropertyPS.h">
      <Filter>Header Files</Filter>
    </ClInclude>
    <ClInclude Include="PropertySignal.h">
      <Filter>Header Files</Filter>
    </ClInclude>
    <ClInclude Include="..\..\include\mps\core\Api.h">
      <Filter>Header Files\core</Filter>
    </ClInclude>
    <ClInclude Include="..\..\include\mps\core\ApiDef.h">
      <Filter>Header Files\core</Filter>
    </ClInclude>
    <ClInclude Include="..\..\include\mps\core\CircularBuffer.h">
      <Filter>Header Files\core</Filter>
    </ClInclude>
    <ClInclude Include="..\..\include\mps\core\FactorOffsetSignalScaling.h">
      <Filter>Header Files\core</Filter>
    </ClInclude>
    <ClInclude Include="..\..\include\mps\core\FiFoSynchSourcePS.h">
      <Filter>Header Files\core</Filter>
    </ClInclude>
    <ClInclude Include="..\..\include\mps\core\Message.h">
      <Filter>Header Files\core</Filter>
    </ClInclude>
    <ClInclude Include="..\..\include\mps\core\MessageListener.h">
      <Filter>Header Files\core</Filter>
    </ClInclude>
    <ClInclude Include="..\..\include\mps\core\Object.h">
      <Filter>Header Files\core</Filter>
    </ClInclude>
    <ClInclude Include="..\..\include\mps\core\ObjectFactory.h">
      <Filter>Header Files\core</Filter>
    </ClInclude>
    <ClInclude Include="..\..\include\mps\core\ObjectVector.h">
      <Filter>Header Files\core</Filter>
    </ClInclude>
    <ClInclude Include="..\..\include\mps\core\Port.h">
      <Filter>Header Files\core</Filter>
    </ClInclude>
    <ClInclude Include="..\..\include\mps\core\ProcessStation.h">
      <Filter>Header Files\core</Filter>
    </ClInclude>
    <ClInclude Include="..\..\include\mps\core\RecordBuilder.h">
      <Filter>Header Files\core</Filter>
    </ClInclude>
    <ClInclude Include="..\..\include\mps\core\RuntimeEngine.h">
      <Filter>Header Files\core</Filter>
    </ClInclude>
    <ClInclude Include="..\..\include\mps\core\Signal.h">
      <Filter>Header Files\core</Filter>
    </ClInclude>
    <ClInclude Include="..\..\include\mps\core\SignalDataType.h">
      <Filter>Header Files\core</Filter>
    </ClInclude>
    <ClInclude Include="..\..\include\mps\core\SignalList.h">
      <Filter>Header Files\core</Filter>
    </ClInclude>
    <ClInclude Include="..\..\include\mps\core\SignalScaling.h">
      <Filter>Header Files\core</Filter>
    </ClInclude>
    <ClInclude Include="..\..\include\mps\core\SourceDescription.h">
      <Filter>Header Files\core</Filter>
    </ClInclude>
    <ClInclude Include="..\..\include\mps\core\Sources.h">
      <Filter>Header Files\core</Filter>
    </ClInclude>
    <ClInclude Include="..\..\include\mps\core\SynchSourcePS.h">
      <Filter>Header Files\core</Filter>
    </ClInclude>
    <ClInclude Include="..\..\include\mps\core\Translator.h">
      <Filter>Header Files\core</Filter>
    </ClInclude>
    <ClInclude Include="..\..\include\mps\core\TriggerPort.h">
      <Filter>Header Files\core</Filter>
    </ClInclude>
  </ItemGroup>
  <ItemGroup>
    <ClCompile Include="CircularBuffer.cpp">
      <Filter>Source Files</Filter>
    </ClCompile>
    <ClCompile Include="DefaultObjectFactory.cpp">
      <Filter>Source Files</Filter>
    </ClCompile>
    <ClCompile Include="FactorOffsetSignalScaling.cpp">
      <Filter>Source Files</Filter>
    </ClCompile>
    <ClCompile Include="Message.cpp">
      <Filter>Source Files</Filter>
    </ClCompile>
    <ClCompile Include="ObjectFactoryManager.cpp">
      <Filter>Source Files</Filter>
    </ClCompile>
    <ClCompile Include="OutputSubPort.cpp">
      <Filter>Source Files</Filter>
    </ClCompile>
    <ClCompile Include="Port.cpp">
      <Filter>Source Files</Filter>
    </ClCompile>
    <ClCompile Include="ProcessStation.cpp">
      <Filter>Source Files</Filter>
    </ClCompile>
    <ClCompile Include="Property.cpp">
      <Filter>Source Files</Filter>
    </ClCompile>
    <ClCompile Include="RuntimeEngine.cpp">
      <Filter>Source Files</Filter>
    </ClCompile>
    <ClCompile Include="Signal.cpp">
      <Filter>Source Files</Filter>
    </ClCompile>
    <ClCompile Include="SignalList.cpp">
      <Filter>Source Files</Filter>
    </ClCompile>
    <ClCompile Include="SignalScaling.cpp">
      <Filter>Source Files</Filter>
    </ClCompile>
    <ClCompile Include="SourceDescription.cpp">
      <Filter>Source Files</Filter>
    </ClCompile>
    <ClCompile Include="SplitterPS.cpp">
      <Filter>Source Files</Filter>
    </ClCompile>
    <ClCompile Include="SubSchemePS.cpp">
      <Filter>Source Files</Filter>
    </ClCompile>
    <ClCompile Include="SynchSourcePS.cpp">
      <Filter>Source Files</Filter>
    </ClCompile>
    <ClCompile Include="SystemInPS.cpp">
      <Filter>Source Files</Filter>
    </ClCompile>
    <ClCompile Include="SystemOutPS.cpp">
      <Filter>Source Files</Filter>
    </ClCompile>
    <ClCompile Include="Translator.cpp">
      <Filter>Source Files</Filter>
    </ClCompile>
    <ClCompile Include="TriggerPort.cpp">
      <Filter>Source Files</Filter>
    </ClCompile>
    <ClCompile Include="RecordBuilder.cpp">
      <Filter>Source Files</Filter>
    </ClCompile>
    <ClCompile Include="FiFoSynchSourcePS.cpp">
      <Filter>Source Files</Filter>
    </ClCompile>
    <ClCompile Include="StopPS.cpp">
      <Filter>Source Files</Filter>
    </ClCompile>
    <ClCompile Include="WritePropertyPS.cpp">
      <Filter>Source Files</Filter>
    </ClCompile>
    <ClCompile Include="ReadPropertyPS.cpp">
      <Filter>Source Files</Filter>
    </ClCompile>
    <ClCompile Include="PropertySignal.cpp">
      <Filter>Source Files</Filter>
    </ClCompile>
  </ItemGroup>
  <ItemGroup>
    <None Include="Jamfile" />
    <None Include="mps-core.de-DE.mres">
      <Filter>Resource Files</Filter>
    </None>
    <None Include="mps-core.en-US.mres">
      <Filter>Resource Files</Filter>
    </None>
  </ItemGroup>
</Project>