<?xml version="1.0" encoding="utf-8"?>
<Project ToolsVersion="4.0" xmlns="http://schemas.microsoft.com/developer/msbuild/2003">
  <ItemGroup>
    <Filter Include="Source Files">
      <UniqueIdentifier>{4FC737F1-C7A5-4376-A066-2A32D752A2FF}</UniqueIdentifier>
      <Extensions>cpp;c;cc;cxx;def;odl;idl;hpj;bat;asm;asmx</Extensions>
    </Filter>
    <Filter Include="Header Files">
      <UniqueIdentifier>{93995380-89BD-4b04-88EB-625FBE52EBFB}</UniqueIdentifier>
      <Extensions>h;hpp;hxx;hm;inl;inc;xsd</Extensions>
    </Filter>
    <Filter Include="Resource Files">
      <UniqueIdentifier>{d22e685c-feef-445d-b083-3c13dbe9c016}</UniqueIdentifier>
    </Filter>
  </ItemGroup>
  <ItemGroup>
    <None Include="Jamfile" />
    <None Include="mps-gps.en-US.mres">
      <Filter>Resource Files</Filter>
    </None>
    <None Include="mps-gps.de-DE.mres">
      <Filter>Resource Files</Filter>
    </None>
  </ItemGroup>
  <ItemGroup>
    <ClInclude Include="GpsPS.h">
      <Filter>Header Files</Filter>
    </ClInclude>
    <ClInclude Include="GpsSignal.h">
      <Filter>Header Files</Filter>
    </ClInclude>
    <ClInclude Include="mps-gps.h">
      <Filter>Header Files</Filter>
    </ClInclude>
    <ClInclude Include="NMEAParser.h">
      <Filter>Header Files</Filter>
    </ClInclude>
    <ClInclude Include="GpsObjectFactory.h">
      <Filter>Header Files</Filter>
    </ClInclude>
  </ItemGroup>
  <ItemGroup>
    <ClCompile Include="GpsPS.cpp">
      <Filter>Source Files</Filter>
    </ClCompile>
    <ClCompile Include="GpsSignal.cpp">
      <Filter>Source Files</Filter>
    </ClCompile>
    <ClCompile Include="NMEAParser.cpp">
      <Filter>Source Files</Filter>
    </ClCompile>
    <ClCompile Include="GpsObjectFactory.cpp">
      <Filter>Source Files</Filter>
    </ClCompile>
  </ItemGroup>
</Project>