<?xml version="1.0" encoding="utf-8"?>
<Project ToolsVersion="4.0" xmlns="http://schemas.microsoft.com/developer/msbuild/2003">
  <ItemGroup>
    <Filter Include="Source Files">
      <UniqueIdentifier>{4FC737F1-C7A5-4376-A066-2A32D752A2FF}</UniqueIdentifier>
      <Extensions>cpp;c;cc;cxx;def;odl;idl;hpj;bat;asm;asmx</Extensions>
    </Filter>
    <Filter Include="Header Files">
      <UniqueIdentifier>{93995380-89BD-4b04-88EB-625FBE52EBFB}</UniqueIdentifier>
      <Extensions>h;hpp;hxx;hm;inl;inc;xsd</Extensions>
    </Filter>
    <Filter Include="Resource Files">
      <UniqueIdentifier>{81f765c7-68c9-4118-be53-98e6e2303f43}</UniqueIdentifier>
    </Filter>
  </ItemGroup>
  <ItemGroup>
    <None Include="Jamfile" />
  </ItemGroup>
  <ItemGroup>
    <ClInclude Include="mps-controller.h">
      <Filter>Header Files</Filter>
    </ClInclude>
    <ClInclude Include="ControllerObjectFactory.h">
      <Filter>Header Files</Filter>
    </ClInclude>
    <ClInclude Include="ControllerSignal.h">
      <Filter>Header Files</Filter>
    </ClInclude>
    <ClInclude Include="TwoPointControllerPS.h">
      <Filter>Header Files</Filter>
    </ClInclude>
    <ClInclude Include="ThreeStepControllerPS.h">
      <Filter>Header Files</Filter>
    </ClInclude>
    <ClInclude Include="PIDControllerPS.h">
      <Filter>Header Files</Filter>
    </ClInclude>
    <ClInclude Include="FuzzyControllerPS.h">
      <Filter>Header Files</Filter>
    </ClInclude>
    <ClInclude Include="LinguisticVar.h">
      <Filter>Header Files</Filter>
    </ClInclude>
    <ClInclude Include="FuzzyRule.h">
      <Filter>Header Files</Filter>
    </ClInclude>
    <ClInclude Include="FuzzyOperation.h">
      <Filter>Header Files</Filter>
    </ClInclude>
    <ClInclude Include="FuzzyControllerSignal.h">
      <Filter>Header Files</Filter>
    </ClInclude>
  </ItemGroup>
  <ItemGroup>
    <ClCompile Include="mps-controller.cpp">
      <Filter>Source Files</Filter>
    </ClCompile>
    <ClCompile Include="ControllerObjectFactory.cpp">
      <Filter>Source Files</Filter>
    </ClCompile>
    <ClCompile Include="ControllerSignal.cpp">
      <Filter>Source Files</Filter>
    </ClCompile>
    <ClCompile Include="TwoPointControllerPS.cpp">
      <Filter>Source Files</Filter>
    </ClCompile>
    <ClCompile Include="ThreeStepControllerPS.cpp">
      <Filter>Source Files</Filter>
    </ClCompile>
    <ClCompile Include="PIDControllerPS.cpp">
      <Filter>Source Files</Filter>
    </ClCompile>
    <ClCompile Include="FuzzyControllerPS.cpp">
      <Filter>Source Files</Filter>
    </ClCompile>
    <ClCompile Include="LinguisticVar.cpp">
      <Filter>Source Files</Filter>
    </ClCompile>
    <ClCompile Include="FuzzyRule.cpp">
      <Filter>Source Files</Filter>
    </ClCompile>
    <ClCompile Include="FuzzyOperation.cpp">
      <Filter>Source Files</Filter>
    </ClCompile>
    <ClCompile Include="FuzzyControllerSignal.cpp">
      <Filter>Source Files</Filter>
    </ClCompile>
  </ItemGroup>
</Project>