<?xml version="1.0" encoding="utf-8"?>
<Project ToolsVersion="4.0" xmlns="http://schemas.microsoft.com/developer/msbuild/2003">
  <ItemGroup>
    <Filter Include="Source Files">
      <UniqueIdentifier>{4FC737F1-C7A5-4376-A066-2A32D752A2FF}</UniqueIdentifier>
      <Extensions>cpp;c;cc;cxx;def;odl;idl;hpj;bat;asm;asmx</Extensions>
    </Filter>
    <Filter Include="Header Files">
      <UniqueIdentifier>{93995380-89BD-4b04-88EB-625FBE52EBFB}</UniqueIdentifier>
      <Extensions>h;hpp;hxx;hm;inl;inc;xsd</Extensions>
    </Filter>
    <Filter Include="Resource Files">
      <UniqueIdentifier>{d529b51b-b851-492e-8cdf-a72b7d6820b7}</UniqueIdentifier>
    </Filter>
  </ItemGroup>
  <ItemGroup>
    <None Include="Jamfile" />
  </ItemGroup>
  <ItemGroup>
    <ClCompile Include="mps-calculation.cpp">
      <Filter>Source Files</Filter>
    </ClCompile>
    <ClCompile Include="CalculationObjectFactory.cpp">
      <Filter>Source Files</Filter>
    </ClCompile>
    <ClCompile Include="ScalingPS.cpp">
      <Filter>Source Files</Filter>
    </ClCompile>
    <ClCompile Include="CalcScaling.cpp">
      <Filter>Source Files</Filter>
    </ClCompile>
    <ClCompile Include="MovingMeanSignal.cpp">
      <Filter>Source Files</Filter>
    </ClCompile>
    <ClCompile Include="MovingMeanPS.cpp">
      <Filter>Source Files</Filter>
    </ClCompile>
    <ClCompile Include="MeanNPS.cpp">
      <Filter>Source Files</Filter>
    </ClCompile>
    <ClCompile Include="ElectricitySignal.cpp">
      <Filter>Source Files</Filter>
    </ClCompile>
    <ClCompile Include="ElectricityPS.cpp">
      <Filter>Source Files</Filter>
    </ClCompile>
    <ClCompile Include="SampleRatePS.cpp">
      <Filter>Source Files</Filter>
    </ClCompile>
    <ClCompile Include="SampleRateSignal.cpp">
      <Filter>Source Files</Filter>
    </ClCompile>
    <ClCompile Include="MultiplexerPS.cpp">
      <Filter>Source Files</Filter>
    </ClCompile>
    <ClCompile Include="DemuxPS.cpp">
      <Filter>Source Files</Filter>
    </ClCompile>
    <ClCompile Include="DemuxSignal.cpp">
      <Filter>Source Files</Filter>
    </ClCompile>
    <ClCompile Include="BitExtractionPS.cpp">
      <Filter>Source Files</Filter>
    </ClCompile>
    <ClCompile Include="BitExtractionSignal.cpp">
      <Filter>Source Files</Filter>
    </ClCompile>
    <ClCompile Include="BitGroupingPS.cpp">
      <Filter>Source Files</Filter>
    </ClCompile>
    <ClCompile Include="BitGroupingSignal.cpp">
      <Filter>Source Files</Filter>
    </ClCompile>
    <ClCompile Include="SignalDelayPS.cpp">
      <Filter>Source Files</Filter>
    </ClCompile>
    <ClCompile Include="DelaySignal.cpp">
      <Filter>Source Files</Filter>
    </ClCompile>
    <ClCompile Include="ConvertPS.cpp">
      <Filter>Source Files</Filter>
    </ClCompile>
    <ClCompile Include="ConvertSignal.cpp">
      <Filter>Source Files</Filter>
    </ClCompile>
  </ItemGroup>
  <ItemGroup>
    <ClInclude Include="mps-calculation.h">
      <Filter>Header Files</Filter>
    </ClInclude>
    <ClInclude Include="CalculationObjectFactory.h">
      <Filter>Header Files</Filter>
    </ClInclude>
    <ClInclude Include="ScalingPS.h">
      <Filter>Header Files</Filter>
    </ClInclude>
    <ClInclude Include="CalcScaling.h">
      <Filter>Header Files</Filter>
    </ClInclude>
    <ClInclude Include="MovingMeanSignal.h">
      <Filter>Header Files</Filter>
    </ClInclude>
    <ClInclude Include="MovingMeanPS.h">
      <Filter>Header Files</Filter>
    </ClInclude>
    <ClInclude Include="MeanNPS.h">
      <Filter>Header Files</Filter>
    </ClInclude>
    <ClInclude Include="ElectricitySignal.h">
      <Filter>Header Files</Filter>
    </ClInclude>
    <ClInclude Include="ElectricityPS.h">
      <Filter>Header Files</Filter>
    </ClInclude>
    <ClInclude Include="SampleRateSignal.h">
      <Filter>Header Files</Filter>
    </ClInclude>
    <ClInclude Include="SampleRatePS.h">
      <Filter>Header Files</Filter>
    </ClInclude>
    <ClInclude Include="MultiplexerPS.h">
      <Filter>Header Files</Filter>
    </ClInclude>
    <ClInclude Include="DemuxPS.h">
      <Filter>Header Files</Filter>
    </ClInclude>
    <ClInclude Include="DemuxSignal.h">
      <Filter>Header Files</Filter>
    </ClInclude>
    <ClInclude Include="BitExtractionSignal.h">
      <Filter>Header Files</Filter>
    </ClInclude>
    <ClInclude Include="BitExtractionPS.h">
      <Filter>Header Files</Filter>
    </ClInclude>
    <ClInclude Include="BitGroupingSignal.h">
      <Filter>Header Files</Filter>
    </ClInclude>
    <ClInclude Include="BitGroupingPS.h">
      <Filter>Header Files</Filter>
    </ClInclude>
    <ClInclude Include="SignalDelayPS.h">
      <Filter>Header Files</Filter>
    </ClInclude>
    <ClInclude Include="DelaySignal.h">
      <Filter>Header Files</Filter>
    </ClInclude>
    <ClInclude Include="ConvertPS.h">
      <Filter>Header Files</Filter>
    </ClInclude>
    <ClInclude Include="ConvertSignal.h">
      <Filter>Header Files</Filter>
    </ClInclude>
  </ItemGroup>
</Project>