<?xml version="1.0" encoding="utf-8"?>
<Project ToolsVersion="4.0" xmlns="http://schemas.microsoft.com/developer/msbuild/2003">
  <ItemGroup>
    <Filter Include="Source Files">
      <UniqueIdentifier>{4FC737F1-C7A5-4376-A066-2A32D752A2FF}</UniqueIdentifier>
      <Extensions>cpp;c;cc;cxx;def;odl;idl;hpj;bat;asm;asmx</Extensions>
    </Filter>
    <Filter Include="Header Files">
      <UniqueIdentifier>{93995380-89BD-4b04-88EB-625FBE52EBFB}</UniqueIdentifier>
      <Extensions>h;hpp;hxx;hm;inl;inc;xsd</Extensions>
    </Filter>
    <Filter Include="Resource Files">
      <UniqueIdentifier>{cebb8d99-80eb-411c-bed4-22818551c853}</UniqueIdentifier>
    </Filter>
  </ItemGroup>
  <ItemGroup>
    <ClInclude Include="DataStoragePS.h">
      <Filter>Header Files</Filter>
    </ClInclude>
    <ClInclude Include="ReadDataPS.h">
      <Filter>Header Files</Filter>
    </ClInclude>
    <ClInclude Include="StorageGroup.h">
      <Filter>Header Files</Filter>
    </ClInclude>
    <ClInclude Include="mps-storage.h">
      <Filter>Header Files</Filter>
    </ClInclude>
    <ClInclude Include="StorageObjectFactory.h">
      <Filter>Header Files</Filter>
    </ClInclude>
  </ItemGroup>
  <ItemGroup>
    <ClCompile Include="DataStoragePS.cpp">
      <Filter>Source Files</Filter>
    </ClCompile>
    <ClCompile Include="ReadDataPS.cpp">
      <Filter>Source Files</Filter>
    </ClCompile>
    <ClCompile Include="StorageGroup.cpp">
      <Filter>Source Files</Filter>
    </ClCompile>
    <ClCompile Include="StorageObjectFactory.cpp">
      <Filter>Source Files</Filter>
    </ClCompile>
  </ItemGroup>
  <ItemGroup>
    <None Include="Jamfile" />
    <None Include="mps-storage.de-DE.mres">
      <Filter>Resource Files</Filter>
    </None>
    <None Include="mps-storage.en-US.mres">
      <Filter>Resource Files</Filter>
    </None>
  </ItemGroup>
</Project>