<?xml version="1.0" encoding="utf-8"?>
<Project ToolsVersion="4.0" xmlns="http://schemas.microsoft.com/developer/msbuild/2003">
  <ItemGroup>
    <Filter Include="Source Files">
      <UniqueIdentifier>{4FC737F1-C7A5-4376-A066-2A32D752A2FF}</UniqueIdentifier>
      <Extensions>cpp;c;cc;cxx;def;odl;idl;hpj;bat;asm;asmx</Extensions>
    </Filter>
    <Filter Include="Header Files">
      <UniqueIdentifier>{93995380-89BD-4b04-88EB-625FBE52EBFB}</UniqueIdentifier>
      <Extensions>h;hpp;hxx;hm;inl;inc;xsd</Extensions>
    </Filter>
    <Filter Include="Source Files\posix">
      <UniqueIdentifier>{dff5f73b-df3d-47b2-a248-255bae092168}</UniqueIdentifier>
    </Filter>
    <Filter Include="Source Files\win32">
      <UniqueIdentifier>{91b763e6-ddf0-46e1-b58c-f4a1882b9844}</UniqueIdentifier>
    </Filter>
    <Filter Include="Header Files\win32">
      <UniqueIdentifier>{a0326e59-3bf4-4b44-93da-00237782b7a2}</UniqueIdentifier>
    </Filter>
    <Filter Include="Header Files\posix">
      <UniqueIdentifier>{0550a5d3-18ac-4fb2-b7fc-9fe3204a406a}</UniqueIdentifier>
    </Filter>
    <Filter Include="Resource Files">
      <UniqueIdentifier>{3a0fcbf8-2a7c-42c2-9dab-b5af09b8e731}</UniqueIdentifier>
    </Filter>
  </ItemGroup>
  <ItemGroup>
    <ClCompile Include="EventFactory.cpp">
      <Filter>Source Files</Filter>
    </ClCompile>
    <ClCompile Include="EventPS.cpp">
      <Filter>Source Files</Filter>
    </ClCompile>
    <ClCompile Include="mps-event.cpp">
      <Filter>Source Files</Filter>
    </ClCompile>
    <ClCompile Include="RtEvent.cpp">
      <Filter>Source Files</Filter>
    </ClCompile>
    <ClCompile Include="win32\SystemOutput.cpp">
      <Filter>Source Files\win32</Filter>
    </ClCompile>
    <ClCompile Include="posix\SystemOutput.cpp">
      <Filter>Source Files\posix</Filter>
    </ClCompile>
    <ClCompile Include="SignalControlPS.cpp">
      <Filter>Source Files</Filter>
    </ClCompile>
    <ClCompile Include="ControlSignal.cpp">
      <Filter>Source Files</Filter>
    </ClCompile>
  </ItemGroup>
  <ItemGroup>
    <ClInclude Include="EventFactory.h">
      <Filter>Header Files</Filter>
    </ClInclude>
    <ClInclude Include="EventPS.h">
      <Filter>Header Files</Filter>
    </ClInclude>
    <ClInclude Include="mps-event.h">
      <Filter>Header Files</Filter>
    </ClInclude>
    <ClInclude Include="RtEvent.h">
      <Filter>Header Files</Filter>
    </ClInclude>
    <ClInclude Include="win32\SystemOutput.h">
      <Filter>Header Files\win32</Filter>
    </ClInclude>
    <ClInclude Include="posix\SystemOutput.h">
      <Filter>Header Files\posix</Filter>
    </ClInclude>
    <ClInclude Include="SignalControlPS.h">
      <Filter>Header Files</Filter>
    </ClInclude>
    <ClInclude Include="ControlSignal.h">
      <Filter>Header Files</Filter>
    </ClInclude>
  </ItemGroup>
  <ItemGroup>
    <None Include="Jamfile" />
    <None Include="mps-event.de-DE.mres">
      <Filter>Resource Files</Filter>
    </None>
    <None Include="mps-event.en-US.mres">
      <Filter>Resource Files</Filter>
    </None>
  </ItemGroup>
</Project>