<?xml version="1.0" encoding="utf-8"?>
<Project ToolsVersion="4.0" xmlns="http://schemas.microsoft.com/developer/msbuild/2003">
  <ItemGroup>
    <Filter Include="Source Files">
      <UniqueIdentifier>{4FC737F1-C7A5-4376-A066-2A32D752A2FF}</UniqueIdentifier>
      <Extensions>cpp;c;cc;cxx;def;odl;idl;hpj;bat;asm;asmx</Extensions>
    </Filter>
    <Filter Include="Header Files">
      <UniqueIdentifier>{93995380-89BD-4b04-88EB-625FBE52EBFB}</UniqueIdentifier>
      <Extensions>h;hpp;hxx;hm;inl;inc;xsd</Extensions>
    </Filter>
    <Filter Include="Header Files\posix">
      <UniqueIdentifier>{c277c19b-b991-44f3-acc6-ea1268fd4b8c}</UniqueIdentifier>
    </Filter>
    <Filter Include="Header Files\win32">
      <UniqueIdentifier>{6a2522bd-7d6d-41d7-9c54-fe67d5dab1dd}</UniqueIdentifier>
    </Filter>
    <Filter Include="Source Files\win32">
      <UniqueIdentifier>{19039579-6a99-43a8-b86e-098160a18563}</UniqueIdentifier>
    </Filter>
    <Filter Include="Source Files\posix">
      <UniqueIdentifier>{55dbf13f-66c2-4fdf-b3ae-889436c72656}</UniqueIdentifier>
    </Filter>
  </ItemGroup>
  <ItemGroup>
    <ClInclude Include="Timer.h">
      <Filter>Header Files</Filter>
    </ClInclude>
    <ClInclude Include="win32\TimerImpl.h">
      <Filter>Header Files\win32</Filter>
    </ClInclude>
    <ClInclude Include="posix\TimerImpl.h">
      <Filter>Header Files\posix</Filter>
    </ClInclude>
    <ClInclude Include="mps-timer.h">
      <Filter>Header Files</Filter>
    </ClInclude>
    <ClInclude Include="StopThread.h">
      <Filter>Header Files</Filter>
    </ClInclude>
    <ClInclude Include="..\..\include\mps\timer\ITimer.h">
      <Filter>Header Files</Filter>
    </ClInclude>
    <ClInclude Include="..\..\include\mps\timer\TimerListener.h">
      <Filter>Header Files</Filter>
    </ClInclude>
  </ItemGroup>
  <ItemGroup>
    <ClCompile Include="Timer.cpp">
      <Filter>Source Files</Filter>
    </ClCompile>
    <ClCompile Include="win32\TimerImpl.cpp">
      <Filter>Source Files\win32</Filter>
    </ClCompile>
    <ClCompile Include="posix\TimerImpl.cpp">
      <Filter>Source Files\posix</Filter>
    </ClCompile>
  </ItemGroup>
  <ItemGroup>
    <None Include="Jamfile" />
  </ItemGroup>
</Project>