<?xml version="1.0" encoding="utf-8"?>
<Project ToolsVersion="4.0" xmlns="http://schemas.microsoft.com/developer/msbuild/2003">
  <ItemGroup>
    <Filter Include="Source Files">
      <UniqueIdentifier>{4FC737F1-C7A5-4376-A066-2A32D752A2FF}</UniqueIdentifier>
      <Extensions>cpp;c;cc;cxx;def;odl;idl;hpj;bat;asm;asmx</Extensions>
    </Filter>
    <Filter Include="Header Files">
      <UniqueIdentifier>{93995380-89BD-4b04-88EB-625FBE52EBFB}</UniqueIdentifier>
      <Extensions>h;hpp;hxx;hm;inl;inc;xsd</Extensions>
    </Filter>
    <Filter Include="Resource Files">
      <UniqueIdentifier>{4c59d805-7705-4610-9b52-47bfd0496efa}</UniqueIdentifier>
    </Filter>
  </ItemGroup>
  <ItemGroup>
    <ClCompile Include="AudioObjectFactory.cpp">
      <Filter>Source Files</Filter>
    </ClCompile>
    <ClCompile Include="AudioSignal.cpp">
      <Filter>Source Files</Filter>
    </ClCompile>
    <ClCompile Include="mps-audio.cpp">
      <Filter>Source Files</Filter>
    </ClCompile>
    <ClCompile Include="OutChannel.cpp">
      <Filter>Source Files</Filter>
    </ClCompile>
    <ClCompile Include="OutDevice.cpp">
      <Filter>Source Files</Filter>
    </ClCompile>
    <ClCompile Include="OutPS.cpp">
      <Filter>Source Files</Filter>
    </ClCompile>
    <ClCompile Include="InPS.cpp">
      <Filter>Source Files</Filter>
    </ClCompile>
  </ItemGroup>
  <ItemGroup>
    <ClInclude Include="AudioObjectFactory.h">
      <Filter>Header Files</Filter>
    </ClInclude>
    <ClInclude Include="AudioSignal.h">
      <Filter>Header Files</Filter>
    </ClInclude>
    <ClInclude Include="mps-audio.h">
      <Filter>Header Files</Filter>
    </ClInclude>
    <ClInclude Include="InPS.h">
      <Filter>Header Files</Filter>
    </ClInclude>
    <ClInclude Include="OutChannel.h">
      <Filter>Header Files</Filter>
    </ClInclude>
    <ClInclude Include="OutDevice.h">
      <Filter>Header Files</Filter>
    </ClInclude>
    <ClInclude Include="OutPS.h">
      <Filter>Header Files</Filter>
    </ClInclude>
  </ItemGroup>
  <ItemGroup>
    <None Include="Jamfile" />
    <None Include="mps-audio.en-US.mres">
      <Filter>Resource Files</Filter>
    </None>
    <None Include="mps-audio.de-DE.mres">
      <Filter>Resource Files</Filter>
    </None>
  </ItemGroup>
</Project>