<?xml version="1.0" encoding="utf-8"?>
<Project ToolsVersion="4.0" xmlns="http://schemas.microsoft.com/developer/msbuild/2003">
  <ItemGroup>
    <Filter Include="Source Files">
      <UniqueIdentifier>{4FC737F1-C7A5-4376-A066-2A32D752A2FF}</UniqueIdentifier>
      <Extensions>cpp;c;cc;cxx;def;odl;idl;hpj;bat;asm;asmx</Extensions>
    </Filter>
    <Filter Include="Header Files">
      <UniqueIdentifier>{93995380-89BD-4b04-88EB-625FBE52EBFB}</UniqueIdentifier>
      <Extensions>h;hpp;hxx;hm;inl;inc;xsd</Extensions>
    </Filter>
  </ItemGroup>
  <ItemGroup>
    <ClCompile Include="Bessel.cpp">
      <Filter>Source Files</Filter>
    </ClCompile>
    <ClCompile Include="BesselCoef.cpp">
      <Filter>Source Files</Filter>
    </ClCompile>
    <ClCompile Include="ButterworthCoef.cpp">
      <Filter>Source Files</Filter>
    </ClCompile>
    <ClCompile Include="ChebyshevCoef.cpp">
      <Filter>Source Files</Filter>
    </ClCompile>
    <ClCompile Include="Elliptic.cpp">
      <Filter>Source Files</Filter>
    </ClCompile>
    <ClCompile Include="EllipticCoef.cpp">
      <Filter>Source Files</Filter>
    </ClCompile>
    <ClCompile Include="Filter.cpp">
      <Filter>Source Files</Filter>
    </ClCompile>
    <ClCompile Include="KaiserCoef.cpp">
      <Filter>Source Files</Filter>
    </ClCompile>
    <ClCompile Include="mps-filter.cpp">
      <Filter>Source Files</Filter>
    </ClCompile>
  </ItemGroup>
  <ItemGroup>
    <ClInclude Include="Bessel.h">
      <Filter>Header Files</Filter>
    </ClInclude>
    <ClInclude Include="BesselCoef.h">
      <Filter>Header Files</Filter>
    </ClInclude>
    <ClInclude Include="ButterworthCoef.h">
      <Filter>Header Files</Filter>
    </ClInclude>
    <ClInclude Include="ChebyshevCoef.h">
      <Filter>Header Files</Filter>
    </ClInclude>
    <ClInclude Include="Elliptic.h">
      <Filter>Header Files</Filter>
    </ClInclude>
    <ClInclude Include="EllipticCoef.h">
      <Filter>Header Files</Filter>
    </ClInclude>
    <ClInclude Include="KaiserCoef.h">
      <Filter>Header Files</Filter>
    </ClInclude>
    <ClInclude Include="..\..\include\mps\filter\Filter.h">
      <Filter>Header Files</Filter>
    </ClInclude>
    <ClInclude Include="..\..\include\mps\filter\mps-filter.h">
      <Filter>Header Files</Filter>
    </ClInclude>
  </ItemGroup>
  <ItemGroup>
    <None Include="Jamfile" />
  </ItemGroup>
</Project>