<?xml version="1.0" encoding="utf-8"?>
<Project ToolsVersion="4.0" xmlns="http://schemas.microsoft.com/developer/msbuild/2003">
  <ItemGroup>
    <Filter Include="Source Files">
      <UniqueIdentifier>{4FC737F1-C7A5-4376-A066-2A32D752A2FF}</UniqueIdentifier>
      <Extensions>cpp;c;cc;cxx;def;odl;idl;hpj;bat;asm;asmx</Extensions>
    </Filter>
    <Filter Include="Header Files">
      <UniqueIdentifier>{93995380-89BD-4b04-88EB-625FBE52EBFB}</UniqueIdentifier>
      <Extensions>h;hpp;hxx;hm;inl;inc;xsd</Extensions>
    </Filter>
    <Filter Include="Resource Files">
      <UniqueIdentifier>{eb8b9c79-6a2d-4ea1-9bf2-ecc81d0c4b66}</UniqueIdentifier>
    </Filter>
  </ItemGroup>
  <ItemGroup>
    <ClCompile Include="DriverWrapper.cpp">
      <Filter>Source Files</Filter>
    </ClCompile>
    <ClCompile Include="InBoard.cpp">
      <Filter>Source Files</Filter>
    </ClCompile>
    <ClCompile Include="InputPS.cpp">
      <Filter>Source Files</Filter>
    </ClCompile>
    <ClCompile Include="LJObjectFactory.cpp">
      <Filter>Source Files</Filter>
    </ClCompile>
    <ClCompile Include="LJOutSignal.cpp">
      <Filter>Source Files</Filter>
    </ClCompile>
    <ClCompile Include="LJSignal.cpp">
      <Filter>Source Files</Filter>
    </ClCompile>
    <ClCompile Include="mps-labjack.cpp">
      <Filter>Source Files</Filter>
    </ClCompile>
    <ClCompile Include="OutBoard.cpp">
      <Filter>Source Files</Filter>
    </ClCompile>
    <ClCompile Include="OutputPS.cpp">
      <Filter>Source Files</Filter>
    </ClCompile>
    <ClCompile Include="Board.cpp">
      <Filter>Source Files</Filter>
    </ClCompile>
  </ItemGroup>
  <ItemGroup>
    <ClInclude Include="DriverWrapper.h">
      <Filter>Header Files</Filter>
    </ClInclude>
    <ClInclude Include="InBoard.h">
      <Filter>Header Files</Filter>
    </ClInclude>
    <ClInclude Include="InputPS.h">
      <Filter>Header Files</Filter>
    </ClInclude>
    <ClInclude Include="LJObjectFactory.h">
      <Filter>Header Files</Filter>
    </ClInclude>
    <ClInclude Include="LJOutSignal.h">
      <Filter>Header Files</Filter>
    </ClInclude>
    <ClInclude Include="LJSignal.h">
      <Filter>Header Files</Filter>
    </ClInclude>
    <ClInclude Include="mps-labjack.h">
      <Filter>Header Files</Filter>
    </ClInclude>
    <ClInclude Include="OutBoard.h">
      <Filter>Header Files</Filter>
    </ClInclude>
    <ClInclude Include="OutputPS.h">
      <Filter>Header Files</Filter>
    </ClInclude>
    <ClInclude Include="Board.h">
      <Filter>Header Files</Filter>
    </ClInclude>
  </ItemGroup>
  <ItemGroup>
    <None Include="Jamfile" />
    <None Include="mps-labjack.de-DE.mres">
      <Filter>Resource Files</Filter>
    </None>
    <None Include="mps-labjack.en-US.mres">
      <Filter>Resource Files</Filter>
    </None>
  </ItemGroup>
</Project>