<?xml version="1.0" encoding="utf-8"?>
<Project ToolsVersion="4.0" xmlns="http://schemas.microsoft.com/developer/msbuild/2003">
  <ItemGroup>
    <ClCompile Include="InPS.cpp">
      <Filter>Source Files</Filter>
    </ClCompile>
    <ClCompile Include="OutPS.cpp">
      <Filter>Source Files</Filter>
    </ClCompile>
    <ClCompile Include="StreamingFactory.cpp">
      <Filter>Source Files</Filter>
    </ClCompile>
    <ClCompile Include="StreamingSignal.cpp">
      <Filter>Source Files</Filter>
    </ClCompile>
    <ClCompile Include="mps-streaming.cpp">
      <Filter>Source Files</Filter>
    </ClCompile>
    <ClCompile Include="StreamingPSBase.cpp">
      <Filter>Source Files</Filter>
    </ClCompile>
  </ItemGroup>
  <ItemGroup>
    <ClInclude Include="InPS.h">
      <Filter>Header Files</Filter>
    </ClInclude>
    <ClInclude Include="OutPS.h">
      <Filter>Header Files</Filter>
    </ClInclude>
    <ClInclude Include="StreamingFactory.h">
      <Filter>Header Files</Filter>
    </ClInclude>
    <ClInclude Include="StreamingSignal.h">
      <Filter>Header Files</Filter>
    </ClInclude>
    <ClInclude Include="mps-streaming.h">
      <Filter>Header Files</Filter>
    </ClInclude>
    <ClInclude Include="StreamingPSBase.h">
      <Filter>Header Files</Filter>
    </ClInclude>
  </ItemGroup>
  <ItemGroup>
    <None Include="Jamfile" />
    <None Include="mps-streaming.de-DE.mres">
      <Filter>Resource Files</Filter>
    </None>
    <None Include="mps-streaming.en-US.mres">
      <Filter>Resource Files</Filter>
    </None>
  </ItemGroup>
  <ItemGroup>
    <Filter Include="Header Files">
      <UniqueIdentifier>{570713a2-30ff-4c9f-a1f9-56d8373fbd40}</UniqueIdentifier>
      <Extensions>h</Extensions>
    </Filter>
    <Filter Include="Source Files">
      <UniqueIdentifier>{30d4ff6f-de8e-4680-ad79-814ea8c26db3}</UniqueIdentifier>
      <Extensions>c;cpp</Extensions>
    </Filter>
    <Filter Include="Resource Files">
      <UniqueIdentifier>{8003fc6a-6bca-4110-ac88-060c3757661f}</UniqueIdentifier>
    </Filter>
  </ItemGroup>
</Project>