
Microsoft Visual Studio Solution File, Format Version 12.00
# Visual Studio Version 16
VisualStudioVersion = 16.0.34301.259
MinimumVisualStudioVersion = 10.0.40219.1
Project("{FAE04EC0-301F-11D3-BF4B-00C04F79EFBC}") = "Mp.Scheme.Target.Win", "Mp.Scheme.Target.Win\Mp.Scheme.Target.Win.csproj", "{8F957794-DB9E-4812-B9A9-41D6B7DC6255}"
EndProject
Project("{2150E333-8FDC-42A3-9474-1A3956D46DE8}") = "Target", "Target", "{90F48821-2032-490F-B4B3-9D5E84E8D093}"
EndProject
Project("{2150E333-8FDC-42A3-9474-1A3956D46DE8}") = "Scheme", "Scheme", "{62E67F2D-3C8C-4C80-9008-B70BE0E477DE}"
EndProject
Project("{FAE04EC0-301F-11D3-BF4B-00C04F79EFBC}") = "Mp.Scheme.App", "Mp.Scheme.App\Mp.Scheme.App.csproj", "{DAE38E45-3E3C-4AAF-93E0-103DBDDA07BE}"
EndProject
Project("{FAE04EC0-301F-11D3-BF4B-00C04F79EFBC}") = "Mp.Scheme.Deploy", "Mp.Scheme.Deploy\Mp.Scheme.Deploy.csproj", "{33E7CA07-AF6F-4792-A4E1-7F265EB20EFE}"
EndProject
Project("{FAE04EC0-301F-11D3-BF4B-00C04F79EFBC}") = "Mp.Scheme.Designer", "Mp.Scheme.Designer\Mp.Scheme.Designer.csproj", "{32E04B34-73AA-4DA9-AB83-75B489520A4E}"
EndProject
Project("{FAE04EC0-301F-11D3-BF4B-00C04F79EFBC}") = "Mp.Scheme.Info", "Mp.Scheme.Info\Mp.Scheme.Info.csproj", "{DF43FFF7-22ED-45E1-9CF5-F151EAC811D3}"
EndProject
Project("{FAE04EC0-301F-11D3-BF4B-00C04F79EFBC}") = "Mp.Scheme.MM", "Mp.Scheme.MM\Mp.Scheme.MM.csproj", "{DF7C54D4-376F-4A33-B05B-E322DFE83662}"
EndProject
Project("{FAE04EC0-301F-11D3-BF4B-00C04F79EFBC}") = "Mp.Scheme.Sdk", "Mp.Scheme.Sdk\Mp.Scheme.Sdk.csproj", "{75C6BB2D-144E-4DF4-A0AA-AFFFF2A4C5A8}"
EndProject
Project("{FAE04EC0-301F-11D3-BF4B-00C04F79EFBC}") = "Mp.Scheme.Sdk.Ui", "Mp.Scheme.Sdk.Ui\Mp.Scheme.Sdk.Ui.csproj", "{42A88218-72E4-43F6-B996-A03C0E9AEEF1}"
EndProject
Project("{2150E333-8FDC-42A3-9474-1A3956D46DE8}") = "Libraries", "Libraries", "{2136948A-96B8-401F-942D-3EFC4CC91EAD}"
EndProject
Project("{FAE04EC0-301F-11D3-BF4B-00C04F79EFBC}") = "Antlr3.Runtime", "Antlr3.Runtime\Antlr3.Runtime.csproj", "{CF15D0D5-BE72-4F98-B70F-229ABA1DF0E8}"
EndProject
Project("{FAE04EC0-301F-11D3-BF4B-00C04F79EFBC}") = "ICSharpCode.SharpZLib", "ICSharpCode.SharpZLib\ICSharpCode.SharpZLib.csproj", "{0E7413FF-EB9E-4714-ACF2-BE3A6A7B2FFD}"
EndProject
Project("{FAE04EC0-301F-11D3-BF4B-00C04F79EFBC}") = "ICSharpCode.TextEditor", "ICSharpCode.TextEditor\ICSharpCode.TextEditor.csproj", "{2D18BE89-D210-49EB-A9DD-2246FBB3DF6D}"
EndProject
Project("{FAE04EC0-301F-11D3-BF4B-00C04F79EFBC}") = "Mp.Utils", "Mp.Utils\Mp.Utils.csproj", "{6819783E-8981-4353-B396-E0EE33958260}"
EndProject
Project("{FAE04EC0-301F-11D3-BF4B-00C04F79EFBC}") = "Mp.Visual.Analog", "Mp.Visual.Analog\Mp.Visual.Analog.csproj", "{A542B8F7-01C2-4168-83D6-101278279D05}"
EndProject
Project("{FAE04EC0-301F-11D3-BF4B-00C04F79EFBC}") = "Mp.Visual.Base", "Mp.Visual.Base\Mp.Visual.Base.csproj", "{EA448F00-687B-415F-9D76-6D066D2FB22F}"
EndProject
Project("{FAE04EC0-301F-11D3-BF4B-00C04F79EFBC}") = "Mp.Visual.Diagram", "Mp.Visual.Diagram\Mp.Visual.Diagram.csproj", "{6E58DFD7-5154-4AA3-96DF-E562DE00393B}"
EndProject
Project("{FAE04EC0-301F-11D3-BF4B-00C04F79EFBC}") = "Mp.Visual.Docking", "Mp.Visual.Docking\Mp.Visual.Docking.csproj", "{C75532C4-765B-418E-B09B-46D36B2ABDB1}"
EndProject
Project("{FAE04EC0-301F-11D3-BF4B-00C04F79EFBC}") = "Mp.Visual.Digital", "Mp.Visual.Digital\Mp.Visual.Digital.csproj", "{8047D0C4-A6C0-4137-A2BC-C7C50D8EF872}"
EndProject
Project("{FAE04EC0-301F-11D3-BF4B-00C04F79EFBC}") = "Mp.Visual.FFT", "Mp.Visual.FFT\Mp.Visual.FFT.csproj", "{458523A6-D11B-42FA-8D47-54432D2A7A38}"
EndProject
Project("{FAE04EC0-301F-11D3-BF4B-00C04F79EFBC}") = "Mp.Visual.GPS", "Mp.Visual.GPS\Mp.Visual.GPS.csproj", "{E51AB122-E950-4C93-B3E4-58D72699162E}"
EndProject
Project("{FAE04EC0-301F-11D3-BF4B-00C04F79EFBC}") = "Mp.Visual.HTML", "Mp.Visual.HTML\Mp.Visual.HTML.csproj", "{DFA9EA17-1546-4A0C-BF4B-AD6D9DC7907A}"
EndProject
Project("{FAE04EC0-301F-11D3-BF4B-00C04F79EFBC}") = "Mp.Visual.NPlot", "Mp.Visual.NPlot\Mp.Visual.NPlot.csproj", "{E6867FF5-74EC-4464-8958-D71CB46232F3}"
EndProject
Project("{FAE04EC0-301F-11D3-BF4B-00C04F79EFBC}") = "Mp.Visual.Oscilloscope", "Mp.Visual.Oscilloscope\Mp.Visual.Oscilloscope.csproj", "{99DF7B0D-A930-4A76-9CF2-7ED00316B01F}"
EndProject
Project("{FAE04EC0-301F-11D3-BF4B-00C04F79EFBC}") = "Mp.Visual.PolarChart", "Mp.Visual.PolarChart\Mp.Visual.PolarChart.csproj", "{19417BED-6E1E-4410-B38D-34631FC6D3D1}"
EndProject
Project("{FAE04EC0-301F-11D3-BF4B-00C04F79EFBC}") = "Mp.Visual.TextEditor", "Mp.Visual.TextEditor\Mp.Visual.TextEditor.csproj", "{2C631B44-58BA-46FB-99C6-586716FFE098}"
EndProject
Project("{FAE04EC0-301F-11D3-BF4B-00C04F79EFBC}") = "Mp.Visual.Tree", "Mp.Visual.Tree\Mp.Visual.Tree.csproj", "{E73BB233-D88B-44A7-A98F-D71EE158381D}"
EndProject
Project("{FAE04EC0-301F-11D3-BF4B-00C04F79EFBC}") = "Mp.Visual.Video", "Mp.Visual.Video\Mp.Visual.Video.csproj", "{1DF44EDB-5C35-4F68-A4C5-609BECC5AC30}"
EndProject
Project("{FAE04EC0-301F-11D3-BF4B-00C04F79EFBC}") = "Mp.Visual.WaveChart", "Mp.Visual.WaveChart\Mp.Visual.WaveChart.csproj", "{BFFF29F5-FB04-4597-9D0D-E01F65295D1A}"
EndProject
Project("{FAE04EC0-301F-11D3-BF4B-00C04F79EFBC}") = "Mp.Visual.XYChart", "Mp.Visual.XYChart\Mp.Visual.XYChart.csproj", "{C944B858-D797-4414-A05C-498A77C9CAF0}"
EndProject
Project("{FAE04EC0-301F-11D3-BF4B-00C04F79EFBC}") = "Mp.XmlRpc", "Mp.XmlRpc\Mp.XmlRpc.csproj", "{C8F99BDA-258B-4C4B-8A9F-112A086A471B}"
EndProject
Project("{2150E333-8FDC-42A3-9474-1A3956D46DE8}") = "Modules", "Modules", "{A852D9C8-9B25-4A18-B448-EB8899FA9058}"
EndProject
Project("{FAE04EC0-301F-11D3-BF4B-00C04F79EFBC}") = "Mp.Mod.Analysis", "Mp.Mod.Analysis\Mp.Mod.Analysis.csproj", "{66B8E283-57A6-49D5-B663-7D21734B1E65}"
EndProject
Project("{FAE04EC0-301F-11D3-BF4B-00C04F79EFBC}") = "Mp.Mod.Audio", "Mp.Mod.Audio\Mp.Mod.Audio.csproj", "{F32305CA-7349-4524-A3CE-3845F54A29E2}"
EndProject
Project("{FAE04EC0-301F-11D3-BF4B-00C04F79EFBC}") = "Mp.Mod.Calculation", "Mp.Mod.Calculation\Mp.Mod.Calculation.csproj", "{7259BBDD-F58B-45D1-9772-C2227C080436}"
EndProject
Project("{FAE04EC0-301F-11D3-BF4B-00C04F79EFBC}") = "Mp.Mod.Clock", "Mp.Mod.Clock\Mp.Mod.Clock.csproj", "{DB712394-9B89-4C6F-B310-4A3D0B3E5951}"
EndProject
Project("{FAE04EC0-301F-11D3-BF4B-00C04F79EFBC}") = "Mp.Mod.Controller", "Mp.Mod.Controller\Mp.Mod.Controller.csproj", "{95BF8C8B-DC7A-42AC-B716-F0892D2DB9CC}"
EndProject
Project("{FAE04EC0-301F-11D3-BF4B-00C04F79EFBC}") = "Mp.Mod.Event", "Mp.Mod.Event\Mp.Mod.Event.csproj", "{EB26A9A9-047F-40CD-ADAA-7073B57176C1}"
EndProject
Project("{FAE04EC0-301F-11D3-BF4B-00C04F79EFBC}") = "Mp.Mod.FFT.View", "Mp.Mod.FFT.View\Mp.Mod.FFT.View.csproj", "{93F3767B-01A2-4B97-A684-8DAAB0381E45}"
EndProject
Project("{FAE04EC0-301F-11D3-BF4B-00C04F79EFBC}") = "Mp.Mod.FGen", "Mp.Mod.FGen\Mp.Mod.FGen.csproj", "{03EDEE14-54B0-453E-B2E3-4DA95E718BDB}"
EndProject
Project("{FAE04EC0-301F-11D3-BF4B-00C04F79EFBC}") = "Mp.Mod.GPS", "Mp.Mod.GPS\Mp.Mod.GPS.csproj", "{4F31228F-0344-4326-947C-13F9F27EAE63}"
EndProject
Project("{FAE04EC0-301F-11D3-BF4B-00C04F79EFBC}") = "Mp.Mod.GPS.View", "Mp.Mod.GPS.View\Mp.Mod.GPS.View.csproj", "{EE6E186F-E26D-4179-AC1E-DC7704FACEF9}"
EndProject
Project("{FAE04EC0-301F-11D3-BF4B-00C04F79EFBC}") = "Mp.Mod.HTML.View", "Mp.Mod.HTML.View\Mp.Mod.HTML.View.csproj", "{C7F50AE0-F3D7-421B-BC87-612A1261A5E8}"
EndProject
Project("{FAE04EC0-301F-11D3-BF4B-00C04F79EFBC}") = "Mp.Mod.LabJackU12", "Mp.Mod.LabJackU12\Mp.Mod.LabJackU12.csproj", "{7E8EAE2C-6D65-4F6C-B38E-8995C2A373FE}"
EndProject
Project("{FAE04EC0-301F-11D3-BF4B-00C04F79EFBC}") = "Mp.Mod.MPAL", "Mp.Mod.MPAL\Mp.Mod.MPAL.csproj", "{F2111F80-90F6-4FB8-8E72-B1EB78602E8C}"
EndProject
Project("{FAE04EC0-301F-11D3-BF4B-00C04F79EFBC}") = "Mp.Mod.Scripting", "Mp.Mod.Scripting\Mp.Mod.Scripting.csproj", "{0F735182-4877-4DF6-A853-EE93107B59B0}"
EndProject
Project("{FAE04EC0-301F-11D3-BF4B-00C04F79EFBC}") = "Mp.Mod.Statistics", "Mp.Mod.Statistics\Mp.Mod.Statistics.csproj", "{6A0D9808-4269-4E60-B33E-3FDCC5C062B3}"
EndProject
Project("{FAE04EC0-301F-11D3-BF4B-00C04F79EFBC}") = "Mp.Mod.Video", "Mp.Mod.Video\Mp.Mod.Video.csproj", "{372E4F13-2EBE-4C00-A613-19FB92ED1467}"
EndProject
Project("{FAE04EC0-301F-11D3-BF4B-00C04F79EFBC}") = "Mp.Mod.Video.View", "Mp.Mod.Video.View\Mp.Mod.Video.View.csproj", "{E7D568D8-A543-4056-816D-0A44E62BEE8E}"
EndProject
Project("{FAE04EC0-301F-11D3-BF4B-00C04F79EFBC}") = "Mp.Mod.Statistics.View", "Mp.Mod.Statistics.View\Mp.Mod.Statistics.View.csproj", "{60FC7794-AFD7-4EB9-9134-4A3F5B5DA4F8}"
EndProject
Project("{FAE04EC0-301F-11D3-BF4B-00C04F79EFBC}") = "Mp.Mod.Storage", "Mp.Mod.Storage\Mp.Mod.Storage.csproj", "{211BC800-048F-4097-9C5D-E78BED961D0E}"
EndProject
Project("{FAE04EC0-301F-11D3-BF4B-00C04F79EFBC}") = "Mp.Mod.Streaming", "Mp.Mod.Streaming\Mp.Mod.Streaming.csproj", "{92954B6C-EE10-4613-8040-3A40AE82357F}"
EndProject
Project("{2150E333-8FDC-42A3-9474-1A3956D46DE8}") = "MPAL", "MPAL", "{9078DD62-826A-4B01-B666-D4EFE2200421}"
EndProject
Project("{FAE04EC0-301F-11D3-BF4B-00C04F79EFBC}") = "Mpal.Compiler", "Mpal.Compiler\Mpal.Compiler.csproj", "{2F80BA27-943B-459B-AF2E-2EDA6D872A9D}"
EndProject
Project("{FAE04EC0-301F-11D3-BF4B-00C04F79EFBC}") = "Mpal.Debugger", "Mpal.Debuger\Mpal.Debugger.csproj", "{7DF89FCC-5D16-4236-8F9F-F095E80CADDB}"
EndProject
Project("{FAE04EC0-301F-11D3-BF4B-00C04F79EFBC}") = "Mpal.Editor", "Mpal.Editor\Mpal.Editor.csproj", "{BD76CBDB-D53F-439C-9EC0-897BD0D65E9F}"
EndProject
Project("{FAE04EC0-301F-11D3-BF4B-00C04F79EFBC}") = "Mpal.Model", "Mpal.Model\Mpal.Model.csproj", "{844CAEC1-D205-41E9-8760-8C5DA7379401}"
EndProject
Project("{FAE04EC0-301F-11D3-BF4B-00C04F79EFBC}") = "Mpal.Parser", "Mpal.Parser\Mpal.Parser.csproj", "{8191D1D9-3D34-4564-9A0F-3F3D04255565}"
EndProject
Project("{2150E333-8FDC-42A3-9474-1A3956D46DE8}") = "Driver", "Driver", "{81D8A35C-0CA3-4288-AF3C-B991095F3D8A}"
EndProject
Project("{FAE04EC0-301F-11D3-BF4B-00C04F79EFBC}") = "Mp.Drv.Audio", "Mp.Drv.Audio\Mp.Drv.Audio.csproj", "{92EF21A8-93E4-4314-9F83-40925D954374}"
EndProject
Project("{FAE04EC0-301F-11D3-BF4B-00C04F79EFBC}") = "Mp.Drv.DataFile", "Mp.Drv.DataFile\Mp.Drv.DataFile.csproj", "{97399C1D-991A-4A6F-A730-38237D377313}"
EndProject
Project("{FAE04EC0-301F-11D3-BF4B-00C04F79EFBC}") = "Mp.Drv.OpenCV", "Mp.Drv.OpenCV\Mp.Drv.OpenCV.csproj", "{C2C0DC91-4C38-4403-948A-39F56A2909E1}"
EndProject
Project("{2150E333-8FDC-42A3-9474-1A3956D46DE8}") = "Runtime", "Runtime", "{D76334F5-3FBB-4A53-8B04-15FFA4D60619}"
EndProject
Project("{FAE04EC0-301F-11D3-BF4B-00C04F79EFBC}") = "Mp.Runtime.Adaption", "Mp.Runtime.Adaption\Mp.Runtime.Adaption.csproj", "{68885CEA-AEE0-44F0-9F96-7EEB3ECF694C}"
EndProject
Project("{FAE04EC0-301F-11D3-BF4B-00C04F79EFBC}") = "Mp.Runtime.App", "Mp.Runtime.App\Mp.Runtime.App.csproj", "{C11F2F2B-5DDF-4256-9B76-DF9D5F6D9CCE}"
EndProject
Project("{FAE04EC0-301F-11D3-BF4B-00C04F79EFBC}") = "Mp.Runtime.Scripting", "Mp.Runtime.Scripting\Mp.Runtime.Scripting.csproj", "{73240CA6-DD4C-40BA-B1EE-11A4AF023323}"
EndProject
Project("{FAE04EC0-301F-11D3-BF4B-00C04F79EFBC}") = "Mp.Runtime.Sdk", "Mp.Runtime.Sdk\Mp.Runtime.Sdk.csproj", "{11202063-A6A1-4766-9FB1-49F23F71D151}"
EndProject
Project("{FAE04EC0-301F-11D3-BF4B-00C04F79EFBC}") = "Mp.Drv.CAN", "Mp.Drv.CAN\Mp.Drv.CAN.csproj", "{2CAA7B88-6B0C-4378-B2E0-DDD191778E70}"
EndProject
Project("{FAE04EC0-301F-11D3-BF4B-00C04F79EFBC}") = "Mp.Drv.CANdb", "Mp.Drv.CANdb\Mp.Drv.CANdb.csproj", "{65898343-5947-4836-9693-AED5518CAD05}"
EndProject
Project("{FAE04EC0-301F-11D3-BF4B-00C04F79EFBC}") = "Mp.Mod.CAN", "Mp.Mod.CAN\Mp.Mod.CAN.csproj", "{209773BB-134A-40FA-85F5-A3303000560D}"
EndProject
Project("{FAE04EC0-301F-11D3-BF4B-00C04F79EFBC}") = "Mp.Mod.CAN.View", "Mp.Mod.CAN.View\Mp.Mod.CAN.View.csproj", "{9E606BA4-AF59-4B8A-8838-1939E9E8E9CC}"
EndProject
Project("{FAE04EC0-301F-11D3-BF4B-00C04F79EFBC}") = "Mp.Rt.Mod.CAN.View", "Mp.Rt.Mod.CAN.View\Mp.Rt.Mod.CAN.View.csproj", "{895F0DBD-CAF2-42B7-908E-99CF1AD205AB}"
EndProject
Project("{FAE04EC0-301F-11D3-BF4B-00C04F79EFBC}") = "Mp.Visual.CAN", "Mp.Visual.CAN\Mp.Visual.CAN.csproj", "{5E5B1D20-6D2A-4871-89BE-1AC19D6AEDEB}"
EndProject
Project("{FAE04EC0-301F-11D3-BF4B-00C04F79EFBC}") = "Mp.Mod.OBD2", "Mp.Mod.OBD2\Mp.Mod.OBD2.csproj", "{A5E3A5B2-DC88-4EA3-8CEF-992FCB9D55A5}"
EndProject
Project("{FAE04EC0-301F-11D3-BF4B-00C04F79EFBC}") = "Mp.Mod.OBD2.View", "Mp.Mod.OBD2.View\Mp.Mod.OBD2.View.csproj", "{7699B6B8-54D5-4D41-A355-A49100BA6BC6}"
EndProject
Project("{FAE04EC0-301F-11D3-BF4B-00C04F79EFBC}") = "Mp.Visual.OBD2", "Mp.Visual.OBD2\Mp.Visual.OBD2.csproj", "{EED416AC-7DAC-469B-8A6A-2E66C343AAAF}"
EndProject
Project("{2150E333-8FDC-42A3-9474-1A3956D46DE8}") = "Converter", "Converter", "{8D59DBBA-ADC9-4EC4-A13F-59814B5284FA}"
EndProject
Project("{FAE04EC0-301F-11D3-BF4B-00C04F79EFBC}") = "Mp.Conv.Data", "Mp.Conv.Data\Mp.Conv.Data.csproj", "{55FDD722-B65B-455C-80BE-4754A91378DB}"
EndProject
Project("{FAE04EC0-301F-11D3-BF4B-00C04F79EFBC}") = "Mp.Conv.Gui", "Mp.Conv.Gui\Mp.Conv.Gui.csproj", "{D3428C3F-4DE0-4AAB-A824-C43ACACD3AFE}"
EndProject
Project("{FAE04EC0-301F-11D3-BF4B-00C04F79EFBC}") = "Mp.Scheme.Target.RasPi", "Mp.Scheme.Target.RasPi\Mp.Scheme.Target.RasPi.csproj", "{C916C774-7B3A-41CA-8797-013C45E56370}"
EndProject
Project("{2150E333-8FDC-42A3-9474-1A3956D46DE8}") = "_buildCmds", "_buildCmds", "{576F6469-DBC5-4E20-9943-127BAE7AE293}"
	ProjectSection(SolutionItems) = preProject
		post-build.bat = post-build.bat
	EndProjectSection
EndProject
Global
	GlobalSection(SolutionConfigurationPlatforms) = preSolution
		Debug|Any CPU = Debug|Any CPU
		Release|Any CPU = Release|Any CPU
	EndGlobalSection
	GlobalSection(ProjectConfigurationPlatforms) = postSolution
		{8F957794-DB9E-4812-B9A9-41D6B7DC6255}.Debug|Any CPU.ActiveCfg = Debug|Any CPU
		{8F957794-DB9E-4812-B9A9-41D6B7DC6255}.Debug|Any CPU.Build.0 = Debug|Any CPU
		{8F957794-DB9E-4812-B9A9-41D6B7DC6255}.Release|Any CPU.ActiveCfg = Release|Any CPU
		{8F957794-DB9E-4812-B9A9-41D6B7DC6255}.Release|Any CPU.Build.0 = Release|Any CPU
		{DAE38E45-3E3C-4AAF-93E0-103DBDDA07BE}.Debug|Any CPU.ActiveCfg = Debug|Any CPU
		{DAE38E45-3E3C-4AAF-93E0-103DBDDA07BE}.Debug|Any CPU.Build.0 = Debug|Any CPU
		{DAE38E45-3E3C-4AAF-93E0-103DBDDA07BE}.Release|Any CPU.ActiveCfg = Release|Any CPU
		{DAE38E45-3E3C-4AAF-93E0-103DBDDA07BE}.Release|Any CPU.Build.0 = Release|Any CPU
		{33E7CA07-AF6F-4792-A4E1-7F265EB20EFE}.Debug|Any CPU.ActiveCfg = Debug|Any CPU
		{33E7CA07-AF6F-4792-A4E1-7F265EB20EFE}.Debug|Any CPU.Build.0 = Debug|Any CPU
		{33E7CA07-AF6F-4792-A4E1-7F265EB20EFE}.Release|Any CPU.ActiveCfg = Release|Any CPU
		{33E7CA07-AF6F-4792-A4E1-7F265EB20EFE}.Release|Any CPU.Build.0 = Release|Any CPU
		{32E04B34-73AA-4DA9-AB83-75B489520A4E}.Debug|Any CPU.ActiveCfg = Debug|Any CPU
		{32E04B34-73AA-4DA9-AB83-75B489520A4E}.Debug|Any CPU.Build.0 = Debug|Any CPU
		{32E04B34-73AA-4DA9-AB83-75B489520A4E}.Release|Any CPU.ActiveCfg = Release|Any CPU
		{32E04B34-73AA-4DA9-AB83-75B489520A4E}.Release|Any CPU.Build.0 = Release|Any CPU
		{DF43FFF7-22ED-45E1-9CF5-F151EAC811D3}.Debug|Any CPU.ActiveCfg = Debug|Any CPU
		{DF43FFF7-22ED-45E1-9CF5-F151EAC811D3}.Debug|Any CPU.Build.0 = Debug|Any CPU
		{DF43FFF7-22ED-45E1-9CF5-F151EAC811D3}.Release|Any CPU.ActiveCfg = Release|Any CPU
		{DF43FFF7-22ED-45E1-9CF5-F151EAC811D3}.Release|Any CPU.Build.0 = Release|Any CPU
		{DF7C54D4-376F-4A33-B05B-E322DFE83662}.Debug|Any CPU.ActiveCfg = Debug|Any CPU
		{DF7C54D4-376F-4A33-B05B-E322DFE83662}.Debug|Any CPU.Build.0 = Debug|Any CPU
		{DF7C54D4-376F-4A33-B05B-E322DFE83662}.Release|Any CPU.ActiveCfg = Release|Any CPU
		{DF7C54D4-376F-4A33-B05B-E322DFE83662}.Release|Any CPU.Build.0 = Release|Any CPU
		{75C6BB2D-144E-4DF4-A0AA-AFFFF2A4C5A8}.Debug|Any CPU.ActiveCfg = Debug|Any CPU
		{75C6BB2D-144E-4DF4-A0AA-AFFFF2A4C5A8}.Debug|Any CPU.Build.0 = Debug|Any CPU
		{75C6BB2D-144E-4DF4-A0AA-AFFFF2A4C5A8}.Release|Any CPU.ActiveCfg = Release|Any CPU
		{75C6BB2D-144E-4DF4-A0AA-AFFFF2A4C5A8}.Release|Any CPU.Build.0 = Release|Any CPU
		{42A88218-72E4-43F6-B996-A03C0E9AEEF1}.Debug|Any CPU.ActiveCfg = Debug|Any CPU
		{42A88218-72E4-43F6-B996-A03C0E9AEEF1}.Debug|Any CPU.Build.0 = Debug|Any CPU
		{42A88218-72E4-43F6-B996-A03C0E9AEEF1}.Release|Any CPU.ActiveCfg = Release|Any CPU
		{42A88218-72E4-43F6-B996-A03C0E9AEEF1}.Release|Any CPU.Build.0 = Release|Any CPU
		{CF15D0D5-BE72-4F98-B70F-229ABA1DF0E8}.Debug|Any CPU.ActiveCfg = Debug|Any CPU
		{CF15D0D5-BE72-4F98-B70F-229ABA1DF0E8}.Debug|Any CPU.Build.0 = Debug|Any CPU
		{CF15D0D5-BE72-4F98-B70F-229ABA1DF0E8}.Release|Any CPU.ActiveCfg = Release|Any CPU
		{CF15D0D5-BE72-4F98-B70F-229ABA1DF0E8}.Release|Any CPU.Build.0 = Release|Any CPU
		{0E7413FF-EB9E-4714-ACF2-BE3A6A7B2FFD}.Debug|Any CPU.ActiveCfg = Debug|Any CPU
		{0E7413FF-EB9E-4714-ACF2-BE3A6A7B2FFD}.Debug|Any CPU.Build.0 = Debug|Any CPU
		{0E7413FF-EB9E-4714-ACF2-BE3A6A7B2FFD}.Release|Any CPU.ActiveCfg = Release|Any CPU
		{0E7413FF-EB9E-4714-ACF2-BE3A6A7B2FFD}.Release|Any CPU.Build.0 = Release|Any CPU
		{2D18BE89-D210-49EB-A9DD-2246FBB3DF6D}.Debug|Any CPU.ActiveCfg = Debug|Any CPU
		{2D18BE89-D210-49EB-A9DD-2246FBB3DF6D}.Debug|Any CPU.Build.0 = Debug|Any CPU
		{2D18BE89-D210-49EB-A9DD-2246FBB3DF6D}.Release|Any CPU.ActiveCfg = Release|Any CPU
		{2D18BE89-D210-49EB-A9DD-2246FBB3DF6D}.Release|Any CPU.Build.0 = Release|Any CPU
		{6819783E-8981-4353-B396-E0EE33958260}.Debug|Any CPU.ActiveCfg = Debug|Any CPU
		{6819783E-8981-4353-B396-E0EE33958260}.Debug|Any CPU.Build.0 = Debug|Any CPU
		{6819783E-8981-4353-B396-E0EE33958260}.Release|Any CPU.ActiveCfg = Release|Any CPU
		{6819783E-8981-4353-B396-E0EE33958260}.Release|Any CPU.Build.0 = Release|Any CPU
		{A542B8F7-01C2-4168-83D6-101278279D05}.Debug|Any CPU.ActiveCfg = Debug|Any CPU
		{A542B8F7-01C2-4168-83D6-101278279D05}.Debug|Any CPU.Build.0 = Debug|Any CPU
		{A542B8F7-01C2-4168-83D6-101278279D05}.Release|Any CPU.ActiveCfg = Release|Any CPU
		{A542B8F7-01C2-4168-83D6-101278279D05}.Release|Any CPU.Build.0 = Release|Any CPU
		{EA448F00-687B-415F-9D76-6D066D2FB22F}.Debug|Any CPU.ActiveCfg = Debug|Any CPU
		{EA448F00-687B-415F-9D76-6D066D2FB22F}.Debug|Any CPU.Build.0 = Debug|Any CPU
		{EA448F00-687B-415F-9D76-6D066D2FB22F}.Release|Any CPU.ActiveCfg = Release|Any CPU
		{EA448F00-687B-415F-9D76-6D066D2FB22F}.Release|Any CPU.Build.0 = Release|Any CPU
		{6E58DFD7-5154-4AA3-96DF-E562DE00393B}.Debug|Any CPU.ActiveCfg = Debug|Any CPU
		{6E58DFD7-5154-4AA3-96DF-E562DE00393B}.Debug|Any CPU.Build.0 = Debug|Any CPU
		{6E58DFD7-5154-4AA3-96DF-E562DE00393B}.Release|Any CPU.ActiveCfg = Release|Any CPU
		{6E58DFD7-5154-4AA3-96DF-E562DE00393B}.Release|Any CPU.Build.0 = Release|Any CPU
		{C75532C4-765B-418E-B09B-46D36B2ABDB1}.Debug|Any CPU.ActiveCfg = Debug|Any CPU
		{C75532C4-765B-418E-B09B-46D36B2ABDB1}.Debug|Any CPU.Build.0 = Debug|Any CPU
		{C75532C4-765B-418E-B09B-46D36B2ABDB1}.Release|Any CPU.ActiveCfg = Release|Any CPU
		{C75532C4-765B-418E-B09B-46D36B2ABDB1}.Release|Any CPU.Build.0 = Release|Any CPU
		{8047D0C4-A6C0-4137-A2BC-C7C50D8EF872}.Debug|Any CPU.ActiveCfg = Debug|Any CPU
		{8047D0C4-A6C0-4137-A2BC-C7C50D8EF872}.Debug|Any CPU.Build.0 = Debug|Any CPU
		{8047D0C4-A6C0-4137-A2BC-C7C50D8EF872}.Release|Any CPU.ActiveCfg = Release|Any CPU
		{8047D0C4-A6C0-4137-A2BC-C7C50D8EF872}.Release|Any CPU.Build.0 = Release|Any CPU
		{458523A6-D11B-42FA-8D47-54432D2A7A38}.Debug|Any CPU.ActiveCfg = Debug|Any CPU
		{458523A6-D11B-42FA-8D47-54432D2A7A38}.Debug|Any CPU.Build.0 = Debug|Any CPU
		{458523A6-D11B-42FA-8D47-54432D2A7A38}.Release|Any CPU.ActiveCfg = Release|Any CPU
		{458523A6-D11B-42FA-8D47-54432D2A7A38}.Release|Any CPU.Build.0 = Release|Any CPU
		{E51AB122-E950-4C93-B3E4-58D72699162E}.Debug|Any CPU.ActiveCfg = Debug|Any CPU
		{E51AB122-E950-4C93-B3E4-58D72699162E}.Debug|Any CPU.Build.0 = Debug|Any CPU
		{E51AB122-E950-4C93-B3E4-58D72699162E}.Release|Any CPU.ActiveCfg = Release|Any CPU
		{E51AB122-E950-4C93-B3E4-58D72699162E}.Release|Any CPU.Build.0 = Release|Any CPU
		{DFA9EA17-1546-4A0C-BF4B-AD6D9DC7907A}.Debug|Any CPU.ActiveCfg = Debug|Any CPU
		{DFA9EA17-1546-4A0C-BF4B-AD6D9DC7907A}.Debug|Any CPU.Build.0 = Debug|Any CPU
		{DFA9EA17-1546-4A0C-BF4B-AD6D9DC7907A}.Release|Any CPU.ActiveCfg = Release|Any CPU
		{DFA9EA17-1546-4A0C-BF4B-AD6D9DC7907A}.Release|Any CPU.Build.0 = Release|Any CPU
		{E6867FF5-74EC-4464-8958-D71CB46232F3}.Debug|Any CPU.ActiveCfg = Debug|Any CPU
		{E6867FF5-74EC-4464-8958-D71CB46232F3}.Debug|Any CPU.Build.0 = Debug|Any CPU
		{E6867FF5-74EC-4464-8958-D71CB46232F3}.Release|Any CPU.ActiveCfg = Release|Any CPU
		{E6867FF5-74EC-4464-8958-D71CB46232F3}.Release|Any CPU.Build.0 = Release|Any CPU
		{99DF7B0D-A930-4A76-9CF2-7ED00316B01F}.Debug|Any CPU.ActiveCfg = Debug|Any CPU
		{99DF7B0D-A930-4A76-9CF2-7ED00316B01F}.Debug|Any CPU.Build.0 = Debug|Any CPU
		{99DF7B0D-A930-4A76-9CF2-7ED00316B01F}.Release|Any CPU.ActiveCfg = Release|Any CPU
		{99DF7B0D-A930-4A76-9CF2-7ED00316B01F}.Release|Any CPU.Build.0 = Release|Any CPU
		{19417BED-6E1E-4410-B38D-34631FC6D3D1}.Debug|Any CPU.ActiveCfg = Debug|Any CPU
		{19417BED-6E1E-4410-B38D-34631FC6D3D1}.Debug|Any CPU.Build.0 = Debug|Any CPU
		{19417BED-6E1E-4410-B38D-34631FC6D3D1}.Release|Any CPU.ActiveCfg = Release|Any CPU
		{19417BED-6E1E-4410-B38D-34631FC6D3D1}.Release|Any CPU.Build.0 = Release|Any CPU
		{2C631B44-58BA-46FB-99C6-586716FFE098}.Debug|Any CPU.ActiveCfg = Debug|Any CPU
		{2C631B44-58BA-46FB-99C6-586716FFE098}.Debug|Any CPU.Build.0 = Debug|Any CPU
		{2C631B44-58BA-46FB-99C6-586716FFE098}.Release|Any CPU.ActiveCfg = Release|Any CPU
		{2C631B44-58BA-46FB-99C6-586716FFE098}.Release|Any CPU.Build.0 = Release|Any CPU
		{E73BB233-D88B-44A7-A98F-D71EE158381D}.Debug|Any CPU.ActiveCfg = Debug|Any CPU
		{E73BB233-D88B-44A7-A98F-D71EE158381D}.Debug|Any CPU.Build.0 = Debug|Any CPU
		{E73BB233-D88B-44A7-A98F-D71EE158381D}.Release|Any CPU.ActiveCfg = Release|Any CPU
		{E73BB233-D88B-44A7-A98F-D71EE158381D}.Release|Any CPU.Build.0 = Release|Any CPU
		{1DF44EDB-5C35-4F68-A4C5-609BECC5AC30}.Debug|Any CPU.ActiveCfg = Debug|Any CPU
		{1DF44EDB-5C35-4F68-A4C5-609BECC5AC30}.Debug|Any CPU.Build.0 = Debug|Any CPU
		{1DF44EDB-5C35-4F68-A4C5-609BECC5AC30}.Release|Any CPU.ActiveCfg = Release|Any CPU
		{1DF44EDB-5C35-4F68-A4C5-609BECC5AC30}.Release|Any CPU.Build.0 = Release|Any CPU
		{BFFF29F5-FB04-4597-9D0D-E01F65295D1A}.Debug|Any CPU.ActiveCfg = Debug|Any CPU
		{BFFF29F5-FB04-4597-9D0D-E01F65295D1A}.Debug|Any CPU.Build.0 = Debug|Any CPU
		{BFFF29F5-FB04-4597-9D0D-E01F65295D1A}.Release|Any CPU.ActiveCfg = Release|Any CPU
		{BFFF29F5-FB04-4597-9D0D-E01F65295D1A}.Release|Any CPU.Build.0 = Release|Any CPU
		{C944B858-D797-4414-A05C-498A77C9CAF0}.Debug|Any CPU.ActiveCfg = Debug|Any CPU
		{C944B858-D797-4414-A05C-498A77C9CAF0}.Debug|Any CPU.Build.0 = Debug|Any CPU
		{C944B858-D797-4414-A05C-498A77C9CAF0}.Release|Any CPU.ActiveCfg = Release|Any CPU
		{C944B858-D797-4414-A05C-498A77C9CAF0}.Release|Any CPU.Build.0 = Release|Any CPU
		{C8F99BDA-258B-4C4B-8A9F-112A086A471B}.Debug|Any CPU.ActiveCfg = Debug|Any CPU
		{C8F99BDA-258B-4C4B-8A9F-112A086A471B}.Debug|Any CPU.Build.0 = Debug|Any CPU
		{C8F99BDA-258B-4C4B-8A9F-112A086A471B}.Release|Any CPU.ActiveCfg = Release|Any CPU
		{C8F99BDA-258B-4C4B-8A9F-112A086A471B}.Release|Any CPU.Build.0 = Release|Any CPU
		{66B8E283-57A6-49D5-B663-7D21734B1E65}.Debug|Any CPU.ActiveCfg = Debug|Any CPU
		{66B8E283-57A6-49D5-B663-7D21734B1E65}.Debug|Any CPU.Build.0 = Debug|Any CPU
		{66B8E283-57A6-49D5-B663-7D21734B1E65}.Release|Any CPU.ActiveCfg = Release|Any CPU
		{66B8E283-57A6-49D5-B663-7D21734B1E65}.Release|Any CPU.Build.0 = Release|Any CPU
		{F32305CA-7349-4524-A3CE-3845F54A29E2}.Debug|Any CPU.ActiveCfg = Debug|Any CPU
		{F32305CA-7349-4524-A3CE-3845F54A29E2}.Debug|Any CPU.Build.0 = Debug|Any CPU
		{F32305CA-7349-4524-A3CE-3845F54A29E2}.Release|Any CPU.ActiveCfg = Release|Any CPU
		{F32305CA-7349-4524-A3CE-3845F54A29E2}.Release|Any CPU.Build.0 = Release|Any CPU
		{7259BBDD-F58B-45D1-9772-C2227C080436}.Debug|Any CPU.ActiveCfg = Debug|Any CPU
		{7259BBDD-F58B-45D1-9772-C2227C080436}.Debug|Any CPU.Build.0 = Debug|Any CPU
		{7259BBDD-F58B-45D1-9772-C2227C080436}.Release|Any CPU.ActiveCfg = Release|Any CPU
		{7259BBDD-F58B-45D1-9772-C2227C080436}.Release|Any CPU.Build.0 = Release|Any CPU
		{DB712394-9B89-4C6F-B310-4A3D0B3E5951}.Debug|Any CPU.ActiveCfg = Debug|Any CPU
		{DB712394-9B89-4C6F-B310-4A3D0B3E5951}.Debug|Any CPU.Build.0 = Debug|Any CPU
		{DB712394-9B89-4C6F-B310-4A3D0B3E5951}.Release|Any CPU.ActiveCfg = Release|Any CPU
		{DB712394-9B89-4C6F-B310-4A3D0B3E5951}.Release|Any CPU.Build.0 = Release|Any CPU
		{95BF8C8B-DC7A-42AC-B716-F0892D2DB9CC}.Debug|Any CPU.ActiveCfg = Debug|Any CPU
		{95BF8C8B-DC7A-42AC-B716-F0892D2DB9CC}.Debug|Any CPU.Build.0 = Debug|Any CPU
		{95BF8C8B-DC7A-42AC-B716-F0892D2DB9CC}.Release|Any CPU.ActiveCfg = Release|Any CPU
		{95BF8C8B-DC7A-42AC-B716-F0892D2DB9CC}.Release|Any CPU.Build.0 = Release|Any CPU
		{EB26A9A9-047F-40CD-ADAA-7073B57176C1}.Debug|Any CPU.ActiveCfg = Debug|Any CPU
		{EB26A9A9-047F-40CD-ADAA-7073B57176C1}.Debug|Any CPU.Build.0 = Debug|Any CPU
		{EB26A9A9-047F-40CD-ADAA-7073B57176C1}.Release|Any CPU.ActiveCfg = Release|Any CPU
		{EB26A9A9-047F-40CD-ADAA-7073B57176C1}.Release|Any CPU.Build.0 = Release|Any CPU
		{93F3767B-01A2-4B97-A684-8DAAB0381E45}.Debug|Any CPU.ActiveCfg = Debug|Any CPU
		{93F3767B-01A2-4B97-A684-8DAAB0381E45}.Debug|Any CPU.Build.0 = Debug|Any CPU
		{93F3767B-01A2-4B97-A684-8DAAB0381E45}.Release|Any CPU.ActiveCfg = Release|Any CPU
		{93F3767B-01A2-4B97-A684-8DAAB0381E45}.Release|Any CPU.Build.0 = Release|Any CPU
		{03EDEE14-54B0-453E-B2E3-4DA95E718BDB}.Debug|Any CPU.ActiveCfg = Debug|Any CPU
		{03EDEE14-54B0-453E-B2E3-4DA95E718BDB}.Debug|Any CPU.Build.0 = Debug|Any CPU
		{03EDEE14-54B0-453E-B2E3-4DA95E718BDB}.Release|Any CPU.ActiveCfg = Release|Any CPU
		{03EDEE14-54B0-453E-B2E3-4DA95E718BDB}.Release|Any CPU.Build.0 = Release|Any CPU
		{4F31228F-0344-4326-947C-13F9F27EAE63}.Debug|Any CPU.ActiveCfg = Debug|Any CPU
		{4F31228F-0344-4326-947C-13F9F27EAE63}.Debug|Any CPU.Build.0 = Debug|Any CPU
		{4F31228F-0344-4326-947C-13F9F27EAE63}.Release|Any CPU.ActiveCfg = Release|Any CPU
		{4F31228F-0344-4326-947C-13F9F27EAE63}.Release|Any CPU.Build.0 = Release|Any CPU
		{EE6E186F-E26D-4179-AC1E-DC7704FACEF9}.Debug|Any CPU.ActiveCfg = Debug|Any CPU
		{EE6E186F-E26D-4179-AC1E-DC7704FACEF9}.Debug|Any CPU.Build.0 = Debug|Any CPU
		{EE6E186F-E26D-4179-AC1E-DC7704FACEF9}.Release|Any CPU.ActiveCfg = Release|Any CPU
		{EE6E186F-E26D-4179-AC1E-DC7704FACEF9}.Release|Any CPU.Build.0 = Release|Any CPU
		{C7F50AE0-F3D7-421B-BC87-612A1261A5E8}.Debug|Any CPU.ActiveCfg = Debug|Any CPU
		{C7F50AE0-F3D7-421B-BC87-612A1261A5E8}.Debug|Any CPU.Build.0 = Debug|Any CPU
		{C7F50AE0-F3D7-421B-BC87-612A1261A5E8}.Release|Any CPU.ActiveCfg = Release|Any CPU
		{C7F50AE0-F3D7-421B-BC87-612A1261A5E8}.Release|Any CPU.Build.0 = Release|Any CPU
		{7E8EAE2C-6D65-4F6C-B38E-8995C2A373FE}.Debug|Any CPU.ActiveCfg = Debug|Any CPU
		{7E8EAE2C-6D65-4F6C-B38E-8995C2A373FE}.Debug|Any CPU.Build.0 = Debug|Any CPU
		{7E8EAE2C-6D65-4F6C-B38E-8995C2A373FE}.Release|Any CPU.ActiveCfg = Release|Any CPU
		{7E8EAE2C-6D65-4F6C-B38E-8995C2A373FE}.Release|Any CPU.Build.0 = Release|Any CPU
		{F2111F80-90F6-4FB8-8E72-B1EB78602E8C}.Debug|Any CPU.ActiveCfg = Debug|Any CPU
		{F2111F80-90F6-4FB8-8E72-B1EB78602E8C}.Debug|Any CPU.Build.0 = Debug|Any CPU
		{F2111F80-90F6-4FB8-8E72-B1EB78602E8C}.Release|Any CPU.ActiveCfg = Release|Any CPU
		{F2111F80-90F6-4FB8-8E72-B1EB78602E8C}.Release|Any CPU.Build.0 = Release|Any CPU
		{0F735182-4877-4DF6-A853-EE93107B59B0}.Debug|Any CPU.ActiveCfg = Debug|Any CPU
		{0F735182-4877-4DF6-A853-EE93107B59B0}.Debug|Any CPU.Build.0 = Debug|Any CPU
		{0F735182-4877-4DF6-A853-EE93107B59B0}.Release|Any CPU.ActiveCfg = Release|Any CPU
		{0F735182-4877-4DF6-A853-EE93107B59B0}.Release|Any CPU.Build.0 = Release|Any CPU
		{6A0D9808-4269-4E60-B33E-3FDCC5C062B3}.Debug|Any CPU.ActiveCfg = Debug|Any CPU
		{6A0D9808-4269-4E60-B33E-3FDCC5C062B3}.Debug|Any CPU.Build.0 = Debug|Any CPU
		{6A0D9808-4269-4E60-B33E-3FDCC5C062B3}.Release|Any CPU.ActiveCfg = Release|Any CPU
		{6A0D9808-4269-4E60-B33E-3FDCC5C062B3}.Release|Any CPU.Build.0 = Release|Any CPU
		{372E4F13-2EBE-4C00-A613-19FB92ED1467}.Debug|Any CPU.ActiveCfg = Debug|Any CPU
		{372E4F13-2EBE-4C00-A613-19FB92ED1467}.Debug|Any CPU.Build.0 = Debug|Any CPU
		{372E4F13-2EBE-4C00-A613-19FB92ED1467}.Release|Any CPU.ActiveCfg = Release|Any CPU
		{372E4F13-2EBE-4C00-A613-19FB92ED1467}.Release|Any CPU.Build.0 = Release|Any CPU
		{E7D568D8-A543-4056-816D-0A44E62BEE8E}.Debug|Any CPU.ActiveCfg = Debug|Any CPU
		{E7D568D8-A543-4056-816D-0A44E62BEE8E}.Debug|Any CPU.Build.0 = Debug|Any CPU
		{E7D568D8-A543-4056-816D-0A44E62BEE8E}.Release|Any CPU.ActiveCfg = Release|Any CPU
		{E7D568D8-A543-4056-816D-0A44E62BEE8E}.Release|Any CPU.Build.0 = Release|Any CPU
		{60FC7794-AFD7-4EB9-9134-4A3F5B5DA4F8}.Debug|Any CPU.ActiveCfg = Debug|Any CPU
		{60FC7794-AFD7-4EB9-9134-4A3F5B5DA4F8}.Debug|Any CPU.Build.0 = Debug|Any CPU
		{60FC7794-AFD7-4EB9-9134-4A3F5B5DA4F8}.Release|Any CPU.ActiveCfg = Release|Any CPU
		{60FC7794-AFD7-4EB9-9134-4A3F5B5DA4F8}.Release|Any CPU.Build.0 = Release|Any CPU
		{211BC800-048F-4097-9C5D-E78BED961D0E}.Debug|Any CPU.ActiveCfg = Debug|Any CPU
		{211BC800-048F-4097-9C5D-E78BED961D0E}.Debug|Any CPU.Build.0 = Debug|Any CPU
		{211BC800-048F-4097-9C5D-E78BED961D0E}.Release|Any CPU.ActiveCfg = Release|Any CPU
		{211BC800-048F-4097-9C5D-E78BED961D0E}.Release|Any CPU.Build.0 = Release|Any CPU
		{92954B6C-EE10-4613-8040-3A40AE82357F}.Debug|Any CPU.ActiveCfg = Debug|Any CPU
		{92954B6C-EE10-4613-8040-3A40AE82357F}.Debug|Any CPU.Build.0 = Debug|Any CPU
		{92954B6C-EE10-4613-8040-3A40AE82357F}.Release|Any CPU.ActiveCfg = Release|Any CPU
		{92954B6C-EE10-4613-8040-3A40AE82357F}.Release|Any CPU.Build.0 = Release|Any CPU
		{2F80BA27-943B-459B-AF2E-2EDA6D872A9D}.Debug|Any CPU.ActiveCfg = Debug|Any CPU
		{2F80BA27-943B-459B-AF2E-2EDA6D872A9D}.Debug|Any CPU.Build.0 = Debug|Any CPU
		{2F80BA27-943B-459B-AF2E-2EDA6D872A9D}.Release|Any CPU.ActiveCfg = Release|Any CPU
		{2F80BA27-943B-459B-AF2E-2EDA6D872A9D}.Release|Any CPU.Build.0 = Release|Any CPU
		{7DF89FCC-5D16-4236-8F9F-F095E80CADDB}.Debug|Any CPU.ActiveCfg = Debug|Any CPU
		{7DF89FCC-5D16-4236-8F9F-F095E80CADDB}.Debug|Any CPU.Build.0 = Debug|Any CPU
		{7DF89FCC-5D16-4236-8F9F-F095E80CADDB}.Release|Any CPU.ActiveCfg = Release|Any CPU
		{7DF89FCC-5D16-4236-8F9F-F095E80CADDB}.Release|Any CPU.Build.0 = Release|Any CPU
		{BD76CBDB-D53F-439C-9EC0-897BD0D65E9F}.Debug|Any CPU.ActiveCfg = Debug|Any CPU
		{BD76CBDB-D53F-439C-9EC0-897BD0D65E9F}.Debug|Any CPU.Build.0 = Debug|Any CPU
		{BD76CBDB-D53F-439C-9EC0-897BD0D65E9F}.Release|Any CPU.ActiveCfg = Release|Any CPU
		{BD76CBDB-D53F-439C-9EC0-897BD0D65E9F}.Release|Any CPU.Build.0 = Release|Any CPU
		{844CAEC1-D205-41E9-8760-8C5DA7379401}.Debug|Any CPU.ActiveCfg = Debug|Any CPU
		{844CAEC1-D205-41E9-8760-8C5DA7379401}.Debug|Any CPU.Build.0 = Debug|Any CPU
		{844CAEC1-D205-41E9-8760-8C5DA7379401}.Release|Any CPU.ActiveCfg = Release|Any CPU
		{844CAEC1-D205-41E9-8760-8C5DA7379401}.Release|Any CPU.Build.0 = Release|Any CPU
		{8191D1D9-3D34-4564-9A0F-3F3D04255565}.Debug|Any CPU.ActiveCfg = Debug|Any CPU
		{8191D1D9-3D34-4564-9A0F-3F3D04255565}.Debug|Any CPU.Build.0 = Debug|Any CPU
		{8191D1D9-3D34-4564-9A0F-3F3D04255565}.Release|Any CPU.ActiveCfg = Release|Any CPU
		{8191D1D9-3D34-4564-9A0F-3F3D04255565}.Release|Any CPU.Build.0 = Release|Any CPU
		{92EF21A8-93E4-4314-9F83-40925D954374}.Debug|Any CPU.ActiveCfg = Debug|Any CPU
		{92EF21A8-93E4-4314-9F83-40925D954374}.Debug|Any CPU.Build.0 = Debug|Any CPU
		{92EF21A8-93E4-4314-9F83-40925D954374}.Release|Any CPU.ActiveCfg = Release|Any CPU
		{92EF21A8-93E4-4314-9F83-40925D954374}.Release|Any CPU.Build.0 = Release|Any CPU
		{97399C1D-991A-4A6F-A730-38237D377313}.Debug|Any CPU.ActiveCfg = Debug|Any CPU
		{97399C1D-991A-4A6F-A730-38237D377313}.Debug|Any CPU.Build.0 = Debug|Any CPU
		{97399C1D-991A-4A6F-A730-38237D377313}.Release|Any CPU.ActiveCfg = Release|Any CPU
		{97399C1D-991A-4A6F-A730-38237D377313}.Release|Any CPU.Build.0 = Release|Any CPU
		{C2C0DC91-4C38-4403-948A-39F56A2909E1}.Debug|Any CPU.ActiveCfg = Debug|Any CPU
		{C2C0DC91-4C38-4403-948A-39F56A2909E1}.Debug|Any CPU.Build.0 = Debug|Any CPU
		{C2C0DC91-4C38-4403-948A-39F56A2909E1}.Release|Any CPU.ActiveCfg = Release|Any CPU
		{C2C0DC91-4C38-4403-948A-39F56A2909E1}.Release|Any CPU.Build.0 = Release|Any CPU
		{68885CEA-AEE0-44F0-9F96-7EEB3ECF694C}.Debug|Any CPU.ActiveCfg = Debug|Any CPU
		{68885CEA-AEE0-44F0-9F96-7EEB3ECF694C}.Debug|Any CPU.Build.0 = Debug|Any CPU
		{68885CEA-AEE0-44F0-9F96-7EEB3ECF694C}.Release|Any CPU.ActiveCfg = Release|Any CPU
		{68885CEA-AEE0-44F0-9F96-7EEB3ECF694C}.Release|Any CPU.Build.0 = Release|Any CPU
		{C11F2F2B-5DDF-4256-9B76-DF9D5F6D9CCE}.Debug|Any CPU.ActiveCfg = Debug|Any CPU
		{C11F2F2B-5DDF-4256-9B76-DF9D5F6D9CCE}.Debug|Any CPU.Build.0 = Debug|Any CPU
		{C11F2F2B-5DDF-4256-9B76-DF9D5F6D9CCE}.Release|Any CPU.ActiveCfg = Release|Any CPU
		{C11F2F2B-5DDF-4256-9B76-DF9D5F6D9CCE}.Release|Any CPU.Build.0 = Release|Any CPU
		{73240CA6-DD4C-40BA-B1EE-11A4AF023323}.Debug|Any CPU.ActiveCfg = Debug|Any CPU
		{73240CA6-DD4C-40BA-B1EE-11A4AF023323}.Debug|Any CPU.Build.0 = Debug|Any CPU
		{73240CA6-DD4C-40BA-B1EE-11A4AF023323}.Release|Any CPU.ActiveCfg = Release|Any CPU
		{73240CA6-DD4C-40BA-B1EE-11A4AF023323}.Release|Any CPU.Build.0 = Release|Any CPU
		{11202063-A6A1-4766-9FB1-49F23F71D151}.Debug|Any CPU.ActiveCfg = Debug|Any CPU
		{11202063-A6A1-4766-9FB1-49F23F71D151}.Debug|Any CPU.Build.0 = Debug|Any CPU
		{11202063-A6A1-4766-9FB1-49F23F71D151}.Release|Any CPU.ActiveCfg = Release|Any CPU
		{11202063-A6A1-4766-9FB1-49F23F71D151}.Release|Any CPU.Build.0 = Release|Any CPU
		{2CAA7B88-6B0C-4378-B2E0-DDD191778E70}.Debug|Any CPU.ActiveCfg = Debug|Any CPU
		{2CAA7B88-6B0C-4378-B2E0-DDD191778E70}.Debug|Any CPU.Build.0 = Debug|Any CPU
		{2CAA7B88-6B0C-4378-B2E0-DDD191778E70}.Release|Any CPU.ActiveCfg = Release|Any CPU
		{2CAA7B88-6B0C-4378-B2E0-DDD191778E70}.Release|Any CPU.Build.0 = Release|Any CPU
		{65898343-5947-4836-9693-AED5518CAD05}.Debug|Any CPU.ActiveCfg = Debug|Any CPU
		{65898343-5947-4836-9693-AED5518CAD05}.Debug|Any CPU.Build.0 = Debug|Any CPU
		{65898343-5947-4836-9693-AED5518CAD05}.Release|Any CPU.ActiveCfg = Release|Any CPU
		{65898343-5947-4836-9693-AED5518CAD05}.Release|Any CPU.Build.0 = Release|Any CPU
		{209773BB-134A-40FA-85F5-A3303000560D}.Debug|Any CPU.ActiveCfg = Debug|Any CPU
		{209773BB-134A-40FA-85F5-A3303000560D}.Debug|Any CPU.Build.0 = Debug|Any CPU
		{209773BB-134A-40FA-85F5-A3303000560D}.Release|Any CPU.ActiveCfg = Release|Any CPU
		{209773BB-134A-40FA-85F5-A3303000560D}.Release|Any CPU.Build.0 = Release|Any CPU
		{9E606BA4-AF59-4B8A-8838-1939E9E8E9CC}.Debug|Any CPU.ActiveCfg = Debug|Any CPU
		{9E606BA4-AF59-4B8A-8838-1939E9E8E9CC}.Debug|Any CPU.Build.0 = Debug|Any CPU
		{9E606BA4-AF59-4B8A-8838-1939E9E8E9CC}.Release|Any CPU.ActiveCfg = Release|Any CPU
		{9E606BA4-AF59-4B8A-8838-1939E9E8E9CC}.Release|Any CPU.Build.0 = Release|Any CPU
		{895F0DBD-CAF2-42B7-908E-99CF1AD205AB}.Debug|Any CPU.ActiveCfg = Debug|Any CPU
		{895F0DBD-CAF2-42B7-908E-99CF1AD205AB}.Debug|Any CPU.Build.0 = Debug|Any CPU
		{895F0DBD-CAF2-42B7-908E-99CF1AD205AB}.Release|Any CPU.ActiveCfg = Release|Any CPU
		{895F0DBD-CAF2-42B7-908E-99CF1AD205AB}.Release|Any CPU.Build.0 = Release|Any CPU
		{5E5B1D20-6D2A-4871-89BE-1AC19D6AEDEB}.Debug|Any CPU.ActiveCfg = Debug|Any CPU
		{5E5B1D20-6D2A-4871-89BE-1AC19D6AEDEB}.Debug|Any CPU.Build.0 = Debug|Any CPU
		{5E5B1D20-6D2A-4871-89BE-1AC19D6AEDEB}.Release|Any CPU.ActiveCfg = Release|Any CPU
		{5E5B1D20-6D2A-4871-89BE-1AC19D6AEDEB}.Release|Any CPU.Build.0 = Release|Any CPU
		{A5E3A5B2-DC88-4EA3-8CEF-992FCB9D55A5}.Debug|Any CPU.ActiveCfg = Debug|Any CPU
		{A5E3A5B2-DC88-4EA3-8CEF-992FCB9D55A5}.Debug|Any CPU.Build.0 = Debug|Any CPU
		{A5E3A5B2-DC88-4EA3-8CEF-992FCB9D55A5}.Release|Any CPU.ActiveCfg = Release|Any CPU
		{A5E3A5B2-DC88-4EA3-8CEF-992FCB9D55A5}.Release|Any CPU.Build.0 = Release|Any CPU
		{7699B6B8-54D5-4D41-A355-A49100BA6BC6}.Debug|Any CPU.ActiveCfg = Debug|Any CPU
		{7699B6B8-54D5-4D41-A355-A49100BA6BC6}.Debug|Any CPU.Build.0 = Debug|Any CPU
		{7699B6B8-54D5-4D41-A355-A49100BA6BC6}.Release|Any CPU.ActiveCfg = Release|Any CPU
		{7699B6B8-54D5-4D41-A355-A49100BA6BC6}.Release|Any CPU.Build.0 = Release|Any CPU
		{EED416AC-7DAC-469B-8A6A-2E66C343AAAF}.Debug|Any CPU.ActiveCfg = Debug|Any CPU
		{EED416AC-7DAC-469B-8A6A-2E66C343AAAF}.Debug|Any CPU.Build.0 = Debug|Any CPU
		{EED416AC-7DAC-469B-8A6A-2E66C343AAAF}.Release|Any CPU.ActiveCfg = Release|Any CPU
		{EED416AC-7DAC-469B-8A6A-2E66C343AAAF}.Release|Any CPU.Build.0 = Release|Any CPU
		{55FDD722-B65B-455C-80BE-4754A91378DB}.Debug|Any CPU.ActiveCfg = Debug|Any CPU
		{55FDD722-B65B-455C-80BE-4754A91378DB}.Debug|Any CPU.Build.0 = Debug|Any CPU
		{55FDD722-B65B-455C-80BE-4754A91378DB}.Release|Any CPU.ActiveCfg = Release|Any CPU
		{55FDD722-B65B-455C-80BE-4754A91378DB}.Release|Any CPU.Build.0 = Release|Any CPU
		{D3428C3F-4DE0-4AAB-A824-C43ACACD3AFE}.Debug|Any CPU.ActiveCfg = Debug|Any CPU
		{D3428C3F-4DE0-4AAB-A824-C43ACACD3AFE}.Debug|Any CPU.Build.0 = Debug|Any CPU
		{D3428C3F-4DE0-4AAB-A824-C43ACACD3AFE}.Release|Any CPU.ActiveCfg = Release|Any CPU
		{D3428C3F-4DE0-4AAB-A824-C43ACACD3AFE}.Release|Any CPU.Build.0 = Release|Any CPU
		{C916C774-7B3A-41CA-8797-013C45E56370}.Debug|Any CPU.ActiveCfg = Debug|Any CPU
		{C916C774-7B3A-41CA-8797-013C45E56370}.Debug|Any CPU.Build.0 = Debug|Any CPU
		{C916C774-7B3A-41CA-8797-013C45E56370}.Release|Any CPU.ActiveCfg = Release|Any CPU
		{C916C774-7B3A-41CA-8797-013C45E56370}.Release|Any CPU.Build.0 = Release|Any CPU
	EndGlobalSection
	GlobalSection(SolutionProperties) = preSolution
		HideSolutionNode = FALSE
	EndGlobalSection
	GlobalSection(NestedProjects) = preSolution
		{8F957794-DB9E-4812-B9A9-41D6B7DC6255} = {90F48821-2032-490F-B4B3-9D5E84E8D093}
		{DAE38E45-3E3C-4AAF-93E0-103DBDDA07BE} = {62E67F2D-3C8C-4C80-9008-B70BE0E477DE}
		{33E7CA07-AF6F-4792-A4E1-7F265EB20EFE} = {62E67F2D-3C8C-4C80-9008-B70BE0E477DE}
		{32E04B34-73AA-4DA9-AB83-75B489520A4E} = {62E67F2D-3C8C-4C80-9008-B70BE0E477DE}
		{DF43FFF7-22ED-45E1-9CF5-F151EAC811D3} = {62E67F2D-3C8C-4C80-9008-B70BE0E477DE}
		{DF7C54D4-376F-4A33-B05B-E322DFE83662} = {62E67F2D-3C8C-4C80-9008-B70BE0E477DE}
		{75C6BB2D-144E-4DF4-A0AA-AFFFF2A4C5A8} = {62E67F2D-3C8C-4C80-9008-B70BE0E477DE}
		{42A88218-72E4-43F6-B996-A03C0E9AEEF1} = {62E67F2D-3C8C-4C80-9008-B70BE0E477DE}
		{CF15D0D5-BE72-4F98-B70F-229ABA1DF0E8} = {2136948A-96B8-401F-942D-3EFC4CC91EAD}
		{0E7413FF-EB9E-4714-ACF2-BE3A6A7B2FFD} = {2136948A-96B8-401F-942D-3EFC4CC91EAD}
		{2D18BE89-D210-49EB-A9DD-2246FBB3DF6D} = {2136948A-96B8-401F-942D-3EFC4CC91EAD}
		{6819783E-8981-4353-B396-E0EE33958260} = {2136948A-96B8-401F-942D-3EFC4CC91EAD}
		{A542B8F7-01C2-4168-83D6-101278279D05} = {2136948A-96B8-401F-942D-3EFC4CC91EAD}
		{EA448F00-687B-415F-9D76-6D066D2FB22F} = {2136948A-96B8-401F-942D-3EFC4CC91EAD}
		{6E58DFD7-5154-4AA3-96DF-E562DE00393B} = {2136948A-96B8-401F-942D-3EFC4CC91EAD}
		{C75532C4-765B-418E-B09B-46D36B2ABDB1} = {2136948A-96B8-401F-942D-3EFC4CC91EAD}
		{8047D0C4-A6C0-4137-A2BC-C7C50D8EF872} = {2136948A-96B8-401F-942D-3EFC4CC91EAD}
		{458523A6-D11B-42FA-8D47-54432D2A7A38} = {2136948A-96B8-401F-942D-3EFC4CC91EAD}
		{E51AB122-E950-4C93-B3E4-58D72699162E} = {2136948A-96B8-401F-942D-3EFC4CC91EAD}
		{DFA9EA17-1546-4A0C-BF4B-AD6D9DC7907A} = {2136948A-96B8-401F-942D-3EFC4CC91EAD}
		{E6867FF5-74EC-4464-8958-D71CB46232F3} = {2136948A-96B8-401F-942D-3EFC4CC91EAD}
		{99DF7B0D-A930-4A76-9CF2-7ED00316B01F} = {2136948A-96B8-401F-942D-3EFC4CC91EAD}
		{19417BED-6E1E-4410-B38D-34631FC6D3D1} = {2136948A-96B8-401F-942D-3EFC4CC91EAD}
		{2C631B44-58BA-46FB-99C6-586716FFE098} = {2136948A-96B8-401F-942D-3EFC4CC91EAD}
		{E73BB233-D88B-44A7-A98F-D71EE158381D} = {2136948A-96B8-401F-942D-3EFC4CC91EAD}
		{1DF44EDB-5C35-4F68-A4C5-609BECC5AC30} = {2136948A-96B8-401F-942D-3EFC4CC91EAD}
		{BFFF29F5-FB04-4597-9D0D-E01F65295D1A} = {2136948A-96B8-401F-942D-3EFC4CC91EAD}
		{C944B858-D797-4414-A05C-498A77C9CAF0} = {2136948A-96B8-401F-942D-3EFC4CC91EAD}
		{C8F99BDA-258B-4C4B-8A9F-112A086A471B} = {2136948A-96B8-401F-942D-3EFC4CC91EAD}
		{66B8E283-57A6-49D5-B663-7D21734B1E65} = {A852D9C8-9B25-4A18-B448-EB8899FA9058}
		{F32305CA-7349-4524-A3CE-3845F54A29E2} = {A852D9C8-9B25-4A18-B448-EB8899FA9058}
		{7259BBDD-F58B-45D1-9772-C2227C080436} = {A852D9C8-9B25-4A18-B448-EB8899FA9058}
		{DB712394-9B89-4C6F-B310-4A3D0B3E5951} = {A852D9C8-9B25-4A18-B448-EB8899FA9058}
		{95BF8C8B-DC7A-42AC-B716-F0892D2DB9CC} = {A852D9C8-9B25-4A18-B448-EB8899FA9058}
		{EB26A9A9-047F-40CD-ADAA-7073B57176C1} = {A852D9C8-9B25-4A18-B448-EB8899FA9058}
		{93F3767B-01A2-4B97-A684-8DAAB0381E45} = {A852D9C8-9B25-4A18-B448-EB8899FA9058}
		{03EDEE14-54B0-453E-B2E3-4DA95E718BDB} = {A852D9C8-9B25-4A18-B448-EB8899FA9058}
		{4F31228F-0344-4326-947C-13F9F27EAE63} = {A852D9C8-9B25-4A18-B448-EB8899FA9058}
		{EE6E186F-E26D-4179-AC1E-DC7704FACEF9} = {A852D9C8-9B25-4A18-B448-EB8899FA9058}
		{C7F50AE0-F3D7-421B-BC87-612A1261A5E8} = {A852D9C8-9B25-4A18-B448-EB8899FA9058}
		{7E8EAE2C-6D65-4F6C-B38E-8995C2A373FE} = {A852D9C8-9B25-4A18-B448-EB8899FA9058}
		{F2111F80-90F6-4FB8-8E72-B1EB78602E8C} = {A852D9C8-9B25-4A18-B448-EB8899FA9058}
		{0F735182-4877-4DF6-A853-EE93107B59B0} = {A852D9C8-9B25-4A18-B448-EB8899FA9058}
		{6A0D9808-4269-4E60-B33E-3FDCC5C062B3} = {A852D9C8-9B25-4A18-B448-EB8899FA9058}
		{372E4F13-2EBE-4C00-A613-19FB92ED1467} = {A852D9C8-9B25-4A18-B448-EB8899FA9058}
		{E7D568D8-A543-4056-816D-0A44E62BEE8E} = {A852D9C8-9B25-4A18-B448-EB8899FA9058}
		{60FC7794-AFD7-4EB9-9134-4A3F5B5DA4F8} = {A852D9C8-9B25-4A18-B448-EB8899FA9058}
		{211BC800-048F-4097-9C5D-E78BED961D0E} = {A852D9C8-9B25-4A18-B448-EB8899FA9058}
		{92954B6C-EE10-4613-8040-3A40AE82357F} = {A852D9C8-9B25-4A18-B448-EB8899FA9058}
		{2F80BA27-943B-459B-AF2E-2EDA6D872A9D} = {9078DD62-826A-4B01-B666-D4EFE2200421}
		{7DF89FCC-5D16-4236-8F9F-F095E80CADDB} = {9078DD62-826A-4B01-B666-D4EFE2200421}
		{BD76CBDB-D53F-439C-9EC0-897BD0D65E9F} = {9078DD62-826A-4B01-B666-D4EFE2200421}
		{844CAEC1-D205-41E9-8760-8C5DA7379401} = {9078DD62-826A-4B01-B666-D4EFE2200421}
		{8191D1D9-3D34-4564-9A0F-3F3D04255565} = {9078DD62-826A-4B01-B666-D4EFE2200421}
		{92EF21A8-93E4-4314-9F83-40925D954374} = {81D8A35C-0CA3-4288-AF3C-B991095F3D8A}
		{97399C1D-991A-4A6F-A730-38237D377313} = {81D8A35C-0CA3-4288-AF3C-B991095F3D8A}
		{C2C0DC91-4C38-4403-948A-39F56A2909E1} = {81D8A35C-0CA3-4288-AF3C-B991095F3D8A}
		{68885CEA-AEE0-44F0-9F96-7EEB3ECF694C} = {D76334F5-3FBB-4A53-8B04-15FFA4D60619}
		{C11F2F2B-5DDF-4256-9B76-DF9D5F6D9CCE} = {D76334F5-3FBB-4A53-8B04-15FFA4D60619}
		{73240CA6-DD4C-40BA-B1EE-11A4AF023323} = {D76334F5-3FBB-4A53-8B04-15FFA4D60619}
		{11202063-A6A1-4766-9FB1-49F23F71D151} = {D76334F5-3FBB-4A53-8B04-15FFA4D60619}
		{2CAA7B88-6B0C-4378-B2E0-DDD191778E70} = {81D8A35C-0CA3-4288-AF3C-B991095F3D8A}
		{65898343-5947-4836-9693-AED5518CAD05} = {81D8A35C-0CA3-4288-AF3C-B991095F3D8A}
		{209773BB-134A-40FA-85F5-A3303000560D} = {A852D9C8-9B25-4A18-B448-EB8899FA9058}
		{9E606BA4-AF59-4B8A-8838-1939E9E8E9CC} = {A852D9C8-9B25-4A18-B448-EB8899FA9058}
		{895F0DBD-CAF2-42B7-908E-99CF1AD205AB} = {D76334F5-3FBB-4A53-8B04-15FFA4D60619}
		{5E5B1D20-6D2A-4871-89BE-1AC19D6AEDEB} = {2136948A-96B8-401F-942D-3EFC4CC91EAD}
		{A5E3A5B2-DC88-4EA3-8CEF-992FCB9D55A5} = {A852D9C8-9B25-4A18-B448-EB8899FA9058}
		{7699B6B8-54D5-4D41-A355-A49100BA6BC6} = {A852D9C8-9B25-4A18-B448-EB8899FA9058}
		{EED416AC-7DAC-469B-8A6A-2E66C343AAAF} = {2136948A-96B8-401F-942D-3EFC4CC91EAD}
		{55FDD722-B65B-455C-80BE-4754A91378DB} = {8D59DBBA-ADC9-4EC4-A13F-59814B5284FA}
		{D3428C3F-4DE0-4AAB-A824-C43ACACD3AFE} = {8D59DBBA-ADC9-4EC4-A13F-59814B5284FA}
		{C916C774-7B3A-41CA-8797-013C45E56370} = {90F48821-2032-490F-B4B3-9D5E84E8D093}
	EndGlobalSection
	GlobalSection(ExtensibilityGlobals) = postSolution
		SolutionGuid = {873B58A0-2B66-408C-BC88-A69074B2A059}
	EndGlobalSection
EndGlobal
