
Microsoft Visual Studio Solution File, Format Version 12.00
# Visual Studio Version 16
VisualStudioVersion = 16.0.34301.259
MinimumVisualStudioVersion = 10.0.40219.1
Project("{2150E333-8FDC-42A3-9474-1A3956D46DE8}") = "_build", "_build", "{71FCEF7D-C9E6-463C-AB49-8AE7A6F37B88}"
	ProjectSection(SolutionItems) = preProject
		Jambase = Jambase
		Jamconfigure = Jamconfigure
		Jamfile = Jamfile
		mps.jam = mps.jam
		vs-jam-build.bat = vs-jam-build.bat
		vs-jam-clean.bat = vs-jam-clean.bat
	EndProjectSection
EndProject
Project("{2150E333-8FDC-42A3-9474-1A3956D46DE8}") = "mps", "mps", "{0FA477A3-37BA-4755-8BCB-41A222D182B1}"
EndProject
Project("{2150E333-8FDC-42A3-9474-1A3956D46DE8}") = "mpal", "mpal", "{19990BBA-D629-4E61-AB93-AAB12EE9E186}"
EndProject
Project("{8BC9CEB8-8B4A-11D0-8D11-00A0C91BC942}") = "mpal-debugger", "src\mpal-debugger\mpal-debugger.vcxproj", "{1C992998-5271-4033-A1AE-DB6D0133AF08}"
EndProject
Project("{8BC9CEB8-8B4A-11D0-8D11-00A0C91BC942}") = "mpal-vm", "src\mpal-vm\mps-vc8.vcxproj", "{39CB251A-4079-4343-9BA8-73B20C20B606}"
EndProject
Project("{2150E333-8FDC-42A3-9474-1A3956D46DE8}") = "modules", "modules", "{D7CE3DA9-C755-4437-889E-C499D57EF1E8}"
EndProject
Project("{2150E333-8FDC-42A3-9474-1A3956D46DE8}") = "driver", "driver", "{C158E893-2731-4FBE-AF51-3927A05C2673}"
EndProject
Project("{8BC9CEB8-8B4A-11D0-8D11-00A0C91BC942}") = "mps-stream-prot", "src\mps-stream-prot\mps-stream-prot.vcxproj", "{F923A7E7-D71A-4AC9-B85E-72AFDD3669D2}"
EndProject
Project("{8BC9CEB8-8B4A-11D0-8D11-00A0C91BC942}") = "mps-streaming", "src\mps-streaming\mps-streaming.vcxproj", "{691027E7-B24F-43BD-B461-99D12E071591}"
EndProject
Project("{8BC9CEB8-8B4A-11D0-8D11-00A0C91BC942}") = "mps-rt", "src\mps-rt\mps-rt.vcxproj", "{1EE9A7D8-160A-4DDB-A57B-B94FE4C34416}"
EndProject
Project("{8BC9CEB8-8B4A-11D0-8D11-00A0C91BC942}") = "mps-modld", "src\mps-modld\mps-modld.vcxproj", "{724B6301-549A-45E3-A03C-85D0FFCA544F}"
EndProject
Project("{8BC9CEB8-8B4A-11D0-8D11-00A0C91BC942}") = "mps-licence", "src\mps-licence\mps-licence.vcxproj", "{7B3F7D04-D823-4A93-8583-C3E1311015F0}"
EndProject
Project("{8BC9CEB8-8B4A-11D0-8D11-00A0C91BC942}") = "mps-core", "src\mps-core\mps-vc8.vcxproj", "{7258B289-F5FE-4BF7-BF57-F6D81BAD3D72}"
EndProject
Project("{8BC9CEB8-8B4A-11D0-8D11-00A0C91BC942}") = "mps-builder", "src\mps-builder\mps-builder.vcxproj", "{02060917-6470-4C8A-9FFA-BBC1397FDCA2}"
EndProject
Project("{8BC9CEB8-8B4A-11D0-8D11-00A0C91BC942}") = "mps-api", "src\mps-api\mps-api.vcxproj", "{867A7B50-E8EA-445D-AD0E-3DD960EBF084}"
EndProject
Project("{8BC9CEB8-8B4A-11D0-8D11-00A0C91BC942}") = "mps-timer", "src\mps-timer\mps-timer.vcxproj", "{49C41D03-539F-4800-BE8C-4D624F616584}"
EndProject
Project("{8BC9CEB8-8B4A-11D0-8D11-00A0C91BC942}") = "mps-video-opencv", "src\mps-video-opencv\mps-video-opencv.vcxproj", "{0FDB53FA-9B9B-44F0-B2D7-F7F0F61D5C34}"
EndProject
Project("{8BC9CEB8-8B4A-11D0-8D11-00A0C91BC942}") = "mps-drv-opencv", "src\mps-drv-opencv\mps-drv-opencv.vcxproj", "{2013A895-8984-47A4-A2AE-FE3B9C61B925}"
EndProject
Project("{8BC9CEB8-8B4A-11D0-8D11-00A0C91BC942}") = "mps-can-drv", "src\mps-can-drv\mps-candrv.vcxproj", "{9C99BD99-7FE6-4795-99BC-D0B06C2C1786}"
EndProject
Project("{8BC9CEB8-8B4A-11D0-8D11-00A0C91BC942}") = "mps-can-vector", "src\mps-can-vector\mps-can-vector.vcxproj", "{D4294897-1091-404C-834D-92954A98F00F}"
EndProject
Project("{8BC9CEB8-8B4A-11D0-8D11-00A0C91BC942}") = "mps-can-systec", "src\mps-can-systec\mps-can-systec.vcxproj", "{624760A0-4D06-4BC6-BFF7-9C43D67571D0}"
EndProject
Project("{8BC9CEB8-8B4A-11D0-8D11-00A0C91BC942}") = "mps-can-peak", "src\mps-can-peak\mp-can-peak.vcxproj", "{D7DCD83C-DB3A-4A73-A98B-FC161A9A71A4}"
EndProject
Project("{8BC9CEB8-8B4A-11D0-8D11-00A0C91BC942}") = "mps-can-kvaser", "src\mps-can-kvaser\mps-can-kvaser.vcxproj", "{BF9D867A-F708-44D1-9948-475CCA96E1AD}"
EndProject
Project("{8BC9CEB8-8B4A-11D0-8D11-00A0C91BC942}") = "mps-can-elm327", "src\mps-can-elm327\mps-can-elm327.vcxproj", "{AAF6A019-8229-4734-B69B-39A67FA169F1}"
EndProject
Project("{8BC9CEB8-8B4A-11D0-8D11-00A0C91BC942}") = "mps-can-demo", "src\mps-can-demo\mps-can-demo.vcxproj", "{FDDB8A1A-B526-45BE-A18F-467F3757D483}"
EndProject
Project("{8BC9CEB8-8B4A-11D0-8D11-00A0C91BC942}") = "mps-storage", "src\mps-storage\mps-storage.vcxproj", "{9E171980-58FF-4E0F-A8C0-44484F06DC34}"
EndProject
Project("{8BC9CEB8-8B4A-11D0-8D11-00A0C91BC942}") = "mps-statistics", "src\mps-statistics\mps-statistics.vcxproj", "{ED826DBF-0EAB-4580-80A1-EF6F8DE6D4C7}"
EndProject
Project("{8BC9CEB8-8B4A-11D0-8D11-00A0C91BC942}") = "mps-mpal", "src\mps-mpal\mps-mpal.vcxproj", "{8827A6AB-104C-4352-B45C-8D87681C6189}"
EndProject
Project("{8BC9CEB8-8B4A-11D0-8D11-00A0C91BC942}") = "mps-labjack", "src\mps-labjack\mps-labjack.vcxproj", "{920F6278-35E5-4FDD-8071-00F3E166F103}"
EndProject
Project("{8BC9CEB8-8B4A-11D0-8D11-00A0C91BC942}") = "mps-gps", "src\mps-gps\mps-gps.vcxproj", "{6F0AE6A7-60DB-43E6-8C05-67CAA0973D95}"
EndProject
Project("{8BC9CEB8-8B4A-11D0-8D11-00A0C91BC942}") = "mps-filter", "src\mps-filter\mps-filter.vcxproj", "{77AD403D-B08A-4BFC-8A3F-7D822B131710}"
EndProject
Project("{8BC9CEB8-8B4A-11D0-8D11-00A0C91BC942}") = "mps-fgen", "src\mps-fgen\mps-fgen.vcxproj", "{4FD74A79-430A-450E-A0C5-8957B7211DD9}"
EndProject
Project("{8BC9CEB8-8B4A-11D0-8D11-00A0C91BC942}") = "mps-fft", "src\mps-fft\mps-fft.vcxproj", "{B5B96FFC-5070-485D-8B66-A72497928C36}"
EndProject
Project("{8BC9CEB8-8B4A-11D0-8D11-00A0C91BC942}") = "mps-event", "src\mps-event\mps-event.vcxproj", "{715C750C-7E53-4C2E-9AB1-6C196267E5A7}"
EndProject
Project("{8BC9CEB8-8B4A-11D0-8D11-00A0C91BC942}") = "mps-controller", "src\mps-controller\mps-controller.vcxproj", "{05E176C5-DEC5-4553-BA99-EE99D24AC106}"
EndProject
Project("{8BC9CEB8-8B4A-11D0-8D11-00A0C91BC942}") = "mps-clock", "src\mps-clock\mps-clock.vcxproj", "{8184700B-45E2-4F96-A838-1EF293AEA33D}"
EndProject
Project("{8BC9CEB8-8B4A-11D0-8D11-00A0C91BC942}") = "mps-can", "src\mps-can\mps-can.vcxproj", "{9811B778-2ACD-4174-A0AD-5F519399EB6A}"
EndProject
Project("{8BC9CEB8-8B4A-11D0-8D11-00A0C91BC942}") = "mps-calculation", "src\mps-calculation\mps-calculation.vcxproj", "{9E3FE236-D36D-4F72-A2F1-66C9FD23C5FA}"
EndProject
Project("{8BC9CEB8-8B4A-11D0-8D11-00A0C91BC942}") = "mps-audio", "src\mps-audio\mps-audio.vcxproj", "{FBECA9B6-3380-4B10-9177-0164E8D8893F}"
EndProject
Project("{8BC9CEB8-8B4A-11D0-8D11-00A0C91BC942}") = "mps-analysis", "src\mps-analysis\mp-analysis.vcxproj", "{8B8D26DC-C4A4-433F-B574-0D492F49C02B}"
EndProject
Project("{8BC9CEB8-8B4A-11D0-8D11-00A0C91BC942}") = "mps-can-socket", "src\mps-can-socket\mps-can-socket.vcxproj", "{1133A851-E88D-4C5C-8B9A-9965CBBAA224}"
EndProject
Project("{8BC9CEB8-8B4A-11D0-8D11-00A0C91BC942}") = "mps-drv-audio", "src\mps-drv-audio\mps-drv-audio.vcxproj", "{24D88482-8F15-4B47-9260-6881184849D9}"
EndProject
Project("{8BC9CEB8-8B4A-11D0-8D11-00A0C91BC942}") = "mps-obd2", "src\mps-obd2\mps-obd2.vcxproj", "{A3061617-6D56-4F16-B2A5-186803AA67A2}"
EndProject
Project("{8BC9CEB8-8B4A-11D0-8D11-00A0C91BC942}") = "mps-diatp", "src\mps-diatp\mps-dia-tp.vcxproj", "{A967D8F7-7910-44F0-80B2-2D9C19839557}"
EndProject
Project("{8BC9CEB8-8B4A-11D0-8D11-00A0C91BC942}") = "mps-can-softing", "src\mps-can-softing\mps-can-softing.vcxproj", "{28EDFDDA-8046-4933-AB11-F250924EE668}"
EndProject
Global
	GlobalSection(SolutionConfigurationPlatforms) = preSolution
		LinuxARM64Debug|Jam-Build = LinuxARM64Debug|Jam-Build
		LinuxARM64Debug|x64 = LinuxARM64Debug|x64
		LinuxARM64Debug|x86 = LinuxARM64Debug|x86
		LinuxARM64Release|Jam-Build = LinuxARM64Release|Jam-Build
		LinuxARM64Release|x64 = LinuxARM64Release|x64
		LinuxARM64Release|x86 = LinuxARM64Release|x86
		WinX64Debug|Jam-Build = WinX64Debug|Jam-Build
		WinX64Debug|x64 = WinX64Debug|x64
		WinX64Debug|x86 = WinX64Debug|x86
		WinX64Release|Jam-Build = WinX64Release|Jam-Build
		WinX64Release|x64 = WinX64Release|x64
		WinX64Release|x86 = WinX64Release|x86
	EndGlobalSection
	GlobalSection(ProjectConfigurationPlatforms) = postSolution
		{1C992998-5271-4033-A1AE-DB6D0133AF08}.LinuxARM64Debug|Jam-Build.ActiveCfg = LinuxARM64Debug|Win32
		{1C992998-5271-4033-A1AE-DB6D0133AF08}.LinuxARM64Debug|x64.ActiveCfg = LinuxARM64Debug|Win32
		{1C992998-5271-4033-A1AE-DB6D0133AF08}.LinuxARM64Debug|x86.ActiveCfg = LinuxARM64Debug|Win32
		{1C992998-5271-4033-A1AE-DB6D0133AF08}.LinuxARM64Debug|x86.Build.0 = LinuxARM64Debug|Win32
		{1C992998-5271-4033-A1AE-DB6D0133AF08}.LinuxARM64Release|Jam-Build.ActiveCfg = LinuxARM64Release|Win32
		{1C992998-5271-4033-A1AE-DB6D0133AF08}.LinuxARM64Release|x64.ActiveCfg = LinuxARM64Release|Win32
		{1C992998-5271-4033-A1AE-DB6D0133AF08}.LinuxARM64Release|x86.ActiveCfg = LinuxARM64Release|Win32
		{1C992998-5271-4033-A1AE-DB6D0133AF08}.LinuxARM64Release|x86.Build.0 = LinuxARM64Release|Win32
		{1C992998-5271-4033-A1AE-DB6D0133AF08}.WinX64Debug|Jam-Build.ActiveCfg = WinX64Debug|Win32
		{1C992998-5271-4033-A1AE-DB6D0133AF08}.WinX64Debug|x64.ActiveCfg = WinX64Debug|Win32
		{1C992998-5271-4033-A1AE-DB6D0133AF08}.WinX64Debug|x86.ActiveCfg = WinX64Debug|Win32
		{1C992998-5271-4033-A1AE-DB6D0133AF08}.WinX64Debug|x86.Build.0 = WinX64Debug|Win32
		{1C992998-5271-4033-A1AE-DB6D0133AF08}.WinX64Release|Jam-Build.ActiveCfg = WinX64Release|Win32
		{1C992998-5271-4033-A1AE-DB6D0133AF08}.WinX64Release|x64.ActiveCfg = WinX64Release|Win32
		{1C992998-5271-4033-A1AE-DB6D0133AF08}.WinX64Release|x86.ActiveCfg = WinX64Release|Win32
		{1C992998-5271-4033-A1AE-DB6D0133AF08}.WinX64Release|x86.Build.0 = WinX64Release|Win32
		{39CB251A-4079-4343-9BA8-73B20C20B606}.LinuxARM64Debug|Jam-Build.ActiveCfg = LinuxARM64Debug|Win32
		{39CB251A-4079-4343-9BA8-73B20C20B606}.LinuxARM64Debug|x64.ActiveCfg = LinuxARM64Debug|Win32
		{39CB251A-4079-4343-9BA8-73B20C20B606}.LinuxARM64Debug|x86.ActiveCfg = LinuxARM64Debug|Win32
		{39CB251A-4079-4343-9BA8-73B20C20B606}.LinuxARM64Debug|x86.Build.0 = LinuxARM64Debug|Win32
		{39CB251A-4079-4343-9BA8-73B20C20B606}.LinuxARM64Release|Jam-Build.ActiveCfg = LinuxARM64Release|Win32
		{39CB251A-4079-4343-9BA8-73B20C20B606}.LinuxARM64Release|x64.ActiveCfg = LinuxARM64Release|Win32
		{39CB251A-4079-4343-9BA8-73B20C20B606}.LinuxARM64Release|x86.ActiveCfg = LinuxARM64Release|Win32
		{39CB251A-4079-4343-9BA8-73B20C20B606}.LinuxARM64Release|x86.Build.0 = LinuxARM64Release|Win32
		{39CB251A-4079-4343-9BA8-73B20C20B606}.WinX64Debug|Jam-Build.ActiveCfg = WinX64Debug|Win32
		{39CB251A-4079-4343-9BA8-73B20C20B606}.WinX64Debug|x64.ActiveCfg = WinX64Debug|Win32
		{39CB251A-4079-4343-9BA8-73B20C20B606}.WinX64Debug|x86.ActiveCfg = WinX64Debug|Win32
		{39CB251A-4079-4343-9BA8-73B20C20B606}.WinX64Debug|x86.Build.0 = WinX64Debug|Win32
		{39CB251A-4079-4343-9BA8-73B20C20B606}.WinX64Release|Jam-Build.ActiveCfg = WinX64Release|Win32
		{39CB251A-4079-4343-9BA8-73B20C20B606}.WinX64Release|x64.ActiveCfg = WinX64Release|Win32
		{39CB251A-4079-4343-9BA8-73B20C20B606}.WinX64Release|x86.ActiveCfg = WinX64Release|Win32
		{39CB251A-4079-4343-9BA8-73B20C20B606}.WinX64Release|x86.Build.0 = WinX64Release|Win32
		{F923A7E7-D71A-4AC9-B85E-72AFDD3669D2}.LinuxARM64Debug|Jam-Build.ActiveCfg = LinuxARM64Debug|Win32
		{F923A7E7-D71A-4AC9-B85E-72AFDD3669D2}.LinuxARM64Debug|x64.ActiveCfg = LinuxARM64Debug|Win32
		{F923A7E7-D71A-4AC9-B85E-72AFDD3669D2}.LinuxARM64Debug|x86.ActiveCfg = LinuxARM64Debug|Win32
		{F923A7E7-D71A-4AC9-B85E-72AFDD3669D2}.LinuxARM64Debug|x86.Build.0 = LinuxARM64Debug|Win32
		{F923A7E7-D71A-4AC9-B85E-72AFDD3669D2}.LinuxARM64Release|Jam-Build.ActiveCfg = LinuxARM64Release|Win32
		{F923A7E7-D71A-4AC9-B85E-72AFDD3669D2}.LinuxARM64Release|x64.ActiveCfg = LinuxARM64Release|Win32
		{F923A7E7-D71A-4AC9-B85E-72AFDD3669D2}.LinuxARM64Release|x86.ActiveCfg = LinuxARM64Release|Win32
		{F923A7E7-D71A-4AC9-B85E-72AFDD3669D2}.LinuxARM64Release|x86.Build.0 = LinuxARM64Release|Win32
		{F923A7E7-D71A-4AC9-B85E-72AFDD3669D2}.WinX64Debug|Jam-Build.ActiveCfg = WinX64Debug|Win32
		{F923A7E7-D71A-4AC9-B85E-72AFDD3669D2}.WinX64Debug|x64.ActiveCfg = WinX64Debug|Win32
		{F923A7E7-D71A-4AC9-B85E-72AFDD3669D2}.WinX64Debug|x86.ActiveCfg = WinX64Debug|Win32
		{F923A7E7-D71A-4AC9-B85E-72AFDD3669D2}.WinX64Debug|x86.Build.0 = WinX64Debug|Win32
		{F923A7E7-D71A-4AC9-B85E-72AFDD3669D2}.WinX64Release|Jam-Build.ActiveCfg = WinX64Release|Win32
		{F923A7E7-D71A-4AC9-B85E-72AFDD3669D2}.WinX64Release|x64.ActiveCfg = WinX64Release|Win32
		{F923A7E7-D71A-4AC9-B85E-72AFDD3669D2}.WinX64Release|x86.ActiveCfg = WinX64Release|Win32
		{F923A7E7-D71A-4AC9-B85E-72AFDD3669D2}.WinX64Release|x86.Build.0 = WinX64Release|Win32
		{691027E7-B24F-43BD-B461-99D12E071591}.LinuxARM64Debug|Jam-Build.ActiveCfg = LinuxARM64Debug|Win32
		{691027E7-B24F-43BD-B461-99D12E071591}.LinuxARM64Debug|x64.ActiveCfg = LinuxARM64Debug|Win32
		{691027E7-B24F-43BD-B461-99D12E071591}.LinuxARM64Debug|x86.ActiveCfg = LinuxARM64Debug|Win32
		{691027E7-B24F-43BD-B461-99D12E071591}.LinuxARM64Debug|x86.Build.0 = LinuxARM64Debug|Win32
		{691027E7-B24F-43BD-B461-99D12E071591}.LinuxARM64Release|Jam-Build.ActiveCfg = LinuxARM64Release|Win32
		{691027E7-B24F-43BD-B461-99D12E071591}.LinuxARM64Release|x64.ActiveCfg = LinuxARM64Release|Win32
		{691027E7-B24F-43BD-B461-99D12E071591}.LinuxARM64Release|x86.ActiveCfg = LinuxARM64Release|Win32
		{691027E7-B24F-43BD-B461-99D12E071591}.LinuxARM64Release|x86.Build.0 = LinuxARM64Release|Win32
		{691027E7-B24F-43BD-B461-99D12E071591}.WinX64Debug|Jam-Build.ActiveCfg = WinX64Debug|Win32
		{691027E7-B24F-43BD-B461-99D12E071591}.WinX64Debug|x64.ActiveCfg = WinX64Debug|Win32
		{691027E7-B24F-43BD-B461-99D12E071591}.WinX64Debug|x86.ActiveCfg = WinX64Debug|Win32
		{691027E7-B24F-43BD-B461-99D12E071591}.WinX64Debug|x86.Build.0 = WinX64Debug|Win32
		{691027E7-B24F-43BD-B461-99D12E071591}.WinX64Release|Jam-Build.ActiveCfg = WinX64Release|Win32
		{691027E7-B24F-43BD-B461-99D12E071591}.WinX64Release|x64.ActiveCfg = WinX64Release|Win32
		{691027E7-B24F-43BD-B461-99D12E071591}.WinX64Release|x86.ActiveCfg = WinX64Release|Win32
		{691027E7-B24F-43BD-B461-99D12E071591}.WinX64Release|x86.Build.0 = WinX64Release|Win32
		{1EE9A7D8-160A-4DDB-A57B-B94FE4C34416}.LinuxARM64Debug|Jam-Build.ActiveCfg = LinuxARM64Debug|Win32
		{1EE9A7D8-160A-4DDB-A57B-B94FE4C34416}.LinuxARM64Debug|x64.ActiveCfg = LinuxARM64Debug|Win32
		{1EE9A7D8-160A-4DDB-A57B-B94FE4C34416}.LinuxARM64Debug|x86.ActiveCfg = LinuxARM64Debug|Win32
		{1EE9A7D8-160A-4DDB-A57B-B94FE4C34416}.LinuxARM64Debug|x86.Build.0 = LinuxARM64Debug|Win32
		{1EE9A7D8-160A-4DDB-A57B-B94FE4C34416}.LinuxARM64Release|Jam-Build.ActiveCfg = LinuxARM64Release|Win32
		{1EE9A7D8-160A-4DDB-A57B-B94FE4C34416}.LinuxARM64Release|Jam-Build.Build.0 = LinuxARM64Release|Win32
		{1EE9A7D8-160A-4DDB-A57B-B94FE4C34416}.LinuxARM64Release|x64.ActiveCfg = LinuxARM64Release|Win32
		{1EE9A7D8-160A-4DDB-A57B-B94FE4C34416}.LinuxARM64Release|x86.ActiveCfg = LinuxARM64Release|Win32
		{1EE9A7D8-160A-4DDB-A57B-B94FE4C34416}.LinuxARM64Release|x86.Build.0 = LinuxARM64Release|Win32
		{1EE9A7D8-160A-4DDB-A57B-B94FE4C34416}.WinX64Debug|Jam-Build.ActiveCfg = WinX64Debug|Win32
		{1EE9A7D8-160A-4DDB-A57B-B94FE4C34416}.WinX64Debug|Jam-Build.Build.0 = WinX64Debug|Win32
		{1EE9A7D8-160A-4DDB-A57B-B94FE4C34416}.WinX64Debug|x64.ActiveCfg = WinX64Debug|Win32
		{1EE9A7D8-160A-4DDB-A57B-B94FE4C34416}.WinX64Debug|x86.ActiveCfg = WinX64Debug|Win32
		{1EE9A7D8-160A-4DDB-A57B-B94FE4C34416}.WinX64Debug|x86.Build.0 = WinX64Debug|Win32
		{1EE9A7D8-160A-4DDB-A57B-B94FE4C34416}.WinX64Release|Jam-Build.ActiveCfg = WinX64Release|Win32
		{1EE9A7D8-160A-4DDB-A57B-B94FE4C34416}.WinX64Release|x64.ActiveCfg = WinX64Release|Win32
		{1EE9A7D8-160A-4DDB-A57B-B94FE4C34416}.WinX64Release|x86.ActiveCfg = WinX64Release|Win32
		{1EE9A7D8-160A-4DDB-A57B-B94FE4C34416}.WinX64Release|x86.Build.0 = WinX64Release|Win32
		{724B6301-549A-45E3-A03C-85D0FFCA544F}.LinuxARM64Debug|Jam-Build.ActiveCfg = LinuxARM64Debug|Win32
		{724B6301-549A-45E3-A03C-85D0FFCA544F}.LinuxARM64Debug|x64.ActiveCfg = LinuxARM64Debug|Win32
		{724B6301-549A-45E3-A03C-85D0FFCA544F}.LinuxARM64Debug|x86.ActiveCfg = LinuxARM64Debug|Win32
		{724B6301-549A-45E3-A03C-85D0FFCA544F}.LinuxARM64Debug|x86.Build.0 = LinuxARM64Debug|Win32
		{724B6301-549A-45E3-A03C-85D0FFCA544F}.LinuxARM64Release|Jam-Build.ActiveCfg = LinuxARM64Release|Win32
		{724B6301-549A-45E3-A03C-85D0FFCA544F}.LinuxARM64Release|x64.ActiveCfg = LinuxARM64Release|Win32
		{724B6301-549A-45E3-A03C-85D0FFCA544F}.LinuxARM64Release|x86.ActiveCfg = LinuxARM64Release|Win32
		{724B6301-549A-45E3-A03C-85D0FFCA544F}.LinuxARM64Release|x86.Build.0 = LinuxARM64Release|Win32
		{724B6301-549A-45E3-A03C-85D0FFCA544F}.WinX64Debug|Jam-Build.ActiveCfg = WinX64Debug|Win32
		{724B6301-549A-45E3-A03C-85D0FFCA544F}.WinX64Debug|x64.ActiveCfg = WinX64Debug|Win32
		{724B6301-549A-45E3-A03C-85D0FFCA544F}.WinX64Debug|x86.ActiveCfg = WinX64Debug|Win32
		{724B6301-549A-45E3-A03C-85D0FFCA544F}.WinX64Debug|x86.Build.0 = WinX64Debug|Win32
		{724B6301-549A-45E3-A03C-85D0FFCA544F}.WinX64Release|Jam-Build.ActiveCfg = WinX64Release|Win32
		{724B6301-549A-45E3-A03C-85D0FFCA544F}.WinX64Release|x64.ActiveCfg = WinX64Release|Win32
		{724B6301-549A-45E3-A03C-85D0FFCA544F}.WinX64Release|x86.ActiveCfg = WinX64Release|Win32
		{724B6301-549A-45E3-A03C-85D0FFCA544F}.WinX64Release|x86.Build.0 = WinX64Release|Win32
		{7B3F7D04-D823-4A93-8583-C3E1311015F0}.LinuxARM64Debug|Jam-Build.ActiveCfg = LinuxARM64Debug|Win32
		{7B3F7D04-D823-4A93-8583-C3E1311015F0}.LinuxARM64Debug|x64.ActiveCfg = LinuxARM64Debug|Win32
		{7B3F7D04-D823-4A93-8583-C3E1311015F0}.LinuxARM64Debug|x86.ActiveCfg = LinuxARM64Debug|Win32
		{7B3F7D04-D823-4A93-8583-C3E1311015F0}.LinuxARM64Debug|x86.Build.0 = LinuxARM64Debug|Win32
		{7B3F7D04-D823-4A93-8583-C3E1311015F0}.LinuxARM64Release|Jam-Build.ActiveCfg = LinuxARM64Release|Win32
		{7B3F7D04-D823-4A93-8583-C3E1311015F0}.LinuxARM64Release|x64.ActiveCfg = LinuxARM64Release|Win32
		{7B3F7D04-D823-4A93-8583-C3E1311015F0}.LinuxARM64Release|x86.ActiveCfg = LinuxARM64Release|Win32
		{7B3F7D04-D823-4A93-8583-C3E1311015F0}.LinuxARM64Release|x86.Build.0 = LinuxARM64Release|Win32
		{7B3F7D04-D823-4A93-8583-C3E1311015F0}.WinX64Debug|Jam-Build.ActiveCfg = WinX64Debug|Win32
		{7B3F7D04-D823-4A93-8583-C3E1311015F0}.WinX64Debug|x64.ActiveCfg = WinX64Debug|Win32
		{7B3F7D04-D823-4A93-8583-C3E1311015F0}.WinX64Debug|x86.ActiveCfg = WinX64Debug|Win32
		{7B3F7D04-D823-4A93-8583-C3E1311015F0}.WinX64Debug|x86.Build.0 = WinX64Debug|Win32
		{7B3F7D04-D823-4A93-8583-C3E1311015F0}.WinX64Release|Jam-Build.ActiveCfg = WinX64Release|Win32
		{7B3F7D04-D823-4A93-8583-C3E1311015F0}.WinX64Release|x64.ActiveCfg = WinX64Release|Win32
		{7B3F7D04-D823-4A93-8583-C3E1311015F0}.WinX64Release|x86.ActiveCfg = WinX64Release|Win32
		{7B3F7D04-D823-4A93-8583-C3E1311015F0}.WinX64Release|x86.Build.0 = WinX64Release|Win32
		{7258B289-F5FE-4BF7-BF57-F6D81BAD3D72}.LinuxARM64Debug|Jam-Build.ActiveCfg = LinuxARM64Debug|Win32
		{7258B289-F5FE-4BF7-BF57-F6D81BAD3D72}.LinuxARM64Debug|x64.ActiveCfg = LinuxARM64Debug|Win32
		{7258B289-F5FE-4BF7-BF57-F6D81BAD3D72}.LinuxARM64Debug|x86.ActiveCfg = LinuxARM64Debug|Win32
		{7258B289-F5FE-4BF7-BF57-F6D81BAD3D72}.LinuxARM64Debug|x86.Build.0 = LinuxARM64Debug|Win32
		{7258B289-F5FE-4BF7-BF57-F6D81BAD3D72}.LinuxARM64Release|Jam-Build.ActiveCfg = LinuxARM64Release|Win32
		{7258B289-F5FE-4BF7-BF57-F6D81BAD3D72}.LinuxARM64Release|x64.ActiveCfg = LinuxARM64Release|Win32
		{7258B289-F5FE-4BF7-BF57-F6D81BAD3D72}.LinuxARM64Release|x86.ActiveCfg = LinuxARM64Release|Win32
		{7258B289-F5FE-4BF7-BF57-F6D81BAD3D72}.LinuxARM64Release|x86.Build.0 = LinuxARM64Release|Win32
		{7258B289-F5FE-4BF7-BF57-F6D81BAD3D72}.WinX64Debug|Jam-Build.ActiveCfg = WinX64Debug|Win32
		{7258B289-F5FE-4BF7-BF57-F6D81BAD3D72}.WinX64Debug|x64.ActiveCfg = WinX64Debug|Win32
		{7258B289-F5FE-4BF7-BF57-F6D81BAD3D72}.WinX64Debug|x86.ActiveCfg = WinX64Debug|Win32
		{7258B289-F5FE-4BF7-BF57-F6D81BAD3D72}.WinX64Debug|x86.Build.0 = WinX64Debug|Win32
		{7258B289-F5FE-4BF7-BF57-F6D81BAD3D72}.WinX64Release|Jam-Build.ActiveCfg = WinX64Release|Win32
		{7258B289-F5FE-4BF7-BF57-F6D81BAD3D72}.WinX64Release|x64.ActiveCfg = WinX64Release|Win32
		{7258B289-F5FE-4BF7-BF57-F6D81BAD3D72}.WinX64Release|x86.ActiveCfg = WinX64Release|Win32
		{7258B289-F5FE-4BF7-BF57-F6D81BAD3D72}.WinX64Release|x86.Build.0 = WinX64Release|Win32
		{02060917-6470-4C8A-9FFA-BBC1397FDCA2}.LinuxARM64Debug|Jam-Build.ActiveCfg = LinuxARM64Debug|Win32
		{02060917-6470-4C8A-9FFA-BBC1397FDCA2}.LinuxARM64Debug|x64.ActiveCfg = LinuxARM64Debug|Win32
		{02060917-6470-4C8A-9FFA-BBC1397FDCA2}.LinuxARM64Debug|x86.ActiveCfg = LinuxARM64Debug|Win32
		{02060917-6470-4C8A-9FFA-BBC1397FDCA2}.LinuxARM64Debug|x86.Build.0 = LinuxARM64Debug|Win32
		{02060917-6470-4C8A-9FFA-BBC1397FDCA2}.LinuxARM64Release|Jam-Build.ActiveCfg = LinuxARM64Release|Win32
		{02060917-6470-4C8A-9FFA-BBC1397FDCA2}.LinuxARM64Release|x64.ActiveCfg = LinuxARM64Release|Win32
		{02060917-6470-4C8A-9FFA-BBC1397FDCA2}.LinuxARM64Release|x86.ActiveCfg = LinuxARM64Release|Win32
		{02060917-6470-4C8A-9FFA-BBC1397FDCA2}.LinuxARM64Release|x86.Build.0 = LinuxARM64Release|Win32
		{02060917-6470-4C8A-9FFA-BBC1397FDCA2}.WinX64Debug|Jam-Build.ActiveCfg = WinX64Debug|Win32
		{02060917-6470-4C8A-9FFA-BBC1397FDCA2}.WinX64Debug|x64.ActiveCfg = WinX64Debug|Win32
		{02060917-6470-4C8A-9FFA-BBC1397FDCA2}.WinX64Debug|x86.ActiveCfg = WinX64Debug|Win32
		{02060917-6470-4C8A-9FFA-BBC1397FDCA2}.WinX64Debug|x86.Build.0 = WinX64Debug|Win32
		{02060917-6470-4C8A-9FFA-BBC1397FDCA2}.WinX64Release|Jam-Build.ActiveCfg = WinX64Release|Win32
		{02060917-6470-4C8A-9FFA-BBC1397FDCA2}.WinX64Release|x64.ActiveCfg = WinX64Release|Win32
		{02060917-6470-4C8A-9FFA-BBC1397FDCA2}.WinX64Release|x86.ActiveCfg = WinX64Release|Win32
		{02060917-6470-4C8A-9FFA-BBC1397FDCA2}.WinX64Release|x86.Build.0 = WinX64Release|Win32
		{867A7B50-E8EA-445D-AD0E-3DD960EBF084}.LinuxARM64Debug|Jam-Build.ActiveCfg = LinuxARM64Debug|Win32
		{867A7B50-E8EA-445D-AD0E-3DD960EBF084}.LinuxARM64Debug|x64.ActiveCfg = LinuxARM64Debug|Win32
		{867A7B50-E8EA-445D-AD0E-3DD960EBF084}.LinuxARM64Debug|x86.ActiveCfg = LinuxARM64Debug|Win32
		{867A7B50-E8EA-445D-AD0E-3DD960EBF084}.LinuxARM64Debug|x86.Build.0 = LinuxARM64Debug|Win32
		{867A7B50-E8EA-445D-AD0E-3DD960EBF084}.LinuxARM64Release|Jam-Build.ActiveCfg = LinuxARM64Release|Win32
		{867A7B50-E8EA-445D-AD0E-3DD960EBF084}.LinuxARM64Release|x64.ActiveCfg = LinuxARM64Release|Win32
		{867A7B50-E8EA-445D-AD0E-3DD960EBF084}.LinuxARM64Release|x86.ActiveCfg = LinuxARM64Release|Win32
		{867A7B50-E8EA-445D-AD0E-3DD960EBF084}.LinuxARM64Release|x86.Build.0 = LinuxARM64Release|Win32
		{867A7B50-E8EA-445D-AD0E-3DD960EBF084}.WinX64Debug|Jam-Build.ActiveCfg = WinX64Debug|Win32
		{867A7B50-E8EA-445D-AD0E-3DD960EBF084}.WinX64Debug|x64.ActiveCfg = WinX64Debug|Win32
		{867A7B50-E8EA-445D-AD0E-3DD960EBF084}.WinX64Debug|x86.ActiveCfg = WinX64Debug|Win32
		{867A7B50-E8EA-445D-AD0E-3DD960EBF084}.WinX64Debug|x86.Build.0 = WinX64Debug|Win32
		{867A7B50-E8EA-445D-AD0E-3DD960EBF084}.WinX64Release|Jam-Build.ActiveCfg = WinX64Release|Win32
		{867A7B50-E8EA-445D-AD0E-3DD960EBF084}.WinX64Release|x64.ActiveCfg = WinX64Release|Win32
		{867A7B50-E8EA-445D-AD0E-3DD960EBF084}.WinX64Release|x86.ActiveCfg = WinX64Release|Win32
		{867A7B50-E8EA-445D-AD0E-3DD960EBF084}.WinX64Release|x86.Build.0 = WinX64Release|Win32
		{49C41D03-539F-4800-BE8C-4D624F616584}.LinuxARM64Debug|Jam-Build.ActiveCfg = LinuxARM64Debug|Win32
		{49C41D03-539F-4800-BE8C-4D624F616584}.LinuxARM64Debug|x64.ActiveCfg = LinuxARM64Debug|Win32
		{49C41D03-539F-4800-BE8C-4D624F616584}.LinuxARM64Debug|x86.ActiveCfg = LinuxARM64Debug|Win32
		{49C41D03-539F-4800-BE8C-4D624F616584}.LinuxARM64Debug|x86.Build.0 = LinuxARM64Debug|Win32
		{49C41D03-539F-4800-BE8C-4D624F616584}.LinuxARM64Release|Jam-Build.ActiveCfg = LinuxARM64Release|Win32
		{49C41D03-539F-4800-BE8C-4D624F616584}.LinuxARM64Release|x64.ActiveCfg = LinuxARM64Release|Win32
		{49C41D03-539F-4800-BE8C-4D624F616584}.LinuxARM64Release|x86.ActiveCfg = LinuxARM64Release|Win32
		{49C41D03-539F-4800-BE8C-4D624F616584}.LinuxARM64Release|x86.Build.0 = LinuxARM64Release|Win32
		{49C41D03-539F-4800-BE8C-4D624F616584}.WinX64Debug|Jam-Build.ActiveCfg = WinX64Debug|Win32
		{49C41D03-539F-4800-BE8C-4D624F616584}.WinX64Debug|x64.ActiveCfg = WinX64Debug|Win32
		{49C41D03-539F-4800-BE8C-4D624F616584}.WinX64Debug|x86.ActiveCfg = WinX64Debug|Win32
		{49C41D03-539F-4800-BE8C-4D624F616584}.WinX64Debug|x86.Build.0 = WinX64Debug|Win32
		{49C41D03-539F-4800-BE8C-4D624F616584}.WinX64Release|Jam-Build.ActiveCfg = WinX64Release|Win32
		{49C41D03-539F-4800-BE8C-4D624F616584}.WinX64Release|x64.ActiveCfg = WinX64Release|Win32
		{49C41D03-539F-4800-BE8C-4D624F616584}.WinX64Release|x86.ActiveCfg = WinX64Release|Win32
		{49C41D03-539F-4800-BE8C-4D624F616584}.WinX64Release|x86.Build.0 = WinX64Release|Win32
		{0FDB53FA-9B9B-44F0-B2D7-F7F0F61D5C34}.LinuxARM64Debug|Jam-Build.ActiveCfg = LinuxARM64Debug|Win32
		{0FDB53FA-9B9B-44F0-B2D7-F7F0F61D5C34}.LinuxARM64Debug|x64.ActiveCfg = LinuxARM64Debug|Win32
		{0FDB53FA-9B9B-44F0-B2D7-F7F0F61D5C34}.LinuxARM64Debug|x86.ActiveCfg = LinuxARM64Debug|Win32
		{0FDB53FA-9B9B-44F0-B2D7-F7F0F61D5C34}.LinuxARM64Debug|x86.Build.0 = LinuxARM64Debug|Win32
		{0FDB53FA-9B9B-44F0-B2D7-F7F0F61D5C34}.LinuxARM64Release|Jam-Build.ActiveCfg = LinuxAMR64Release|Win32
		{0FDB53FA-9B9B-44F0-B2D7-F7F0F61D5C34}.LinuxARM64Release|x64.ActiveCfg = LinuxAMR64Release|Win32
		{0FDB53FA-9B9B-44F0-B2D7-F7F0F61D5C34}.LinuxARM64Release|x64.Build.0 = LinuxAMR64Release|Win32
		{0FDB53FA-9B9B-44F0-B2D7-F7F0F61D5C34}.LinuxARM64Release|x86.ActiveCfg = LinuxARM64Debug|Win32
		{0FDB53FA-9B9B-44F0-B2D7-F7F0F61D5C34}.LinuxARM64Release|x86.Build.0 = LinuxARM64Debug|Win32
		{0FDB53FA-9B9B-44F0-B2D7-F7F0F61D5C34}.WinX64Debug|Jam-Build.ActiveCfg = WinX64Debug|Win32
		{0FDB53FA-9B9B-44F0-B2D7-F7F0F61D5C34}.WinX64Debug|x64.ActiveCfg = WinX64Debug|Win32
		{0FDB53FA-9B9B-44F0-B2D7-F7F0F61D5C34}.WinX64Debug|x86.ActiveCfg = WinX64Debug|Win32
		{0FDB53FA-9B9B-44F0-B2D7-F7F0F61D5C34}.WinX64Debug|x86.Build.0 = WinX64Debug|Win32
		{0FDB53FA-9B9B-44F0-B2D7-F7F0F61D5C34}.WinX64Release|Jam-Build.ActiveCfg = WinX64Release|Win32
		{0FDB53FA-9B9B-44F0-B2D7-F7F0F61D5C34}.WinX64Release|x64.ActiveCfg = WinX64Release|Win32
		{0FDB53FA-9B9B-44F0-B2D7-F7F0F61D5C34}.WinX64Release|x86.ActiveCfg = WinX64Release|Win32
		{0FDB53FA-9B9B-44F0-B2D7-F7F0F61D5C34}.WinX64Release|x86.Build.0 = WinX64Release|Win32
		{2013A895-8984-47A4-A2AE-FE3B9C61B925}.LinuxARM64Debug|Jam-Build.ActiveCfg = LinuxARM64Debug|Win32
		{2013A895-8984-47A4-A2AE-FE3B9C61B925}.LinuxARM64Debug|x64.ActiveCfg = LinuxARM64Debug|Win32
		{2013A895-8984-47A4-A2AE-FE3B9C61B925}.LinuxARM64Debug|x86.ActiveCfg = LinuxARM64Debug|Win32
		{2013A895-8984-47A4-A2AE-FE3B9C61B925}.LinuxARM64Debug|x86.Build.0 = LinuxARM64Debug|Win32
		{2013A895-8984-47A4-A2AE-FE3B9C61B925}.LinuxARM64Release|Jam-Build.ActiveCfg = LinuxARM64Release|Win32
		{2013A895-8984-47A4-A2AE-FE3B9C61B925}.LinuxARM64Release|x64.ActiveCfg = LinuxARM64Release|Win32
		{2013A895-8984-47A4-A2AE-FE3B9C61B925}.LinuxARM64Release|x86.ActiveCfg = LinuxARM64Release|Win32
		{2013A895-8984-47A4-A2AE-FE3B9C61B925}.LinuxARM64Release|x86.Build.0 = LinuxARM64Release|Win32
		{2013A895-8984-47A4-A2AE-FE3B9C61B925}.WinX64Debug|Jam-Build.ActiveCfg = WinX64Debug|Win32
		{2013A895-8984-47A4-A2AE-FE3B9C61B925}.WinX64Debug|x64.ActiveCfg = WinX64Debug|Win32
		{2013A895-8984-47A4-A2AE-FE3B9C61B925}.WinX64Debug|x86.ActiveCfg = WinX64Debug|Win32
		{2013A895-8984-47A4-A2AE-FE3B9C61B925}.WinX64Debug|x86.Build.0 = WinX64Debug|Win32
		{2013A895-8984-47A4-A2AE-FE3B9C61B925}.WinX64Release|Jam-Build.ActiveCfg = WinX64Release|Win32
		{2013A895-8984-47A4-A2AE-FE3B9C61B925}.WinX64Release|x64.ActiveCfg = WinX64Release|Win32
		{2013A895-8984-47A4-A2AE-FE3B9C61B925}.WinX64Release|x86.ActiveCfg = WinX64Release|Win32
		{2013A895-8984-47A4-A2AE-FE3B9C61B925}.WinX64Release|x86.Build.0 = WinX64Release|Win32
		{9C99BD99-7FE6-4795-99BC-D0B06C2C1786}.LinuxARM64Debug|Jam-Build.ActiveCfg = LinuxARM64Debug|Win32
		{9C99BD99-7FE6-4795-99BC-D0B06C2C1786}.LinuxARM64Debug|x64.ActiveCfg = LinuxARM64Debug|Win32
		{9C99BD99-7FE6-4795-99BC-D0B06C2C1786}.LinuxARM64Debug|x86.ActiveCfg = LinuxARM64Debug|Win32
		{9C99BD99-7FE6-4795-99BC-D0B06C2C1786}.LinuxARM64Debug|x86.Build.0 = LinuxARM64Debug|Win32
		{9C99BD99-7FE6-4795-99BC-D0B06C2C1786}.LinuxARM64Release|Jam-Build.ActiveCfg = LinuxARM64Release|Win32
		{9C99BD99-7FE6-4795-99BC-D0B06C2C1786}.LinuxARM64Release|x64.ActiveCfg = LinuxARM64Release|Win32
		{9C99BD99-7FE6-4795-99BC-D0B06C2C1786}.LinuxARM64Release|x86.ActiveCfg = LinuxARM64Release|Win32
		{9C99BD99-7FE6-4795-99BC-D0B06C2C1786}.LinuxARM64Release|x86.Build.0 = LinuxARM64Release|Win32
		{9C99BD99-7FE6-4795-99BC-D0B06C2C1786}.WinX64Debug|Jam-Build.ActiveCfg = WinX64Debug|Win32
		{9C99BD99-7FE6-4795-99BC-D0B06C2C1786}.WinX64Debug|x64.ActiveCfg = WinX64Debug|Win32
		{9C99BD99-7FE6-4795-99BC-D0B06C2C1786}.WinX64Debug|x86.ActiveCfg = WinX64Debug|Win32
		{9C99BD99-7FE6-4795-99BC-D0B06C2C1786}.WinX64Debug|x86.Build.0 = WinX64Debug|Win32
		{9C99BD99-7FE6-4795-99BC-D0B06C2C1786}.WinX64Release|Jam-Build.ActiveCfg = WinX64Release|Win32
		{9C99BD99-7FE6-4795-99BC-D0B06C2C1786}.WinX64Release|x64.ActiveCfg = WinX64Release|Win32
		{9C99BD99-7FE6-4795-99BC-D0B06C2C1786}.WinX64Release|x86.ActiveCfg = WinX64Release|Win32
		{9C99BD99-7FE6-4795-99BC-D0B06C2C1786}.WinX64Release|x86.Build.0 = WinX64Release|Win32
		{D4294897-1091-404C-834D-92954A98F00F}.LinuxARM64Debug|Jam-Build.ActiveCfg = LinuxARM64Debug|Win32
		{D4294897-1091-404C-834D-92954A98F00F}.LinuxARM64Debug|x64.ActiveCfg = LinuxARM64Debug|Win32
		{D4294897-1091-404C-834D-92954A98F00F}.LinuxARM64Debug|x86.ActiveCfg = LinuxARM64Debug|Win32
		{D4294897-1091-404C-834D-92954A98F00F}.LinuxARM64Debug|x86.Build.0 = LinuxARM64Debug|Win32
		{D4294897-1091-404C-834D-92954A98F00F}.LinuxARM64Release|Jam-Build.ActiveCfg = LinuxARM64Release|Win32
		{D4294897-1091-404C-834D-92954A98F00F}.LinuxARM64Release|x64.ActiveCfg = LinuxARM64Release|Win32
		{D4294897-1091-404C-834D-92954A98F00F}.LinuxARM64Release|x86.ActiveCfg = LinuxARM64Release|Win32
		{D4294897-1091-404C-834D-92954A98F00F}.LinuxARM64Release|x86.Build.0 = LinuxARM64Release|Win32
		{D4294897-1091-404C-834D-92954A98F00F}.WinX64Debug|Jam-Build.ActiveCfg = WinX64Debug|Win32
		{D4294897-1091-404C-834D-92954A98F00F}.WinX64Debug|x64.ActiveCfg = WinX64Debug|Win32
		{D4294897-1091-404C-834D-92954A98F00F}.WinX64Debug|x86.ActiveCfg = WinX64Debug|Win32
		{D4294897-1091-404C-834D-92954A98F00F}.WinX64Debug|x86.Build.0 = WinX64Debug|Win32
		{D4294897-1091-404C-834D-92954A98F00F}.WinX64Release|Jam-Build.ActiveCfg = WInX64Release|Win32
		{D4294897-1091-404C-834D-92954A98F00F}.WinX64Release|x64.ActiveCfg = WInX64Release|Win32
		{D4294897-1091-404C-834D-92954A98F00F}.WinX64Release|x86.ActiveCfg = WInX64Release|Win32
		{D4294897-1091-404C-834D-92954A98F00F}.WinX64Release|x86.Build.0 = WInX64Release|Win32
		{624760A0-4D06-4BC6-BFF7-9C43D67571D0}.LinuxARM64Debug|Jam-Build.ActiveCfg = LinuxARM64Debug|Win32
		{624760A0-4D06-4BC6-BFF7-9C43D67571D0}.LinuxARM64Debug|x64.ActiveCfg = LinuxARM64Debug|Win32
		{624760A0-4D06-4BC6-BFF7-9C43D67571D0}.LinuxARM64Debug|x86.ActiveCfg = LinuxARM64Debug|Win32
		{624760A0-4D06-4BC6-BFF7-9C43D67571D0}.LinuxARM64Debug|x86.Build.0 = LinuxARM64Debug|Win32
		{624760A0-4D06-4BC6-BFF7-9C43D67571D0}.LinuxARM64Release|Jam-Build.ActiveCfg = LinuxARM64Release|Win32
		{624760A0-4D06-4BC6-BFF7-9C43D67571D0}.LinuxARM64Release|x64.ActiveCfg = LinuxARM64Release|Win32
		{624760A0-4D06-4BC6-BFF7-9C43D67571D0}.LinuxARM64Release|x86.ActiveCfg = LinuxARM64Release|Win32
		{624760A0-4D06-4BC6-BFF7-9C43D67571D0}.LinuxARM64Release|x86.Build.0 = LinuxARM64Release|Win32
		{624760A0-4D06-4BC6-BFF7-9C43D67571D0}.WinX64Debug|Jam-Build.ActiveCfg = WinX64Debug|Win32
		{624760A0-4D06-4BC6-BFF7-9C43D67571D0}.WinX64Debug|x64.ActiveCfg = WinX64Debug|Win32
		{624760A0-4D06-4BC6-BFF7-9C43D67571D0}.WinX64Debug|x86.ActiveCfg = WinX64Debug|Win32
		{624760A0-4D06-4BC6-BFF7-9C43D67571D0}.WinX64Debug|x86.Build.0 = WinX64Debug|Win32
		{624760A0-4D06-4BC6-BFF7-9C43D67571D0}.WinX64Release|Jam-Build.ActiveCfg = WinX64Release|Win32
		{624760A0-4D06-4BC6-BFF7-9C43D67571D0}.WinX64Release|x64.ActiveCfg = WinX64Release|Win32
		{624760A0-4D06-4BC6-BFF7-9C43D67571D0}.WinX64Release|x86.ActiveCfg = WinX64Release|Win32
		{624760A0-4D06-4BC6-BFF7-9C43D67571D0}.WinX64Release|x86.Build.0 = WinX64Release|Win32
		{D7DCD83C-DB3A-4A73-A98B-FC161A9A71A4}.LinuxARM64Debug|Jam-Build.ActiveCfg = LinuxARM64Debug|Win32
		{D7DCD83C-DB3A-4A73-A98B-FC161A9A71A4}.LinuxARM64Debug|x64.ActiveCfg = LinuxARM64Debug|Win32
		{D7DCD83C-DB3A-4A73-A98B-FC161A9A71A4}.LinuxARM64Debug|x86.ActiveCfg = LinuxARM64Debug|Win32
		{D7DCD83C-DB3A-4A73-A98B-FC161A9A71A4}.LinuxARM64Debug|x86.Build.0 = LinuxARM64Debug|Win32
		{D7DCD83C-DB3A-4A73-A98B-FC161A9A71A4}.LinuxARM64Release|Jam-Build.ActiveCfg = LinuxARM64Release|Win32
		{D7DCD83C-DB3A-4A73-A98B-FC161A9A71A4}.LinuxARM64Release|x64.ActiveCfg = LinuxARM64Release|Win32
		{D7DCD83C-DB3A-4A73-A98B-FC161A9A71A4}.LinuxARM64Release|x86.ActiveCfg = LinuxARM64Release|Win32
		{D7DCD83C-DB3A-4A73-A98B-FC161A9A71A4}.LinuxARM64Release|x86.Build.0 = LinuxARM64Release|Win32
		{D7DCD83C-DB3A-4A73-A98B-FC161A9A71A4}.WinX64Debug|Jam-Build.ActiveCfg = WinX64Debug|Win32
		{D7DCD83C-DB3A-4A73-A98B-FC161A9A71A4}.WinX64Debug|x64.ActiveCfg = WinX64Debug|Win32
		{D7DCD83C-DB3A-4A73-A98B-FC161A9A71A4}.WinX64Debug|x86.ActiveCfg = WinX64Debug|Win32
		{D7DCD83C-DB3A-4A73-A98B-FC161A9A71A4}.WinX64Debug|x86.Build.0 = WinX64Debug|Win32
		{D7DCD83C-DB3A-4A73-A98B-FC161A9A71A4}.WinX64Release|Jam-Build.ActiveCfg = WinX64Release|Win32
		{D7DCD83C-DB3A-4A73-A98B-FC161A9A71A4}.WinX64Release|x64.ActiveCfg = WinX64Release|Win32
		{D7DCD83C-DB3A-4A73-A98B-FC161A9A71A4}.WinX64Release|x86.ActiveCfg = WinX64Release|Win32
		{D7DCD83C-DB3A-4A73-A98B-FC161A9A71A4}.WinX64Release|x86.Build.0 = WinX64Release|Win32
		{BF9D867A-F708-44D1-9948-475CCA96E1AD}.LinuxARM64Debug|Jam-Build.ActiveCfg = LinuxARM64Debug|Win32
		{BF9D867A-F708-44D1-9948-475CCA96E1AD}.LinuxARM64Debug|x64.ActiveCfg = LinuxARM64Debug|Win32
		{BF9D867A-F708-44D1-9948-475CCA96E1AD}.LinuxARM64Debug|x86.ActiveCfg = LinuxARM64Debug|Win32
		{BF9D867A-F708-44D1-9948-475CCA96E1AD}.LinuxARM64Debug|x86.Build.0 = LinuxARM64Debug|Win32
		{BF9D867A-F708-44D1-9948-475CCA96E1AD}.LinuxARM64Release|Jam-Build.ActiveCfg = LinuxARM64Release|Win32
		{BF9D867A-F708-44D1-9948-475CCA96E1AD}.LinuxARM64Release|x64.ActiveCfg = LinuxARM64Release|Win32
		{BF9D867A-F708-44D1-9948-475CCA96E1AD}.LinuxARM64Release|x86.ActiveCfg = LinuxARM64Release|Win32
		{BF9D867A-F708-44D1-9948-475CCA96E1AD}.LinuxARM64Release|x86.Build.0 = LinuxARM64Release|Win32
		{BF9D867A-F708-44D1-9948-475CCA96E1AD}.WinX64Debug|Jam-Build.ActiveCfg = WinX64Debug|Win32
		{BF9D867A-F708-44D1-9948-475CCA96E1AD}.WinX64Debug|x64.ActiveCfg = WinX64Debug|Win32
		{BF9D867A-F708-44D1-9948-475CCA96E1AD}.WinX64Debug|x86.ActiveCfg = WinX64Debug|Win32
		{BF9D867A-F708-44D1-9948-475CCA96E1AD}.WinX64Debug|x86.Build.0 = WinX64Debug|Win32
		{BF9D867A-F708-44D1-9948-475CCA96E1AD}.WinX64Release|Jam-Build.ActiveCfg = WinX64Release|Win32
		{BF9D867A-F708-44D1-9948-475CCA96E1AD}.WinX64Release|x64.ActiveCfg = WinX64Release|Win32
		{BF9D867A-F708-44D1-9948-475CCA96E1AD}.WinX64Release|x86.ActiveCfg = WinX64Release|Win32
		{BF9D867A-F708-44D1-9948-475CCA96E1AD}.WinX64Release|x86.Build.0 = WinX64Release|Win32
		{AAF6A019-8229-4734-B69B-39A67FA169F1}.LinuxARM64Debug|Jam-Build.ActiveCfg = LinuxARM64Debug|Win32
		{AAF6A019-8229-4734-B69B-39A67FA169F1}.LinuxARM64Debug|x64.ActiveCfg = LinuxARM64Debug|Win32
		{AAF6A019-8229-4734-B69B-39A67FA169F1}.LinuxARM64Debug|x86.ActiveCfg = LinuxARM64Debug|Win32
		{AAF6A019-8229-4734-B69B-39A67FA169F1}.LinuxARM64Debug|x86.Build.0 = LinuxARM64Debug|Win32
		{AAF6A019-8229-4734-B69B-39A67FA169F1}.LinuxARM64Release|Jam-Build.ActiveCfg = LinuxARM64Release|Win32
		{AAF6A019-8229-4734-B69B-39A67FA169F1}.LinuxARM64Release|x64.ActiveCfg = LinuxARM64Release|Win32
		{AAF6A019-8229-4734-B69B-39A67FA169F1}.LinuxARM64Release|x86.ActiveCfg = LinuxARM64Release|Win32
		{AAF6A019-8229-4734-B69B-39A67FA169F1}.LinuxARM64Release|x86.Build.0 = LinuxARM64Release|Win32
		{AAF6A019-8229-4734-B69B-39A67FA169F1}.WinX64Debug|Jam-Build.ActiveCfg = WinX64Debug|Win32
		{AAF6A019-8229-4734-B69B-39A67FA169F1}.WinX64Debug|x64.ActiveCfg = WinX64Debug|Win32
		{AAF6A019-8229-4734-B69B-39A67FA169F1}.WinX64Debug|x86.ActiveCfg = WinX64Debug|Win32
		{AAF6A019-8229-4734-B69B-39A67FA169F1}.WinX64Debug|x86.Build.0 = WinX64Debug|Win32
		{AAF6A019-8229-4734-B69B-39A67FA169F1}.WinX64Release|Jam-Build.ActiveCfg = WinX64Release|Win32
		{AAF6A019-8229-4734-B69B-39A67FA169F1}.WinX64Release|x64.ActiveCfg = WinX64Release|Win32
		{AAF6A019-8229-4734-B69B-39A67FA169F1}.WinX64Release|x86.ActiveCfg = WinX64Release|Win32
		{AAF6A019-8229-4734-B69B-39A67FA169F1}.WinX64Release|x86.Build.0 = WinX64Release|Win32
		{FDDB8A1A-B526-45BE-A18F-467F3757D483}.LinuxARM64Debug|Jam-Build.ActiveCfg = LinuxARM64Debug|Win32
		{FDDB8A1A-B526-45BE-A18F-467F3757D483}.LinuxARM64Debug|x64.ActiveCfg = LinuxARM64Debug|Win32
		{FDDB8A1A-B526-45BE-A18F-467F3757D483}.LinuxARM64Debug|x86.ActiveCfg = LinuxARM64Debug|Win32
		{FDDB8A1A-B526-45BE-A18F-467F3757D483}.LinuxARM64Debug|x86.Build.0 = LinuxARM64Debug|Win32
		{FDDB8A1A-B526-45BE-A18F-467F3757D483}.LinuxARM64Release|Jam-Build.ActiveCfg = LinuxARM64Release|Win32
		{FDDB8A1A-B526-45BE-A18F-467F3757D483}.LinuxARM64Release|x64.ActiveCfg = LinuxARM64Release|Win32
		{FDDB8A1A-B526-45BE-A18F-467F3757D483}.LinuxARM64Release|x86.ActiveCfg = LinuxARM64Release|Win32
		{FDDB8A1A-B526-45BE-A18F-467F3757D483}.LinuxARM64Release|x86.Build.0 = LinuxARM64Release|Win32
		{FDDB8A1A-B526-45BE-A18F-467F3757D483}.WinX64Debug|Jam-Build.ActiveCfg = WinX64Debug|Win32
		{FDDB8A1A-B526-45BE-A18F-467F3757D483}.WinX64Debug|x64.ActiveCfg = WinX64Debug|Win32
		{FDDB8A1A-B526-45BE-A18F-467F3757D483}.WinX64Debug|x86.ActiveCfg = WinX64Debug|Win32
		{FDDB8A1A-B526-45BE-A18F-467F3757D483}.WinX64Debug|x86.Build.0 = WinX64Debug|Win32
		{FDDB8A1A-B526-45BE-A18F-467F3757D483}.WinX64Release|Jam-Build.ActiveCfg = WinX64Release|Win32
		{FDDB8A1A-B526-45BE-A18F-467F3757D483}.WinX64Release|x64.ActiveCfg = WinX64Release|Win32
		{FDDB8A1A-B526-45BE-A18F-467F3757D483}.WinX64Release|x86.ActiveCfg = WinX64Release|Win32
		{FDDB8A1A-B526-45BE-A18F-467F3757D483}.WinX64Release|x86.Build.0 = WinX64Release|Win32
		{9E171980-58FF-4E0F-A8C0-44484F06DC34}.LinuxARM64Debug|Jam-Build.ActiveCfg = LinuxARM64Debug|Win32
		{9E171980-58FF-4E0F-A8C0-44484F06DC34}.LinuxARM64Debug|x64.ActiveCfg = LinuxARM64Debug|Win32
		{9E171980-58FF-4E0F-A8C0-44484F06DC34}.LinuxARM64Debug|x86.ActiveCfg = LinuxARM64Debug|Win32
		{9E171980-58FF-4E0F-A8C0-44484F06DC34}.LinuxARM64Debug|x86.Build.0 = LinuxARM64Debug|Win32
		{9E171980-58FF-4E0F-A8C0-44484F06DC34}.LinuxARM64Release|Jam-Build.ActiveCfg = LinuxARM64Release|Win32
		{9E171980-58FF-4E0F-A8C0-44484F06DC34}.LinuxARM64Release|x64.ActiveCfg = LinuxARM64Release|Win32
		{9E171980-58FF-4E0F-A8C0-44484F06DC34}.LinuxARM64Release|x86.ActiveCfg = LinuxARM64Release|Win32
		{9E171980-58FF-4E0F-A8C0-44484F06DC34}.LinuxARM64Release|x86.Build.0 = LinuxARM64Release|Win32
		{9E171980-58FF-4E0F-A8C0-44484F06DC34}.WinX64Debug|Jam-Build.ActiveCfg = WinX64Debug|Win32
		{9E171980-58FF-4E0F-A8C0-44484F06DC34}.WinX64Debug|x64.ActiveCfg = WinX64Debug|Win32
		{9E171980-58FF-4E0F-A8C0-44484F06DC34}.WinX64Debug|x86.ActiveCfg = WinX64Debug|Win32
		{9E171980-58FF-4E0F-A8C0-44484F06DC34}.WinX64Debug|x86.Build.0 = WinX64Debug|Win32
		{9E171980-58FF-4E0F-A8C0-44484F06DC34}.WinX64Release|Jam-Build.ActiveCfg = WinX64Release|Win32
		{9E171980-58FF-4E0F-A8C0-44484F06DC34}.WinX64Release|x64.ActiveCfg = WinX64Release|Win32
		{9E171980-58FF-4E0F-A8C0-44484F06DC34}.WinX64Release|x86.ActiveCfg = WinX64Release|Win32
		{9E171980-58FF-4E0F-A8C0-44484F06DC34}.WinX64Release|x86.Build.0 = WinX64Release|Win32
		{ED826DBF-0EAB-4580-80A1-EF6F8DE6D4C7}.LinuxARM64Debug|Jam-Build.ActiveCfg = LinuxARM64Debug|Win32
		{ED826DBF-0EAB-4580-80A1-EF6F8DE6D4C7}.LinuxARM64Debug|x64.ActiveCfg = LinuxARM64Debug|Win32
		{ED826DBF-0EAB-4580-80A1-EF6F8DE6D4C7}.LinuxARM64Debug|x86.ActiveCfg = LinuxARM64Debug|Win32
		{ED826DBF-0EAB-4580-80A1-EF6F8DE6D4C7}.LinuxARM64Debug|x86.Build.0 = LinuxARM64Debug|Win32
		{ED826DBF-0EAB-4580-80A1-EF6F8DE6D4C7}.LinuxARM64Release|Jam-Build.ActiveCfg = LinuxARM64Release|Win32
		{ED826DBF-0EAB-4580-80A1-EF6F8DE6D4C7}.LinuxARM64Release|x64.ActiveCfg = LinuxARM64Release|Win32
		{ED826DBF-0EAB-4580-80A1-EF6F8DE6D4C7}.LinuxARM64Release|x86.ActiveCfg = LinuxARM64Release|Win32
		{ED826DBF-0EAB-4580-80A1-EF6F8DE6D4C7}.LinuxARM64Release|x86.Build.0 = LinuxARM64Release|Win32
		{ED826DBF-0EAB-4580-80A1-EF6F8DE6D4C7}.WinX64Debug|Jam-Build.ActiveCfg = WinX64Debug|Win32
		{ED826DBF-0EAB-4580-80A1-EF6F8DE6D4C7}.WinX64Debug|x64.ActiveCfg = WinX64Debug|Win32
		{ED826DBF-0EAB-4580-80A1-EF6F8DE6D4C7}.WinX64Debug|x86.ActiveCfg = WinX64Debug|Win32
		{ED826DBF-0EAB-4580-80A1-EF6F8DE6D4C7}.WinX64Debug|x86.Build.0 = WinX64Debug|Win32
		{ED826DBF-0EAB-4580-80A1-EF6F8DE6D4C7}.WinX64Release|Jam-Build.ActiveCfg = WinX64Release|Win32
		{ED826DBF-0EAB-4580-80A1-EF6F8DE6D4C7}.WinX64Release|x64.ActiveCfg = WinX64Release|Win32
		{ED826DBF-0EAB-4580-80A1-EF6F8DE6D4C7}.WinX64Release|x86.ActiveCfg = WinX64Release|Win32
		{ED826DBF-0EAB-4580-80A1-EF6F8DE6D4C7}.WinX64Release|x86.Build.0 = WinX64Release|Win32
		{8827A6AB-104C-4352-B45C-8D87681C6189}.LinuxARM64Debug|Jam-Build.ActiveCfg = LinuxARM64Debug|Win32
		{8827A6AB-104C-4352-B45C-8D87681C6189}.LinuxARM64Debug|x64.ActiveCfg = LinuxARM64Debug|Win32
		{8827A6AB-104C-4352-B45C-8D87681C6189}.LinuxARM64Debug|x86.ActiveCfg = LinuxARM64Debug|Win32
		{8827A6AB-104C-4352-B45C-8D87681C6189}.LinuxARM64Debug|x86.Build.0 = LinuxARM64Debug|Win32
		{8827A6AB-104C-4352-B45C-8D87681C6189}.LinuxARM64Release|Jam-Build.ActiveCfg = LinuxARM64Release|Win32
		{8827A6AB-104C-4352-B45C-8D87681C6189}.LinuxARM64Release|x64.ActiveCfg = LinuxARM64Release|Win32
		{8827A6AB-104C-4352-B45C-8D87681C6189}.LinuxARM64Release|x86.ActiveCfg = LinuxARM64Release|Win32
		{8827A6AB-104C-4352-B45C-8D87681C6189}.LinuxARM64Release|x86.Build.0 = LinuxARM64Release|Win32
		{8827A6AB-104C-4352-B45C-8D87681C6189}.WinX64Debug|Jam-Build.ActiveCfg = WinX64Debug|Win32
		{8827A6AB-104C-4352-B45C-8D87681C6189}.WinX64Debug|x64.ActiveCfg = WinX64Debug|Win32
		{8827A6AB-104C-4352-B45C-8D87681C6189}.WinX64Debug|x86.ActiveCfg = WinX64Debug|Win32
		{8827A6AB-104C-4352-B45C-8D87681C6189}.WinX64Debug|x86.Build.0 = WinX64Debug|Win32
		{8827A6AB-104C-4352-B45C-8D87681C6189}.WinX64Release|Jam-Build.ActiveCfg = WinX64Release|Win32
		{8827A6AB-104C-4352-B45C-8D87681C6189}.WinX64Release|x64.ActiveCfg = WinX64Release|Win32
		{8827A6AB-104C-4352-B45C-8D87681C6189}.WinX64Release|x86.ActiveCfg = WinX64Release|Win32
		{8827A6AB-104C-4352-B45C-8D87681C6189}.WinX64Release|x86.Build.0 = WinX64Release|Win32
		{920F6278-35E5-4FDD-8071-00F3E166F103}.LinuxARM64Debug|Jam-Build.ActiveCfg = LinuxARM64Debug|Win32
		{920F6278-35E5-4FDD-8071-00F3E166F103}.LinuxARM64Debug|x64.ActiveCfg = LinuxARM64Debug|Win32
		{920F6278-35E5-4FDD-8071-00F3E166F103}.LinuxARM64Debug|x86.ActiveCfg = LinuxARM64Debug|Win32
		{920F6278-35E5-4FDD-8071-00F3E166F103}.LinuxARM64Debug|x86.Build.0 = LinuxARM64Debug|Win32
		{920F6278-35E5-4FDD-8071-00F3E166F103}.LinuxARM64Release|Jam-Build.ActiveCfg = LinuxARM64Release|Win32
		{920F6278-35E5-4FDD-8071-00F3E166F103}.LinuxARM64Release|x64.ActiveCfg = LinuxARM64Release|Win32
		{920F6278-35E5-4FDD-8071-00F3E166F103}.LinuxARM64Release|x86.ActiveCfg = LinuxARM64Release|Win32
		{920F6278-35E5-4FDD-8071-00F3E166F103}.LinuxARM64Release|x86.Build.0 = LinuxARM64Release|Win32
		{920F6278-35E5-4FDD-8071-00F3E166F103}.WinX64Debug|Jam-Build.ActiveCfg = WinX64Debug|Win32
		{920F6278-35E5-4FDD-8071-00F3E166F103}.WinX64Debug|x64.ActiveCfg = WinX64Debug|Win32
		{920F6278-35E5-4FDD-8071-00F3E166F103}.WinX64Debug|x86.ActiveCfg = WinX64Debug|Win32
		{920F6278-35E5-4FDD-8071-00F3E166F103}.WinX64Debug|x86.Build.0 = WinX64Debug|Win32
		{920F6278-35E5-4FDD-8071-00F3E166F103}.WinX64Release|Jam-Build.ActiveCfg = WinX64Release|Win32
		{920F6278-35E5-4FDD-8071-00F3E166F103}.WinX64Release|x64.ActiveCfg = WinX64Release|Win32
		{920F6278-35E5-4FDD-8071-00F3E166F103}.WinX64Release|x86.ActiveCfg = WinX64Release|Win32
		{920F6278-35E5-4FDD-8071-00F3E166F103}.WinX64Release|x86.Build.0 = WinX64Release|Win32
		{6F0AE6A7-60DB-43E6-8C05-67CAA0973D95}.LinuxARM64Debug|Jam-Build.ActiveCfg = LinuxARM64Debug|Win32
		{6F0AE6A7-60DB-43E6-8C05-67CAA0973D95}.LinuxARM64Debug|x64.ActiveCfg = LinuxARM64Debug|Win32
		{6F0AE6A7-60DB-43E6-8C05-67CAA0973D95}.LinuxARM64Debug|x86.ActiveCfg = LinuxARM64Debug|Win32
		{6F0AE6A7-60DB-43E6-8C05-67CAA0973D95}.LinuxARM64Debug|x86.Build.0 = LinuxARM64Debug|Win32
		{6F0AE6A7-60DB-43E6-8C05-67CAA0973D95}.LinuxARM64Release|Jam-Build.ActiveCfg = LinuxARM64Release|Win32
		{6F0AE6A7-60DB-43E6-8C05-67CAA0973D95}.LinuxARM64Release|x64.ActiveCfg = LinuxARM64Release|Win32
		{6F0AE6A7-60DB-43E6-8C05-67CAA0973D95}.LinuxARM64Release|x86.ActiveCfg = LinuxARM64Release|Win32
		{6F0AE6A7-60DB-43E6-8C05-67CAA0973D95}.LinuxARM64Release|x86.Build.0 = LinuxARM64Release|Win32
		{6F0AE6A7-60DB-43E6-8C05-67CAA0973D95}.WinX64Debug|Jam-Build.ActiveCfg = WinX64Debug|Win32
		{6F0AE6A7-60DB-43E6-8C05-67CAA0973D95}.WinX64Debug|x64.ActiveCfg = WinX64Debug|Win32
		{6F0AE6A7-60DB-43E6-8C05-67CAA0973D95}.WinX64Debug|x86.ActiveCfg = WinX64Debug|Win32
		{6F0AE6A7-60DB-43E6-8C05-67CAA0973D95}.WinX64Debug|x86.Build.0 = WinX64Debug|Win32
		{6F0AE6A7-60DB-43E6-8C05-67CAA0973D95}.WinX64Release|Jam-Build.ActiveCfg = WinX64Release|Win32
		{6F0AE6A7-60DB-43E6-8C05-67CAA0973D95}.WinX64Release|x64.ActiveCfg = WinX64Release|Win32
		{6F0AE6A7-60DB-43E6-8C05-67CAA0973D95}.WinX64Release|x86.ActiveCfg = WinX64Release|Win32
		{6F0AE6A7-60DB-43E6-8C05-67CAA0973D95}.WinX64Release|x86.Build.0 = WinX64Release|Win32
		{77AD403D-B08A-4BFC-8A3F-7D822B131710}.LinuxARM64Debug|Jam-Build.ActiveCfg = LinuxARM64Debug|Win32
		{77AD403D-B08A-4BFC-8A3F-7D822B131710}.LinuxARM64Debug|x64.ActiveCfg = LinuxARM64Debug|Win32
		{77AD403D-B08A-4BFC-8A3F-7D822B131710}.LinuxARM64Debug|x86.ActiveCfg = LinuxARM64Debug|Win32
		{77AD403D-B08A-4BFC-8A3F-7D822B131710}.LinuxARM64Debug|x86.Build.0 = LinuxARM64Debug|Win32
		{77AD403D-B08A-4BFC-8A3F-7D822B131710}.LinuxARM64Release|Jam-Build.ActiveCfg = LinuxARM64Release|Win32
		{77AD403D-B08A-4BFC-8A3F-7D822B131710}.LinuxARM64Release|x64.ActiveCfg = LinuxARM64Release|Win32
		{77AD403D-B08A-4BFC-8A3F-7D822B131710}.LinuxARM64Release|x86.ActiveCfg = LinuxARM64Release|Win32
		{77AD403D-B08A-4BFC-8A3F-7D822B131710}.LinuxARM64Release|x86.Build.0 = LinuxARM64Release|Win32
		{77AD403D-B08A-4BFC-8A3F-7D822B131710}.WinX64Debug|Jam-Build.ActiveCfg = WinX64Debug|Win32
		{77AD403D-B08A-4BFC-8A3F-7D822B131710}.WinX64Debug|x64.ActiveCfg = WinX64Debug|Win32
		{77AD403D-B08A-4BFC-8A3F-7D822B131710}.WinX64Debug|x86.ActiveCfg = WinX64Debug|Win32
		{77AD403D-B08A-4BFC-8A3F-7D822B131710}.WinX64Debug|x86.Build.0 = WinX64Debug|Win32
		{77AD403D-B08A-4BFC-8A3F-7D822B131710}.WinX64Release|Jam-Build.ActiveCfg = WinX64Release|Win32
		{77AD403D-B08A-4BFC-8A3F-7D822B131710}.WinX64Release|x64.ActiveCfg = WinX64Release|Win32
		{77AD403D-B08A-4BFC-8A3F-7D822B131710}.WinX64Release|x86.ActiveCfg = WinX64Release|Win32
		{77AD403D-B08A-4BFC-8A3F-7D822B131710}.WinX64Release|x86.Build.0 = WinX64Release|Win32
		{4FD74A79-430A-450E-A0C5-8957B7211DD9}.LinuxARM64Debug|Jam-Build.ActiveCfg = LinuxARM64Debug|Win32
		{4FD74A79-430A-450E-A0C5-8957B7211DD9}.LinuxARM64Debug|x64.ActiveCfg = LinuxARM64Debug|Win32
		{4FD74A79-430A-450E-A0C5-8957B7211DD9}.LinuxARM64Debug|x86.ActiveCfg = LinuxARM64Debug|Win32
		{4FD74A79-430A-450E-A0C5-8957B7211DD9}.LinuxARM64Debug|x86.Build.0 = LinuxARM64Debug|Win32
		{4FD74A79-430A-450E-A0C5-8957B7211DD9}.LinuxARM64Release|Jam-Build.ActiveCfg = LinuxARM64Release|Win32
		{4FD74A79-430A-450E-A0C5-8957B7211DD9}.LinuxARM64Release|x64.ActiveCfg = LinuxARM64Release|Win32
		{4FD74A79-430A-450E-A0C5-8957B7211DD9}.LinuxARM64Release|x86.ActiveCfg = LinuxARM64Release|Win32
		{4FD74A79-430A-450E-A0C5-8957B7211DD9}.LinuxARM64Release|x86.Build.0 = LinuxARM64Release|Win32
		{4FD74A79-430A-450E-A0C5-8957B7211DD9}.WinX64Debug|Jam-Build.ActiveCfg = WinX64Debug|Win32
		{4FD74A79-430A-450E-A0C5-8957B7211DD9}.WinX64Debug|x64.ActiveCfg = WinX64Debug|Win32
		{4FD74A79-430A-450E-A0C5-8957B7211DD9}.WinX64Debug|x86.ActiveCfg = WinX64Debug|Win32
		{4FD74A79-430A-450E-A0C5-8957B7211DD9}.WinX64Debug|x86.Build.0 = WinX64Debug|Win32
		{4FD74A79-430A-450E-A0C5-8957B7211DD9}.WinX64Release|Jam-Build.ActiveCfg = WinX64Release|Win32
		{4FD74A79-430A-450E-A0C5-8957B7211DD9}.WinX64Release|x64.ActiveCfg = WinX64Release|Win32
		{4FD74A79-430A-450E-A0C5-8957B7211DD9}.WinX64Release|x86.ActiveCfg = WinX64Release|Win32
		{4FD74A79-430A-450E-A0C5-8957B7211DD9}.WinX64Release|x86.Build.0 = WinX64Release|Win32
		{B5B96FFC-5070-485D-8B66-A72497928C36}.LinuxARM64Debug|Jam-Build.ActiveCfg = LinuxARM64Debug|Win32
		{B5B96FFC-5070-485D-8B66-A72497928C36}.LinuxARM64Debug|x64.ActiveCfg = LinuxARM64Debug|Win32
		{B5B96FFC-5070-485D-8B66-A72497928C36}.LinuxARM64Debug|x86.ActiveCfg = LinuxARM64Debug|Win32
		{B5B96FFC-5070-485D-8B66-A72497928C36}.LinuxARM64Debug|x86.Build.0 = LinuxARM64Debug|Win32
		{B5B96FFC-5070-485D-8B66-A72497928C36}.LinuxARM64Release|Jam-Build.ActiveCfg = LinuxARM64Release|Win32
		{B5B96FFC-5070-485D-8B66-A72497928C36}.LinuxARM64Release|x64.ActiveCfg = LinuxARM64Release|Win32
		{B5B96FFC-5070-485D-8B66-A72497928C36}.LinuxARM64Release|x86.ActiveCfg = LinuxARM64Release|Win32
		{B5B96FFC-5070-485D-8B66-A72497928C36}.LinuxARM64Release|x86.Build.0 = LinuxARM64Release|Win32
		{B5B96FFC-5070-485D-8B66-A72497928C36}.WinX64Debug|Jam-Build.ActiveCfg = WinX64Debug|Win32
		{B5B96FFC-5070-485D-8B66-A72497928C36}.WinX64Debug|x64.ActiveCfg = WinX64Debug|Win32
		{B5B96FFC-5070-485D-8B66-A72497928C36}.WinX64Debug|x86.ActiveCfg = WinX64Debug|Win32
		{B5B96FFC-5070-485D-8B66-A72497928C36}.WinX64Debug|x86.Build.0 = WinX64Debug|Win32
		{B5B96FFC-5070-485D-8B66-A72497928C36}.WinX64Release|Jam-Build.ActiveCfg = WinX64Release|Win32
		{B5B96FFC-5070-485D-8B66-A72497928C36}.WinX64Release|x64.ActiveCfg = WinX64Release|Win32
		{B5B96FFC-5070-485D-8B66-A72497928C36}.WinX64Release|x86.ActiveCfg = WinX64Release|Win32
		{B5B96FFC-5070-485D-8B66-A72497928C36}.WinX64Release|x86.Build.0 = WinX64Release|Win32
		{715C750C-7E53-4C2E-9AB1-6C196267E5A7}.LinuxARM64Debug|Jam-Build.ActiveCfg = LinuxARM64Debug|Win32
		{715C750C-7E53-4C2E-9AB1-6C196267E5A7}.LinuxARM64Debug|x64.ActiveCfg = LinuxARM64Debug|Win32
		{715C750C-7E53-4C2E-9AB1-6C196267E5A7}.LinuxARM64Debug|x86.ActiveCfg = LinuxARM64Debug|Win32
		{715C750C-7E53-4C2E-9AB1-6C196267E5A7}.LinuxARM64Debug|x86.Build.0 = LinuxARM64Debug|Win32
		{715C750C-7E53-4C2E-9AB1-6C196267E5A7}.LinuxARM64Release|Jam-Build.ActiveCfg = LinuxARM64Release|Win32
		{715C750C-7E53-4C2E-9AB1-6C196267E5A7}.LinuxARM64Release|x64.ActiveCfg = LinuxARM64Release|Win32
		{715C750C-7E53-4C2E-9AB1-6C196267E5A7}.LinuxARM64Release|x86.ActiveCfg = LinuxARM64Release|Win32
		{715C750C-7E53-4C2E-9AB1-6C196267E5A7}.LinuxARM64Release|x86.Build.0 = LinuxARM64Release|Win32
		{715C750C-7E53-4C2E-9AB1-6C196267E5A7}.WinX64Debug|Jam-Build.ActiveCfg = WinX64Debug|Win32
		{715C750C-7E53-4C2E-9AB1-6C196267E5A7}.WinX64Debug|x64.ActiveCfg = WinX64Debug|Win32
		{715C750C-7E53-4C2E-9AB1-6C196267E5A7}.WinX64Debug|x86.ActiveCfg = WinX64Debug|Win32
		{715C750C-7E53-4C2E-9AB1-6C196267E5A7}.WinX64Debug|x86.Build.0 = WinX64Debug|Win32
		{715C750C-7E53-4C2E-9AB1-6C196267E5A7}.WinX64Release|Jam-Build.ActiveCfg = WinX64Release|Win32
		{715C750C-7E53-4C2E-9AB1-6C196267E5A7}.WinX64Release|x64.ActiveCfg = WinX64Release|Win32
		{715C750C-7E53-4C2E-9AB1-6C196267E5A7}.WinX64Release|x86.ActiveCfg = WinX64Release|Win32
		{715C750C-7E53-4C2E-9AB1-6C196267E5A7}.WinX64Release|x86.Build.0 = WinX64Release|Win32
		{05E176C5-DEC5-4553-BA99-EE99D24AC106}.LinuxARM64Debug|Jam-Build.ActiveCfg = LinuxARM64Debug|Win32
		{05E176C5-DEC5-4553-BA99-EE99D24AC106}.LinuxARM64Debug|x64.ActiveCfg = LinuxARM64Debug|Win32
		{05E176C5-DEC5-4553-BA99-EE99D24AC106}.LinuxARM64Debug|x86.ActiveCfg = LinuxARM64Debug|Win32
		{05E176C5-DEC5-4553-BA99-EE99D24AC106}.LinuxARM64Debug|x86.Build.0 = LinuxARM64Debug|Win32
		{05E176C5-DEC5-4553-BA99-EE99D24AC106}.LinuxARM64Release|Jam-Build.ActiveCfg = LinuxARM64Release|Win32
		{05E176C5-DEC5-4553-BA99-EE99D24AC106}.LinuxARM64Release|x64.ActiveCfg = LinuxARM64Release|Win32
		{05E176C5-DEC5-4553-BA99-EE99D24AC106}.LinuxARM64Release|x86.ActiveCfg = LinuxARM64Release|Win32
		{05E176C5-DEC5-4553-BA99-EE99D24AC106}.LinuxARM64Release|x86.Build.0 = LinuxARM64Release|Win32
		{05E176C5-DEC5-4553-BA99-EE99D24AC106}.WinX64Debug|Jam-Build.ActiveCfg = WinX64Debug|Win32
		{05E176C5-DEC5-4553-BA99-EE99D24AC106}.WinX64Debug|x64.ActiveCfg = WinX64Debug|Win32
		{05E176C5-DEC5-4553-BA99-EE99D24AC106}.WinX64Debug|x86.ActiveCfg = WinX64Debug|Win32
		{05E176C5-DEC5-4553-BA99-EE99D24AC106}.WinX64Debug|x86.Build.0 = WinX64Debug|Win32
		{05E176C5-DEC5-4553-BA99-EE99D24AC106}.WinX64Release|Jam-Build.ActiveCfg = WinX64Release|Win32
		{05E176C5-DEC5-4553-BA99-EE99D24AC106}.WinX64Release|x64.ActiveCfg = WinX64Release|Win32
		{05E176C5-DEC5-4553-BA99-EE99D24AC106}.WinX64Release|x86.ActiveCfg = WinX64Release|Win32
		{05E176C5-DEC5-4553-BA99-EE99D24AC106}.WinX64Release|x86.Build.0 = WinX64Release|Win32
		{8184700B-45E2-4F96-A838-1EF293AEA33D}.LinuxARM64Debug|Jam-Build.ActiveCfg = LinuxARM64Debug|Win32
		{8184700B-45E2-4F96-A838-1EF293AEA33D}.LinuxARM64Debug|x64.ActiveCfg = LinuxARM64Debug|Win32
		{8184700B-45E2-4F96-A838-1EF293AEA33D}.LinuxARM64Debug|x86.ActiveCfg = LinuxARM64Debug|Win32
		{8184700B-45E2-4F96-A838-1EF293AEA33D}.LinuxARM64Debug|x86.Build.0 = LinuxARM64Debug|Win32
		{8184700B-45E2-4F96-A838-1EF293AEA33D}.LinuxARM64Release|Jam-Build.ActiveCfg = LinuxARM64Release|Win32
		{8184700B-45E2-4F96-A838-1EF293AEA33D}.LinuxARM64Release|x64.ActiveCfg = LinuxARM64Release|Win32
		{8184700B-45E2-4F96-A838-1EF293AEA33D}.LinuxARM64Release|x86.ActiveCfg = LinuxARM64Release|Win32
		{8184700B-45E2-4F96-A838-1EF293AEA33D}.LinuxARM64Release|x86.Build.0 = LinuxARM64Release|Win32
		{8184700B-45E2-4F96-A838-1EF293AEA33D}.WinX64Debug|Jam-Build.ActiveCfg = WinX64Debug|Win32
		{8184700B-45E2-4F96-A838-1EF293AEA33D}.WinX64Debug|x64.ActiveCfg = WinX64Debug|Win32
		{8184700B-45E2-4F96-A838-1EF293AEA33D}.WinX64Debug|x86.ActiveCfg = WinX64Debug|Win32
		{8184700B-45E2-4F96-A838-1EF293AEA33D}.WinX64Debug|x86.Build.0 = WinX64Debug|Win32
		{8184700B-45E2-4F96-A838-1EF293AEA33D}.WinX64Release|Jam-Build.ActiveCfg = WinX64Release|Win32
		{8184700B-45E2-4F96-A838-1EF293AEA33D}.WinX64Release|x64.ActiveCfg = WinX64Release|Win32
		{8184700B-45E2-4F96-A838-1EF293AEA33D}.WinX64Release|x86.ActiveCfg = WinX64Release|Win32
		{8184700B-45E2-4F96-A838-1EF293AEA33D}.WinX64Release|x86.Build.0 = WinX64Release|Win32
		{9811B778-2ACD-4174-A0AD-5F519399EB6A}.LinuxARM64Debug|Jam-Build.ActiveCfg = LinuxARM64Debug|Win32
		{9811B778-2ACD-4174-A0AD-5F519399EB6A}.LinuxARM64Debug|x64.ActiveCfg = LinuxARM64Debug|Win32
		{9811B778-2ACD-4174-A0AD-5F519399EB6A}.LinuxARM64Debug|x86.ActiveCfg = LinuxARM64Debug|Win32
		{9811B778-2ACD-4174-A0AD-5F519399EB6A}.LinuxARM64Debug|x86.Build.0 = LinuxARM64Debug|Win32
		{9811B778-2ACD-4174-A0AD-5F519399EB6A}.LinuxARM64Release|Jam-Build.ActiveCfg = LinuxARM64Release|Win32
		{9811B778-2ACD-4174-A0AD-5F519399EB6A}.LinuxARM64Release|x64.ActiveCfg = LinuxARM64Release|Win32
		{9811B778-2ACD-4174-A0AD-5F519399EB6A}.LinuxARM64Release|x86.ActiveCfg = LinuxARM64Release|Win32
		{9811B778-2ACD-4174-A0AD-5F519399EB6A}.LinuxARM64Release|x86.Build.0 = LinuxARM64Release|Win32
		{9811B778-2ACD-4174-A0AD-5F519399EB6A}.WinX64Debug|Jam-Build.ActiveCfg = WinX64Debug|Win32
		{9811B778-2ACD-4174-A0AD-5F519399EB6A}.WinX64Debug|x64.ActiveCfg = WinX64Debug|Win32
		{9811B778-2ACD-4174-A0AD-5F519399EB6A}.WinX64Debug|x86.ActiveCfg = WinX64Debug|Win32
		{9811B778-2ACD-4174-A0AD-5F519399EB6A}.WinX64Debug|x86.Build.0 = WinX64Debug|Win32
		{9811B778-2ACD-4174-A0AD-5F519399EB6A}.WinX64Release|Jam-Build.ActiveCfg = WinX64Release|Win32
		{9811B778-2ACD-4174-A0AD-5F519399EB6A}.WinX64Release|x64.ActiveCfg = WinX64Release|Win32
		{9811B778-2ACD-4174-A0AD-5F519399EB6A}.WinX64Release|x86.ActiveCfg = WinX64Release|Win32
		{9811B778-2ACD-4174-A0AD-5F519399EB6A}.WinX64Release|x86.Build.0 = WinX64Release|Win32
		{9E3FE236-D36D-4F72-A2F1-66C9FD23C5FA}.LinuxARM64Debug|Jam-Build.ActiveCfg = LinuxARM64Debug|Win32
		{9E3FE236-D36D-4F72-A2F1-66C9FD23C5FA}.LinuxARM64Debug|x64.ActiveCfg = LinuxARM64Debug|Win32
		{9E3FE236-D36D-4F72-A2F1-66C9FD23C5FA}.LinuxARM64Debug|x86.ActiveCfg = LinuxARM64Debug|Win32
		{9E3FE236-D36D-4F72-A2F1-66C9FD23C5FA}.LinuxARM64Debug|x86.Build.0 = LinuxARM64Debug|Win32
		{9E3FE236-D36D-4F72-A2F1-66C9FD23C5FA}.LinuxARM64Release|Jam-Build.ActiveCfg = LinuxARM64Release|Win32
		{9E3FE236-D36D-4F72-A2F1-66C9FD23C5FA}.LinuxARM64Release|x64.ActiveCfg = LinuxARM64Release|Win32
		{9E3FE236-D36D-4F72-A2F1-66C9FD23C5FA}.LinuxARM64Release|x86.ActiveCfg = LinuxARM64Release|Win32
		{9E3FE236-D36D-4F72-A2F1-66C9FD23C5FA}.LinuxARM64Release|x86.Build.0 = LinuxARM64Release|Win32
		{9E3FE236-D36D-4F72-A2F1-66C9FD23C5FA}.WinX64Debug|Jam-Build.ActiveCfg = WinX64Debug|Win32
		{9E3FE236-D36D-4F72-A2F1-66C9FD23C5FA}.WinX64Debug|x64.ActiveCfg = WinX64Debug|Win32
		{9E3FE236-D36D-4F72-A2F1-66C9FD23C5FA}.WinX64Debug|x86.ActiveCfg = WinX64Debug|Win32
		{9E3FE236-D36D-4F72-A2F1-66C9FD23C5FA}.WinX64Debug|x86.Build.0 = WinX64Debug|Win32
		{9E3FE236-D36D-4F72-A2F1-66C9FD23C5FA}.WinX64Release|Jam-Build.ActiveCfg = WinX64Release|Win32
		{9E3FE236-D36D-4F72-A2F1-66C9FD23C5FA}.WinX64Release|x64.ActiveCfg = WinX64Release|Win32
		{9E3FE236-D36D-4F72-A2F1-66C9FD23C5FA}.WinX64Release|x86.ActiveCfg = WinX64Release|Win32
		{9E3FE236-D36D-4F72-A2F1-66C9FD23C5FA}.WinX64Release|x86.Build.0 = WinX64Release|Win32
		{FBECA9B6-3380-4B10-9177-0164E8D8893F}.LinuxARM64Debug|Jam-Build.ActiveCfg = LinuxARM64Debug|Win32
		{FBECA9B6-3380-4B10-9177-0164E8D8893F}.LinuxARM64Debug|x64.ActiveCfg = LinuxARM64Debug|Win32
		{FBECA9B6-3380-4B10-9177-0164E8D8893F}.LinuxARM64Debug|x86.ActiveCfg = LinuxARM64Debug|Win32
		{FBECA9B6-3380-4B10-9177-0164E8D8893F}.LinuxARM64Debug|x86.Build.0 = LinuxARM64Debug|Win32
		{FBECA9B6-3380-4B10-9177-0164E8D8893F}.LinuxARM64Release|Jam-Build.ActiveCfg = LinuxARM64Release|Win32
		{FBECA9B6-3380-4B10-9177-0164E8D8893F}.LinuxARM64Release|x64.ActiveCfg = LinuxARM64Release|Win32
		{FBECA9B6-3380-4B10-9177-0164E8D8893F}.LinuxARM64Release|x86.ActiveCfg = LinuxARM64Release|Win32
		{FBECA9B6-3380-4B10-9177-0164E8D8893F}.LinuxARM64Release|x86.Build.0 = LinuxARM64Release|Win32
		{FBECA9B6-3380-4B10-9177-0164E8D8893F}.WinX64Debug|Jam-Build.ActiveCfg = WinX64Debug|Win32
		{FBECA9B6-3380-4B10-9177-0164E8D8893F}.WinX64Debug|x64.ActiveCfg = WinX64Debug|Win32
		{FBECA9B6-3380-4B10-9177-0164E8D8893F}.WinX64Debug|x86.ActiveCfg = WinX64Debug|Win32
		{FBECA9B6-3380-4B10-9177-0164E8D8893F}.WinX64Debug|x86.Build.0 = WinX64Debug|Win32
		{FBECA9B6-3380-4B10-9177-0164E8D8893F}.WinX64Release|Jam-Build.ActiveCfg = WinX64Release|Win32
		{FBECA9B6-3380-4B10-9177-0164E8D8893F}.WinX64Release|x64.ActiveCfg = WinX64Release|Win32
		{FBECA9B6-3380-4B10-9177-0164E8D8893F}.WinX64Release|x86.ActiveCfg = WinX64Release|Win32
		{FBECA9B6-3380-4B10-9177-0164E8D8893F}.WinX64Release|x86.Build.0 = WinX64Release|Win32
		{8B8D26DC-C4A4-433F-B574-0D492F49C02B}.LinuxARM64Debug|Jam-Build.ActiveCfg = LinuxARM64Debug|Win32
		{8B8D26DC-C4A4-433F-B574-0D492F49C02B}.LinuxARM64Debug|x64.ActiveCfg = LinuxARM64Debug|Win32
		{8B8D26DC-C4A4-433F-B574-0D492F49C02B}.LinuxARM64Debug|x86.ActiveCfg = LinuxARM64Debug|Win32
		{8B8D26DC-C4A4-433F-B574-0D492F49C02B}.LinuxARM64Debug|x86.Build.0 = LinuxARM64Debug|Win32
		{8B8D26DC-C4A4-433F-B574-0D492F49C02B}.LinuxARM64Release|Jam-Build.ActiveCfg = LinuxARM64Release|Win32
		{8B8D26DC-C4A4-433F-B574-0D492F49C02B}.LinuxARM64Release|x64.ActiveCfg = LinuxARM64Release|Win32
		{8B8D26DC-C4A4-433F-B574-0D492F49C02B}.LinuxARM64Release|x86.ActiveCfg = LinuxARM64Release|Win32
		{8B8D26DC-C4A4-433F-B574-0D492F49C02B}.LinuxARM64Release|x86.Build.0 = LinuxARM64Release|Win32
		{8B8D26DC-C4A4-433F-B574-0D492F49C02B}.WinX64Debug|Jam-Build.ActiveCfg = WinX64Debug|Win32
		{8B8D26DC-C4A4-433F-B574-0D492F49C02B}.WinX64Debug|x64.ActiveCfg = WinX64Debug|Win32
		{8B8D26DC-C4A4-433F-B574-0D492F49C02B}.WinX64Debug|x86.ActiveCfg = WinX64Debug|Win32
		{8B8D26DC-C4A4-433F-B574-0D492F49C02B}.WinX64Debug|x86.Build.0 = WinX64Debug|Win32
		{8B8D26DC-C4A4-433F-B574-0D492F49C02B}.WinX64Release|Jam-Build.ActiveCfg = WinX64Release|Win32
		{8B8D26DC-C4A4-433F-B574-0D492F49C02B}.WinX64Release|x64.ActiveCfg = WinX64Release|Win32
		{8B8D26DC-C4A4-433F-B574-0D492F49C02B}.WinX64Release|x86.ActiveCfg = WinX64Release|Win32
		{8B8D26DC-C4A4-433F-B574-0D492F49C02B}.WinX64Release|x86.Build.0 = WinX64Release|Win32
		{1133A851-E88D-4C5C-8B9A-9965CBBAA224}.LinuxARM64Debug|Jam-Build.ActiveCfg = LinuxARM64Debug|Win32
		{1133A851-E88D-4C5C-8B9A-9965CBBAA224}.LinuxARM64Debug|x64.ActiveCfg = LinuxARM64Debug|x64
		{1133A851-E88D-4C5C-8B9A-9965CBBAA224}.LinuxARM64Debug|x64.Build.0 = LinuxARM64Debug|x64
		{1133A851-E88D-4C5C-8B9A-9965CBBAA224}.LinuxARM64Debug|x86.ActiveCfg = LinuxARM64Debug|Win32
		{1133A851-E88D-4C5C-8B9A-9965CBBAA224}.LinuxARM64Debug|x86.Build.0 = LinuxARM64Debug|Win32
		{1133A851-E88D-4C5C-8B9A-9965CBBAA224}.LinuxARM64Release|Jam-Build.ActiveCfg = LinuxARM64Release|Win32
		{1133A851-E88D-4C5C-8B9A-9965CBBAA224}.LinuxARM64Release|x64.ActiveCfg = LinuxARM64Release|x64
		{1133A851-E88D-4C5C-8B9A-9965CBBAA224}.LinuxARM64Release|x64.Build.0 = LinuxARM64Release|x64
		{1133A851-E88D-4C5C-8B9A-9965CBBAA224}.LinuxARM64Release|x86.ActiveCfg = LinuxARM64Release|Win32
		{1133A851-E88D-4C5C-8B9A-9965CBBAA224}.LinuxARM64Release|x86.Build.0 = LinuxARM64Release|Win32
		{1133A851-E88D-4C5C-8B9A-9965CBBAA224}.WinX64Debug|Jam-Build.ActiveCfg = WinX64Debug|Win32
		{1133A851-E88D-4C5C-8B9A-9965CBBAA224}.WinX64Debug|x64.ActiveCfg = WinX64Debug|x64
		{1133A851-E88D-4C5C-8B9A-9965CBBAA224}.WinX64Debug|x64.Build.0 = WinX64Debug|x64
		{1133A851-E88D-4C5C-8B9A-9965CBBAA224}.WinX64Debug|x86.ActiveCfg = WinX64Debug|Win32
		{1133A851-E88D-4C5C-8B9A-9965CBBAA224}.WinX64Debug|x86.Build.0 = WinX64Debug|Win32
		{1133A851-E88D-4C5C-8B9A-9965CBBAA224}.WinX64Release|Jam-Build.ActiveCfg = WinX64Release|Win32
		{1133A851-E88D-4C5C-8B9A-9965CBBAA224}.WinX64Release|x64.ActiveCfg = WinX64Release|x64
		{1133A851-E88D-4C5C-8B9A-9965CBBAA224}.WinX64Release|x64.Build.0 = WinX64Release|x64
		{1133A851-E88D-4C5C-8B9A-9965CBBAA224}.WinX64Release|x86.ActiveCfg = WinX64Release|Win32
		{1133A851-E88D-4C5C-8B9A-9965CBBAA224}.WinX64Release|x86.Build.0 = WinX64Release|Win32
		{24D88482-8F15-4B47-9260-6881184849D9}.LinuxARM64Debug|Jam-Build.ActiveCfg = LinuxARM64Debug|Win32
		{24D88482-8F15-4B47-9260-6881184849D9}.LinuxARM64Debug|x64.ActiveCfg = LinuxARM64Debug|Win32
		{24D88482-8F15-4B47-9260-6881184849D9}.LinuxARM64Debug|x86.ActiveCfg = LinuxARM64Debug|Win32
		{24D88482-8F15-4B47-9260-6881184849D9}.LinuxARM64Debug|x86.Build.0 = LinuxARM64Debug|Win32
		{24D88482-8F15-4B47-9260-6881184849D9}.LinuxARM64Release|Jam-Build.ActiveCfg = LinuxARM64Release|Win32
		{24D88482-8F15-4B47-9260-6881184849D9}.LinuxARM64Release|x64.ActiveCfg = LinuxARM64Release|Win32
		{24D88482-8F15-4B47-9260-6881184849D9}.LinuxARM64Release|x86.ActiveCfg = LinuxARM64Release|Win32
		{24D88482-8F15-4B47-9260-6881184849D9}.LinuxARM64Release|x86.Build.0 = LinuxARM64Release|Win32
		{24D88482-8F15-4B47-9260-6881184849D9}.WinX64Debug|Jam-Build.ActiveCfg = WinX64Debug|Win32
		{24D88482-8F15-4B47-9260-6881184849D9}.WinX64Debug|x64.ActiveCfg = WinX64Debug|Win32
		{24D88482-8F15-4B47-9260-6881184849D9}.WinX64Debug|x86.ActiveCfg = WinX64Debug|Win32
		{24D88482-8F15-4B47-9260-6881184849D9}.WinX64Debug|x86.Build.0 = WinX64Debug|Win32
		{24D88482-8F15-4B47-9260-6881184849D9}.WinX64Release|Jam-Build.ActiveCfg = WinX64Release|Win32
		{24D88482-8F15-4B47-9260-6881184849D9}.WinX64Release|x64.ActiveCfg = WinX64Release|Win32
		{24D88482-8F15-4B47-9260-6881184849D9}.WinX64Release|x86.ActiveCfg = WinX64Release|Win32
		{24D88482-8F15-4B47-9260-6881184849D9}.WinX64Release|x86.Build.0 = WinX64Release|Win32
		{A3061617-6D56-4F16-B2A5-186803AA67A2}.LinuxARM64Debug|Jam-Build.ActiveCfg = LinuxARM64Debug|Win32
		{A3061617-6D56-4F16-B2A5-186803AA67A2}.LinuxARM64Debug|x64.ActiveCfg = LinuxARM64Debug|x64
		{A3061617-6D56-4F16-B2A5-186803AA67A2}.LinuxARM64Debug|x64.Build.0 = LinuxARM64Debug|x64
		{A3061617-6D56-4F16-B2A5-186803AA67A2}.LinuxARM64Debug|x86.ActiveCfg = LinuxARM64Debug|Win32
		{A3061617-6D56-4F16-B2A5-186803AA67A2}.LinuxARM64Debug|x86.Build.0 = LinuxARM64Debug|Win32
		{A3061617-6D56-4F16-B2A5-186803AA67A2}.LinuxARM64Release|Jam-Build.ActiveCfg = LinuxARM64Release|Win32
		{A3061617-6D56-4F16-B2A5-186803AA67A2}.LinuxARM64Release|x64.ActiveCfg = LinuxARM64Release|x64
		{A3061617-6D56-4F16-B2A5-186803AA67A2}.LinuxARM64Release|x64.Build.0 = LinuxARM64Release|x64
		{A3061617-6D56-4F16-B2A5-186803AA67A2}.LinuxARM64Release|x86.ActiveCfg = LinuxARM64Release|Win32
		{A3061617-6D56-4F16-B2A5-186803AA67A2}.LinuxARM64Release|x86.Build.0 = LinuxARM64Release|Win32
		{A3061617-6D56-4F16-B2A5-186803AA67A2}.WinX64Debug|Jam-Build.ActiveCfg = WinX64Debug|Win32
		{A3061617-6D56-4F16-B2A5-186803AA67A2}.WinX64Debug|x64.ActiveCfg = WinX64Debug|x64
		{A3061617-6D56-4F16-B2A5-186803AA67A2}.WinX64Debug|x64.Build.0 = WinX64Debug|x64
		{A3061617-6D56-4F16-B2A5-186803AA67A2}.WinX64Debug|x86.ActiveCfg = WinX64Debug|Win32
		{A3061617-6D56-4F16-B2A5-186803AA67A2}.WinX64Debug|x86.Build.0 = WinX64Debug|Win32
		{A3061617-6D56-4F16-B2A5-186803AA67A2}.WinX64Release|Jam-Build.ActiveCfg = WinX64Release|Win32
		{A3061617-6D56-4F16-B2A5-186803AA67A2}.WinX64Release|x64.ActiveCfg = WinX64Release|x64
		{A3061617-6D56-4F16-B2A5-186803AA67A2}.WinX64Release|x64.Build.0 = WinX64Release|x64
		{A3061617-6D56-4F16-B2A5-186803AA67A2}.WinX64Release|x86.ActiveCfg = WinX64Release|Win32
		{A3061617-6D56-4F16-B2A5-186803AA67A2}.WinX64Release|x86.Build.0 = WinX64Release|Win32
		{A967D8F7-7910-44F0-80B2-2D9C19839557}.LinuxARM64Debug|Jam-Build.ActiveCfg = LinuxARM64Debug|Win32
		{A967D8F7-7910-44F0-80B2-2D9C19839557}.LinuxARM64Debug|x64.ActiveCfg = LinuxARM64Debug|x64
		{A967D8F7-7910-44F0-80B2-2D9C19839557}.LinuxARM64Debug|x64.Build.0 = LinuxARM64Debug|x64
		{A967D8F7-7910-44F0-80B2-2D9C19839557}.LinuxARM64Debug|x86.ActiveCfg = LinuxARM64Debug|Win32
		{A967D8F7-7910-44F0-80B2-2D9C19839557}.LinuxARM64Debug|x86.Build.0 = LinuxARM64Debug|Win32
		{A967D8F7-7910-44F0-80B2-2D9C19839557}.LinuxARM64Release|Jam-Build.ActiveCfg = LinuxARM64Release|Win32
		{A967D8F7-7910-44F0-80B2-2D9C19839557}.LinuxARM64Release|x64.ActiveCfg = LinuxARM64Release|x64
		{A967D8F7-7910-44F0-80B2-2D9C19839557}.LinuxARM64Release|x64.Build.0 = LinuxARM64Release|x64
		{A967D8F7-7910-44F0-80B2-2D9C19839557}.LinuxARM64Release|x86.ActiveCfg = LinuxARM64Release|Win32
		{A967D8F7-7910-44F0-80B2-2D9C19839557}.LinuxARM64Release|x86.Build.0 = LinuxARM64Release|Win32
		{A967D8F7-7910-44F0-80B2-2D9C19839557}.WinX64Debug|Jam-Build.ActiveCfg = WinX64Debug|Win32
		{A967D8F7-7910-44F0-80B2-2D9C19839557}.WinX64Debug|x64.ActiveCfg = WinX64Debug|x64
		{A967D8F7-7910-44F0-80B2-2D9C19839557}.WinX64Debug|x64.Build.0 = WinX64Debug|x64
		{A967D8F7-7910-44F0-80B2-2D9C19839557}.WinX64Debug|x86.ActiveCfg = WinX64Debug|Win32
		{A967D8F7-7910-44F0-80B2-2D9C19839557}.WinX64Debug|x86.Build.0 = WinX64Debug|Win32
		{A967D8F7-7910-44F0-80B2-2D9C19839557}.WinX64Release|Jam-Build.ActiveCfg = WinX64Release|Win32
		{A967D8F7-7910-44F0-80B2-2D9C19839557}.WinX64Release|x64.ActiveCfg = WinX64Release|x64
		{A967D8F7-7910-44F0-80B2-2D9C19839557}.WinX64Release|x64.Build.0 = WinX64Release|x64
		{A967D8F7-7910-44F0-80B2-2D9C19839557}.WinX64Release|x86.ActiveCfg = WinX64Release|Win32
		{A967D8F7-7910-44F0-80B2-2D9C19839557}.WinX64Release|x86.Build.0 = WinX64Release|Win32
		{28EDFDDA-8046-4933-AB11-F250924EE668}.LinuxARM64Debug|Jam-Build.ActiveCfg = LinuxARMRelease|Win32
		{28EDFDDA-8046-4933-AB11-F250924EE668}.LinuxARM64Debug|Jam-Build.Build.0 = LinuxARMRelease|Win32
		{28EDFDDA-8046-4933-AB11-F250924EE668}.LinuxARM64Debug|x64.ActiveCfg = LinuxARMRelease|x64
		{28EDFDDA-8046-4933-AB11-F250924EE668}.LinuxARM64Debug|x64.Build.0 = LinuxARMRelease|x64
		{28EDFDDA-8046-4933-AB11-F250924EE668}.LinuxARM64Debug|x86.ActiveCfg = LinuxARMRelease|Win32
		{28EDFDDA-8046-4933-AB11-F250924EE668}.LinuxARM64Debug|x86.Build.0 = LinuxARMRelease|Win32
		{28EDFDDA-8046-4933-AB11-F250924EE668}.LinuxARM64Release|Jam-Build.ActiveCfg = LinuxARMRelease|Win32
		{28EDFDDA-8046-4933-AB11-F250924EE668}.LinuxARM64Release|Jam-Build.Build.0 = LinuxARMRelease|Win32
		{28EDFDDA-8046-4933-AB11-F250924EE668}.LinuxARM64Release|x64.ActiveCfg = LinuxARMRelease|x64
		{28EDFDDA-8046-4933-AB11-F250924EE668}.LinuxARM64Release|x64.Build.0 = LinuxARMRelease|x64
		{28EDFDDA-8046-4933-AB11-F250924EE668}.LinuxARM64Release|x86.ActiveCfg = LinuxARMRelease|Win32
		{28EDFDDA-8046-4933-AB11-F250924EE668}.LinuxARM64Release|x86.Build.0 = LinuxARMRelease|Win32
		{28EDFDDA-8046-4933-AB11-F250924EE668}.WinX64Debug|Jam-Build.ActiveCfg = LinuxARMRelease|Win32
		{28EDFDDA-8046-4933-AB11-F250924EE668}.WinX64Debug|Jam-Build.Build.0 = LinuxARMRelease|Win32
		{28EDFDDA-8046-4933-AB11-F250924EE668}.WinX64Debug|x64.ActiveCfg = Debug|x64
		{28EDFDDA-8046-4933-AB11-F250924EE668}.WinX64Debug|x64.Build.0 = Debug|x64
		{28EDFDDA-8046-4933-AB11-F250924EE668}.WinX64Debug|x86.ActiveCfg = Debug|Win32
		{28EDFDDA-8046-4933-AB11-F250924EE668}.WinX64Debug|x86.Build.0 = Debug|Win32
		{28EDFDDA-8046-4933-AB11-F250924EE668}.WinX64Release|Jam-Build.ActiveCfg = LinuxARMRelease|Win32
		{28EDFDDA-8046-4933-AB11-F250924EE668}.WinX64Release|Jam-Build.Build.0 = LinuxARMRelease|Win32
		{28EDFDDA-8046-4933-AB11-F250924EE668}.WinX64Release|x64.ActiveCfg = Release|x64
		{28EDFDDA-8046-4933-AB11-F250924EE668}.WinX64Release|x64.Build.0 = Release|x64
		{28EDFDDA-8046-4933-AB11-F250924EE668}.WinX64Release|x86.ActiveCfg = Release|Win32
		{28EDFDDA-8046-4933-AB11-F250924EE668}.WinX64Release|x86.Build.0 = Release|Win32
	EndGlobalSection
	GlobalSection(SolutionProperties) = preSolution
		HideSolutionNode = FALSE
	EndGlobalSection
	GlobalSection(NestedProjects) = preSolution
		{1C992998-5271-4033-A1AE-DB6D0133AF08} = {19990BBA-D629-4E61-AB93-AAB12EE9E186}
		{39CB251A-4079-4343-9BA8-73B20C20B606} = {19990BBA-D629-4E61-AB93-AAB12EE9E186}
		{F923A7E7-D71A-4AC9-B85E-72AFDD3669D2} = {C158E893-2731-4FBE-AF51-3927A05C2673}
		{691027E7-B24F-43BD-B461-99D12E071591} = {D7CE3DA9-C755-4437-889E-C499D57EF1E8}
		{1EE9A7D8-160A-4DDB-A57B-B94FE4C34416} = {0FA477A3-37BA-4755-8BCB-41A222D182B1}
		{724B6301-549A-45E3-A03C-85D0FFCA544F} = {0FA477A3-37BA-4755-8BCB-41A222D182B1}
		{7B3F7D04-D823-4A93-8583-C3E1311015F0} = {0FA477A3-37BA-4755-8BCB-41A222D182B1}
		{7258B289-F5FE-4BF7-BF57-F6D81BAD3D72} = {0FA477A3-37BA-4755-8BCB-41A222D182B1}
		{02060917-6470-4C8A-9FFA-BBC1397FDCA2} = {0FA477A3-37BA-4755-8BCB-41A222D182B1}
		{867A7B50-E8EA-445D-AD0E-3DD960EBF084} = {0FA477A3-37BA-4755-8BCB-41A222D182B1}
		{49C41D03-539F-4800-BE8C-4D624F616584} = {0FA477A3-37BA-4755-8BCB-41A222D182B1}
		{0FDB53FA-9B9B-44F0-B2D7-F7F0F61D5C34} = {D7CE3DA9-C755-4437-889E-C499D57EF1E8}
		{2013A895-8984-47A4-A2AE-FE3B9C61B925} = {C158E893-2731-4FBE-AF51-3927A05C2673}
		{9C99BD99-7FE6-4795-99BC-D0B06C2C1786} = {C158E893-2731-4FBE-AF51-3927A05C2673}
		{D4294897-1091-404C-834D-92954A98F00F} = {C158E893-2731-4FBE-AF51-3927A05C2673}
		{624760A0-4D06-4BC6-BFF7-9C43D67571D0} = {C158E893-2731-4FBE-AF51-3927A05C2673}
		{D7DCD83C-DB3A-4A73-A98B-FC161A9A71A4} = {C158E893-2731-4FBE-AF51-3927A05C2673}
		{BF9D867A-F708-44D1-9948-475CCA96E1AD} = {C158E893-2731-4FBE-AF51-3927A05C2673}
		{AAF6A019-8229-4734-B69B-39A67FA169F1} = {C158E893-2731-4FBE-AF51-3927A05C2673}
		{FDDB8A1A-B526-45BE-A18F-467F3757D483} = {C158E893-2731-4FBE-AF51-3927A05C2673}
		{9E171980-58FF-4E0F-A8C0-44484F06DC34} = {D7CE3DA9-C755-4437-889E-C499D57EF1E8}
		{ED826DBF-0EAB-4580-80A1-EF6F8DE6D4C7} = {D7CE3DA9-C755-4437-889E-C499D57EF1E8}
		{8827A6AB-104C-4352-B45C-8D87681C6189} = {D7CE3DA9-C755-4437-889E-C499D57EF1E8}
		{920F6278-35E5-4FDD-8071-00F3E166F103} = {D7CE3DA9-C755-4437-889E-C499D57EF1E8}
		{6F0AE6A7-60DB-43E6-8C05-67CAA0973D95} = {D7CE3DA9-C755-4437-889E-C499D57EF1E8}
		{77AD403D-B08A-4BFC-8A3F-7D822B131710} = {C158E893-2731-4FBE-AF51-3927A05C2673}
		{4FD74A79-430A-450E-A0C5-8957B7211DD9} = {D7CE3DA9-C755-4437-889E-C499D57EF1E8}
		{B5B96FFC-5070-485D-8B66-A72497928C36} = {D7CE3DA9-C755-4437-889E-C499D57EF1E8}
		{715C750C-7E53-4C2E-9AB1-6C196267E5A7} = {D7CE3DA9-C755-4437-889E-C499D57EF1E8}
		{05E176C5-DEC5-4553-BA99-EE99D24AC106} = {D7CE3DA9-C755-4437-889E-C499D57EF1E8}
		{8184700B-45E2-4F96-A838-1EF293AEA33D} = {D7CE3DA9-C755-4437-889E-C499D57EF1E8}
		{9811B778-2ACD-4174-A0AD-5F519399EB6A} = {D7CE3DA9-C755-4437-889E-C499D57EF1E8}
		{9E3FE236-D36D-4F72-A2F1-66C9FD23C5FA} = {D7CE3DA9-C755-4437-889E-C499D57EF1E8}
		{FBECA9B6-3380-4B10-9177-0164E8D8893F} = {D7CE3DA9-C755-4437-889E-C499D57EF1E8}
		{8B8D26DC-C4A4-433F-B574-0D492F49C02B} = {D7CE3DA9-C755-4437-889E-C499D57EF1E8}
		{1133A851-E88D-4C5C-8B9A-9965CBBAA224} = {C158E893-2731-4FBE-AF51-3927A05C2673}
		{24D88482-8F15-4B47-9260-6881184849D9} = {C158E893-2731-4FBE-AF51-3927A05C2673}
		{A3061617-6D56-4F16-B2A5-186803AA67A2} = {D7CE3DA9-C755-4437-889E-C499D57EF1E8}
		{A967D8F7-7910-44F0-80B2-2D9C19839557} = {C158E893-2731-4FBE-AF51-3927A05C2673}
		{28EDFDDA-8046-4933-AB11-F250924EE668} = {C158E893-2731-4FBE-AF51-3927A05C2673}
	EndGlobalSection
	GlobalSection(ExtensibilityGlobals) = postSolution
		SolutionGuid = {06B761EE-10B8-485E-986D-6175BE9E6D09}
	EndGlobalSection
EndGlobal
